
Microsoft Visual Studio Solution File, Format Version 11.00
# Visual Studio 2010
Project("{2150E333-8FDC-42A3-9474-1A3956D46DE8}") = "Core", "Core", "{A400832E-5CDD-4084-A57A-5D4076C3A21A}"
EndProject
Project("{FAE04EC0-301F-11D3-BF4B-00C04F79EFBC}") = "OsmSharp.Osm", "Core\OsmSharp.Osm\OsmSharp.Osm.csproj", "{249DCEC1-615D-40AA-93FF-BCE2178DFF83}"
EndProject
Project("{FAE04EC0-301F-11D3-BF4B-00C04F79EFBC}") = "OsmSharp.Routing", "Core\OsmSharp.Routing\OsmSharp.Routing.csproj", "{87A55F64-1162-4DF3-8B68-800E66D019EC}"
EndProject
Project("{FAE04EC0-301F-11D3-BF4B-00C04F79EFBC}") = "OsmSharp.UnitTests", "Core\OsmSharp.UnitTests\OsmSharp.UnitTests.csproj", "{73BE366F-133A-4C7B-8775-6FA3E7C8452F}"
EndProject
Project("{2150E333-8FDC-42A3-9474-1A3956D46DE8}") = "UI", "UI", "{C44F8A5E-5101-45E9-B7D4-CC9C62E3BC89}"
EndProject
Project("{FAE04EC0-301F-11D3-BF4B-00C04F79EFBC}") = "OsmSharp.UI", "UI\OsmSharp.UI\OsmSharp.UI.csproj", "{76BD9027-A67C-4D1B-8439-BE25E533C50D}"
EndProject
Project("{2150E333-8FDC-42A3-9474-1A3956D46DE8}") = "WinForms", "WinForms", "{EA121473-1062-4EC0-A027-982717892742}"
EndProject
Project("{FAE04EC0-301F-11D3-BF4B-00C04F79EFBC}") = "OsmSharp.WinForms.UI", "UI\WinForms\OsmSharp.WinForms.UI\OsmSharp.WinForms.UI.csproj", "{1433D177-B342-463C-8128-8399720A35AF}"
EndProject
Project("{FAE04EC0-301F-11D3-BF4B-00C04F79EFBC}") = "OsmSharp.UI.Unittests", "UI\OsmSharp.UI.Unittests\OsmSharp.UI.Unittests.csproj", "{0739A23C-1D40-477F-AE7C-38518B499567}"
EndProject
Project("{FAE04EC0-301F-11D3-BF4B-00C04F79EFBC}") = "OsmSharp.WinForms.UI.Sample", "UI\WinForms\OsmSharp.WinForms.UI.Sample\OsmSharp.WinForms.UI.Sample.csproj", "{44DF24BF-879E-41D5-84B2-88CD7F560CB6}"
EndProject
Project("{FAE04EC0-301F-11D3-BF4B-00C04F79EFBC}") = "OsmSharp", "Core\OsmSharp\OsmSharp.csproj", "{95C32F29-5537-4FB7-8C85-B754BC9903A9}"
EndProject
Global
	GlobalSection(SolutionConfigurationPlatforms) = preSolution
		Debug|Any CPU = Debug|Any CPU
		Debug|Mixed Platforms = Debug|Mixed Platforms
		Debug|x64 = Debug|x64
		Debug|x86 = Debug|x86
		Release|Any CPU = Release|Any CPU
		Release|Mixed Platforms = Release|Mixed Platforms
		Release|x64 = Release|x64
		Release|x86 = Release|x86
	EndGlobalSection
	GlobalSection(ProjectConfigurationPlatforms) = postSolution
		{249DCEC1-615D-40AA-93FF-BCE2178DFF83}.Debug|Any CPU.ActiveCfg = Debug|Any CPU
		{249DCEC1-615D-40AA-93FF-BCE2178DFF83}.Debug|Any CPU.Build.0 = Debug|Any CPU
		{249DCEC1-615D-40AA-93FF-BCE2178DFF83}.Debug|Mixed Platforms.ActiveCfg = Debug|x86
		{249DCEC1-615D-40AA-93FF-BCE2178DFF83}.Debug|Mixed Platforms.Build.0 = Debug|x86
		{249DCEC1-615D-40AA-93FF-BCE2178DFF83}.Debug|x64.ActiveCfg = Debug|x64
		{249DCEC1-615D-40AA-93FF-BCE2178DFF83}.Debug|x64.Build.0 = Debug|x64
		{249DCEC1-615D-40AA-93FF-BCE2178DFF83}.Debug|x86.ActiveCfg = Debug|x86
		{249DCEC1-615D-40AA-93FF-BCE2178DFF83}.Debug|x86.Build.0 = Debug|x86
		{249DCEC1-615D-40AA-93FF-BCE2178DFF83}.Release|Any CPU.ActiveCfg = Release x64|x86
		{249DCEC1-615D-40AA-93FF-BCE2178DFF83}.Release|Mixed Platforms.ActiveCfg = Release|Any CPU
		{249DCEC1-615D-40AA-93FF-BCE2178DFF83}.Release|Mixed Platforms.Build.0 = Release|Any CPU
		{249DCEC1-615D-40AA-93FF-BCE2178DFF83}.Release|x64.ActiveCfg = Release|x64
		{249DCEC1-615D-40AA-93FF-BCE2178DFF83}.Release|x64.Build.0 = Release|x64
		{249DCEC1-615D-40AA-93FF-BCE2178DFF83}.Release|x86.ActiveCfg = Release|x86
		{249DCEC1-615D-40AA-93FF-BCE2178DFF83}.Release|x86.Build.0 = Release|x86
		{87A55F64-1162-4DF3-8B68-800E66D019EC}.Debug|Any CPU.ActiveCfg = Debug|Any CPU
		{87A55F64-1162-4DF3-8B68-800E66D019EC}.Debug|Any CPU.Build.0 = Debug|Any CPU
		{87A55F64-1162-4DF3-8B68-800E66D019EC}.Debug|Mixed Platforms.ActiveCfg = Debug|x86
		{87A55F64-1162-4DF3-8B68-800E66D019EC}.Debug|Mixed Platforms.Build.0 = Debug|x86
		{87A55F64-1162-4DF3-8B68-800E66D019EC}.Debug|x64.ActiveCfg = Debug|x64
		{87A55F64-1162-4DF3-8B68-800E66D019EC}.Debug|x64.Build.0 = Debug|x64
		{87A55F64-1162-4DF3-8B68-800E66D019EC}.Debug|x86.ActiveCfg = Debug|x86
		{87A55F64-1162-4DF3-8B68-800E66D019EC}.Debug|x86.Build.0 = Debug|x86
		{87A55F64-1162-4DF3-8B68-800E66D019EC}.Release|Any CPU.ActiveCfg = Release|Any CPU
		{87A55F64-1162-4DF3-8B68-800E66D019EC}.Release|Mixed Platforms.ActiveCfg = Release|x86
		{87A55F64-1162-4DF3-8B68-800E66D019EC}.Release|Mixed Platforms.Build.0 = Release|x86
		{87A55F64-1162-4DF3-8B68-800E66D019EC}.Release|x64.ActiveCfg = Release|x64
		{87A55F64-1162-4DF3-8B68-800E66D019EC}.Release|x64.Build.0 = Release|x64
		{87A55F64-1162-4DF3-8B68-800E66D019EC}.Release|x86.ActiveCfg = Release|x86
		{87A55F64-1162-4DF3-8B68-800E66D019EC}.Release|x86.Build.0 = Release|x86
		{73BE366F-133A-4C7B-8775-6FA3E7C8452F}.Debug|Any CPU.ActiveCfg = Debug|Any CPU
		{73BE366F-133A-4C7B-8775-6FA3E7C8452F}.Debug|Any CPU.Build.0 = Debug|Any CPU
		{73BE366F-133A-4C7B-8775-6FA3E7C8452F}.Debug|Mixed Platforms.ActiveCfg = Debug|x86
		{73BE366F-133A-4C7B-8775-6FA3E7C8452F}.Debug|Mixed Platforms.Build.0 = Debug|x86
		{73BE366F-133A-4C7B-8775-6FA3E7C8452F}.Debug|x64.ActiveCfg = Debug|x64
		{73BE366F-133A-4C7B-8775-6FA3E7C8452F}.Debug|x64.Build.0 = Debug|x64
		{73BE366F-133A-4C7B-8775-6FA3E7C8452F}.Debug|x86.ActiveCfg = Debug|x86
		{73BE366F-133A-4C7B-8775-6FA3E7C8452F}.Debug|x86.Build.0 = Debug|x86
		{73BE366F-133A-4C7B-8775-6FA3E7C8452F}.Release|Any CPU.ActiveCfg = Release|Any CPU
		{73BE366F-133A-4C7B-8775-6FA3E7C8452F}.Release|Any CPU.Build.0 = Release|Any CPU
		{73BE366F-133A-4C7B-8775-6FA3E7C8452F}.Release|Mixed Platforms.ActiveCfg = Release|x86
		{73BE366F-133A-4C7B-8775-6FA3E7C8452F}.Release|Mixed Platforms.Build.0 = Release|x86
		{73BE366F-133A-4C7B-8775-6FA3E7C8452F}.Release|x64.ActiveCfg = Release|x64
		{73BE366F-133A-4C7B-8775-6FA3E7C8452F}.Release|x64.Build.0 = Release|x64
		{73BE366F-133A-4C7B-8775-6FA3E7C8452F}.Release|x86.ActiveCfg = Release|x86
		{73BE366F-133A-4C7B-8775-6FA3E7C8452F}.Release|x86.Build.0 = Release|x86
		{76BD9027-A67C-4D1B-8439-BE25E533C50D}.Debug|Any CPU.ActiveCfg = Debug|Any CPU
		{76BD9027-A67C-4D1B-8439-BE25E533C50D}.Debug|Any CPU.Build.0 = Debug|Any CPU
		{76BD9027-A67C-4D1B-8439-BE25E533C50D}.Debug|Mixed Platforms.ActiveCfg = Debug|x86
		{76BD9027-A67C-4D1B-8439-BE25E533C50D}.Debug|Mixed Platforms.Build.0 = Debug|x86
		{76BD9027-A67C-4D1B-8439-BE25E533C50D}.Debug|x64.ActiveCfg = Debug|x64
		{76BD9027-A67C-4D1B-8439-BE25E533C50D}.Debug|x64.Build.0 = Debug|x64
		{76BD9027-A67C-4D1B-8439-BE25E533C50D}.Debug|x86.ActiveCfg = Debug|x86
		{76BD9027-A67C-4D1B-8439-BE25E533C50D}.Debug|x86.Build.0 = Debug|x86
		{76BD9027-A67C-4D1B-8439-BE25E533C50D}.Release|Any CPU.ActiveCfg = Release|Any CPU
		{76BD9027-A67C-4D1B-8439-BE25E533C50D}.Release|Mixed Platforms.ActiveCfg = Release|x86
		{76BD9027-A67C-4D1B-8439-BE25E533C50D}.Release|Mixed Platforms.Build.0 = Release|x86
		{76BD9027-A67C-4D1B-8439-BE25E533C50D}.Release|x64.ActiveCfg = Release|x64
		{76BD9027-A67C-4D1B-8439-BE25E533C50D}.Release|x64.Build.0 = Release|x64
		{76BD9027-A67C-4D1B-8439-BE25E533C50D}.Release|x86.ActiveCfg = Release|x86
		{76BD9027-A67C-4D1B-8439-BE25E533C50D}.Release|x86.Build.0 = Release|x86
		{1433D177-B342-463C-8128-8399720A35AF}.Debug|Any CPU.ActiveCfg = Debug|Any CPU
		{1433D177-B342-463C-8128-8399720A35AF}.Debug|Any CPU.Build.0 = Debug|Any CPU
		{1433D177-B342-463C-8128-8399720A35AF}.Debug|Mixed Platforms.ActiveCfg = Debug|x86
		{1433D177-B342-463C-8128-8399720A35AF}.Debug|Mixed Platforms.Build.0 = Debug|x86
		{1433D177-B342-463C-8128-8399720A35AF}.Debug|x64.ActiveCfg = Debug|x64
		{1433D177-B342-463C-8128-8399720A35AF}.Debug|x64.Build.0 = Debug|x64
		{1433D177-B342-463C-8128-8399720A35AF}.Debug|x86.ActiveCfg = Debug|x86
		{1433D177-B342-463C-8128-8399720A35AF}.Debug|x86.Build.0 = Debug|x86
		{1433D177-B342-463C-8128-8399720A35AF}.Release|Any CPU.ActiveCfg = Release|Any CPU
		{1433D177-B342-463C-8128-8399720A35AF}.Release|Mixed Platforms.ActiveCfg = Release|Any CPU
		{1433D177-B342-463C-8128-8399720A35AF}.Release|Mixed Platforms.Build.0 = Release|Any CPU
		{1433D177-B342-463C-8128-8399720A35AF}.Release|x64.ActiveCfg = Release|Any CPU
		{1433D177-B342-463C-8128-8399720A35AF}.Release|x64.Build.0 = Release|Any CPU
		{1433D177-B342-463C-8128-8399720A35AF}.Release|x86.ActiveCfg = Release|Any CPU
		{1433D177-B342-463C-8128-8399720A35AF}.Release|x86.Build.0 = Release|Any CPU
		{0739A23C-1D40-477F-AE7C-38518B499567}.Debug|Any CPU.ActiveCfg = Debug|Any CPU
		{0739A23C-1D40-477F-AE7C-38518B499567}.Debug|Any CPU.Build.0 = Debug|Any CPU
		{0739A23C-1D40-477F-AE7C-38518B499567}.Debug|Mixed Platforms.ActiveCfg = Debug|x86
		{0739A23C-1D40-477F-AE7C-38518B499567}.Debug|Mixed Platforms.Build.0 = Debug|x86
		{0739A23C-1D40-477F-AE7C-38518B499567}.Debug|x64.ActiveCfg = Debug|x64
		{0739A23C-1D40-477F-AE7C-38518B499567}.Debug|x64.Build.0 = Debug|x64
		{0739A23C-1D40-477F-AE7C-38518B499567}.Debug|x86.ActiveCfg = Debug|x86
		{0739A23C-1D40-477F-AE7C-38518B499567}.Debug|x86.Build.0 = Debug|x86
		{0739A23C-1D40-477F-AE7C-38518B499567}.Release|Any CPU.ActiveCfg = Release|Any CPU
		{0739A23C-1D40-477F-AE7C-38518B499567}.Release|Mixed Platforms.ActiveCfg = Release|x86
		{0739A23C-1D40-477F-AE7C-38518B499567}.Release|Mixed Platforms.Build.0 = Release|x86
		{0739A23C-1D40-477F-AE7C-38518B499567}.Release|x64.ActiveCfg = Release|x64
		{0739A23C-1D40-477F-AE7C-38518B499567}.Release|x64.Build.0 = Release|x64
		{0739A23C-1D40-477F-AE7C-38518B499567}.Release|x86.ActiveCfg = Release|x86
		{0739A23C-1D40-477F-AE7C-38518B499567}.Release|x86.Build.0 = Release|x86
		{44DF24BF-879E-41D5-84B2-88CD7F560CB6}.Debug|Any CPU.ActiveCfg = Debug|x86
		{44DF24BF-879E-41D5-84B2-88CD7F560CB6}.Debug|Any CPU.Build.0 = Debug|x86
		{44DF24BF-879E-41D5-84B2-88CD7F560CB6}.Debug|Mixed Platforms.ActiveCfg = Debug|x86
		{44DF24BF-879E-41D5-84B2-88CD7F560CB6}.Debug|Mixed Platforms.Build.0 = Debug|x86
		{44DF24BF-879E-41D5-84B2-88CD7F560CB6}.Debug|x64.ActiveCfg = Debug|x64
		{44DF24BF-879E-41D5-84B2-88CD7F560CB6}.Debug|x64.Build.0 = Debug|x64
		{44DF24BF-879E-41D5-84B2-88CD7F560CB6}.Debug|x86.ActiveCfg = Debug|x86
		{44DF24BF-879E-41D5-84B2-88CD7F560CB6}.Debug|x86.Build.0 = Debug|x86
		{44DF24BF-879E-41D5-84B2-88CD7F560CB6}.Release|Any CPU.ActiveCfg = Release|x86
		{44DF24BF-879E-41D5-84B2-88CD7F560CB6}.Release|Mixed Platforms.ActiveCfg = Release|x86
		{44DF24BF-879E-41D5-84B2-88CD7F560CB6}.Release|Mixed Platforms.Build.0 = Release|x86
		{44DF24BF-879E-41D5-84B2-88CD7F560CB6}.Release|x64.ActiveCfg = Release|x86
		{44DF24BF-879E-41D5-84B2-88CD7F560CB6}.Release|x86.ActiveCfg = Release|x86
		{44DF24BF-879E-41D5-84B2-88CD7F560CB6}.Release|x86.Build.0 = Release|x86
		{95C32F29-5537-4FB7-8C85-B754BC9903A9}.Debug|Any CPU.ActiveCfg = Debug|Any CPU
		{95C32F29-5537-4FB7-8C85-B754BC9903A9}.Debug|Any CPU.Build.0 = Debug|Any CPU
		{95C32F29-5537-4FB7-8C85-B754BC9903A9}.Debug|Mixed Platforms.ActiveCfg = Debug|x86
		{95C32F29-5537-4FB7-8C85-B754BC9903A9}.Debug|Mixed Platforms.Build.0 = Debug|x86
		{95C32F29-5537-4FB7-8C85-B754BC9903A9}.Debug|x64.ActiveCfg = Debug|x64
		{95C32F29-5537-4FB7-8C85-B754BC9903A9}.Debug|x64.Build.0 = Debug|x64
		{95C32F29-5537-4FB7-8C85-B754BC9903A9}.Debug|x86.ActiveCfg = Debug|x86
		{95C32F29-5537-4FB7-8C85-B754BC9903A9}.Debug|x86.Build.0 = Debug|x86
		{95C32F29-5537-4FB7-8C85-B754BC9903A9}.Release|Any CPU.ActiveCfg = Release|Any CPU
		{95C32F29-5537-4FB7-8C85-B754BC9903A9}.Release|Any CPU.Build.0 = Release|Any CPU
		{95C32F29-5537-4FB7-8C85-B754BC9903A9}.Release|Mixed Platforms.ActiveCfg = Release|x64
		{95C32F29-5537-4FB7-8C85-B754BC9903A9}.Release|Mixed Platforms.Build.0 = Release|x64
		{95C32F29-5537-4FB7-8C85-B754BC9903A9}.Release|x64.ActiveCfg = Release|x64
		{95C32F29-5537-4FB7-8C85-B754BC9903A9}.Release|x64.Build.0 = Release|x64
		{95C32F29-5537-4FB7-8C85-B754BC9903A9}.Release|x86.ActiveCfg = Release|x86
		{95C32F29-5537-4FB7-8C85-B754BC9903A9}.Release|x86.Build.0 = Release|x86
	EndGlobalSection
	GlobalSection(SolutionProperties) = preSolution
		HideSolutionNode = FALSE
	EndGlobalSection
	GlobalSection(NestedProjects) = preSolution
		{249DCEC1-615D-40AA-93FF-BCE2178DFF83} = {A400832E-5CDD-4084-A57A-5D4076C3A21A}
		{87A55F64-1162-4DF3-8B68-800E66D019EC} = {A400832E-5CDD-4084-A57A-5D4076C3A21A}
		{73BE366F-133A-4C7B-8775-6FA3E7C8452F} = {A400832E-5CDD-4084-A57A-5D4076C3A21A}
		{95C32F29-5537-4FB7-8C85-B754BC9903A9} = {A400832E-5CDD-4084-A57A-5D4076C3A21A}
		{76BD9027-A67C-4D1B-8439-BE25E533C50D} = {C44F8A5E-5101-45E9-B7D4-CC9C62E3BC89}
		{EA121473-1062-4EC0-A027-982717892742} = {C44F8A5E-5101-45E9-B7D4-CC9C62E3BC89}
		{0739A23C-1D40-477F-AE7C-38518B499567} = {C44F8A5E-5101-45E9-B7D4-CC9C62E3BC89}
		{1433D177-B342-463C-8128-8399720A35AF} = {EA121473-1062-4EC0-A027-982717892742}
		{44DF24BF-879E-41D5-84B2-88CD7F560CB6} = {EA121473-1062-4EC0-A027-982717892742}
	EndGlobalSection
	GlobalSection(MonoDevelopProperties) = preSolution
		StartupItem = Core\OsmSharp.Osm\OsmSharp.Osm.csproj
	EndGlobalSection
EndGlobal
