
Microsoft Visual Studio Solution File, Format Version 12.00
# Visual Studio 2013
VisualStudioVersion = 12.0.30723.0
MinimumVisualStudioVersion = 10.0.40219.1
Project("{2150E333-8FDC-42A3-9474-1A3956D46DE8}") = "Core", "Core", "{38D6C99B-2556-4784-B386-4AEDEB54318F}"
EndProject
Project("{FAE04EC0-301F-11D3-BF4B-00C04F79EFBC}") = "OsmSharp", "OsmSharp\OsmSharp.csproj", "{077997FD-A61D-4DC0-B4B0-7429BF9824E8}"
EndProject
Project("{FAE04EC0-301F-11D3-BF4B-00C04F79EFBC}") = "OsmSharp.Osm", "OsmSharp.Osm\OsmSharp.Osm.csproj", "{E20DC51A-431E-49F7-8018-53FE0DE80386}"
EndProject
Project("{FAE04EC0-301F-11D3-BF4B-00C04F79EFBC}") = "OsmSharp.Routing", "OsmSharp.Routing\OsmSharp.Routing.csproj", "{2F4D2B40-D557-4640-96E1-693D598012A6}"
EndProject
Project("{2150E333-8FDC-42A3-9474-1A3956D46DE8}") = "UI", "UI", "{F6EB922F-A0E9-4F8E-8D3E-6C168C17A8EC}"
EndProject
Project("{2150E333-8FDC-42A3-9474-1A3956D46DE8}") = "iOS", "iOS", "{4D216ACB-82B7-491D-B35B-D157B7EC06A3}"
EndProject
Project("{FAE04EC0-301F-11D3-BF4B-00C04F79EFBC}") = "OsmSharp.iOS.UI", "OsmSharp.iOS.UI\OsmSharp.iOS.UI.csproj", "{2308AF80-AF15-4CBE-8222-E499DF12DCC4}"
EndProject
Project("{FAE04EC0-301F-11D3-BF4B-00C04F79EFBC}") = "OsmSharp.iOS.UI.Sample", "OsmSharp.iOS.UI.Sample\OsmSharp.iOS.UI.Sample.csproj", "{CE41D202-1FE4-4169-9A35-7319491FBC7B}"
EndProject
Project("{FAE04EC0-301F-11D3-BF4B-00C04F79EFBC}") = "OsmSharp.UI", "OsmSharp.UI\OsmSharp.UI.csproj", "{1524C255-2EE5-4C0C-A64C-56CE39A062E3}"
EndProject
Project("{2150E333-8FDC-42A3-9474-1A3956D46DE8}") = "Test", "Test", "{362CC29D-6522-402B-87DF-393FDB870BB8}"
EndProject
Project("{FAE04EC0-301F-11D3-BF4B-00C04F79EFBC}") = "OsmSharp.iOS.Test.Performance", "OsmSharp.iOS.Test.Performance\OsmSharp.iOS.Test.Performance.csproj", "{CE762DC7-4C2D-4884-8B38-334D4B10825F}"
EndProject
Project("{FAE04EC0-301F-11D3-BF4B-00C04F79EFBC}") = "OsmSharp.Test.Performance.iOS", "OsmSharp.Test.Performance\OsmSharp.Test.Performance.iOS.csproj", "{5627E042-8851-48AC-8399-8FE48B69D5FD}"
EndProject
Project("{FAE04EC0-301F-11D3-BF4B-00C04F79EFBC}") = "OsmSharp.iOS.UI.Classic", "OsmSharp.iOS.UI\OsmSharp.iOS.UI.Classic.csproj", "{FC72E8BF-3DAF-4265-A693-E988F923C7DC}"
EndProject
Project("{FAE04EC0-301F-11D3-BF4B-00C04F79EFBC}") = "OsmSharp.iOS.UI.Sample.Classic", "OsmSharp.iOS.UI.Sample\OsmSharp.iOS.UI.Sample.Classic.csproj", "{7064C4B0-99EC-49F8-A286-8D9D763B69BC}"
EndProject
Project("{FAE04EC0-301F-11D3-BF4B-00C04F79EFBC}") = "OsmSharp.iOS.Test.Performance.Classic", "OsmSharp.iOS.Test.Performance\OsmSharp.iOS.Test.Performance.Classic.csproj", "{58F740B3-9083-48A9-BF56-1FC4D8483ED6}"
EndProject
Project("{FAE04EC0-301F-11D3-BF4B-00C04F79EFBC}") = "OsmSharp.Test.Performance.iOS.Classic", "OsmSharp.Test.Performance\OsmSharp.Test.Performance.iOS.Classic.csproj", "{DC365789-5C34-4406-A250-9D3F826FB976}"
EndProject
Global
	GlobalSection(SolutionConfigurationPlatforms) = preSolution
		Ad-Hoc|Any CPU = Ad-Hoc|Any CPU
		Ad-Hoc|iPhone = Ad-Hoc|iPhone
		Ad-Hoc|iPhoneSimulator = Ad-Hoc|iPhoneSimulator
		Ad-Hoc|Mixed Platforms = Ad-Hoc|Mixed Platforms
		AppStore|Any CPU = AppStore|Any CPU
		AppStore|iPhone = AppStore|iPhone
		AppStore|iPhoneSimulator = AppStore|iPhoneSimulator
		AppStore|Mixed Platforms = AppStore|Mixed Platforms
		Debug|Any CPU = Debug|Any CPU
		Debug|iPhone = Debug|iPhone
		Debug|iPhoneSimulator = Debug|iPhoneSimulator
		Debug|Mixed Platforms = Debug|Mixed Platforms
		Release|Any CPU = Release|Any CPU
		Release|iPhone = Release|iPhone
		Release|iPhoneSimulator = Release|iPhoneSimulator
		Release|Mixed Platforms = Release|Mixed Platforms
	EndGlobalSection
	GlobalSection(ProjectConfigurationPlatforms) = postSolution
		{077997FD-A61D-4DC0-B4B0-7429BF9824E8}.Ad-Hoc|Any CPU.ActiveCfg = Release|Any CPU
		{077997FD-A61D-4DC0-B4B0-7429BF9824E8}.Ad-Hoc|Any CPU.Build.0 = Release|Any CPU
		{077997FD-A61D-4DC0-B4B0-7429BF9824E8}.Ad-Hoc|iPhone.ActiveCfg = Release|Any CPU
		{077997FD-A61D-4DC0-B4B0-7429BF9824E8}.Ad-Hoc|iPhone.Build.0 = Release|Any CPU
		{077997FD-A61D-4DC0-B4B0-7429BF9824E8}.Ad-Hoc|iPhoneSimulator.ActiveCfg = Release|Any CPU
		{077997FD-A61D-4DC0-B4B0-7429BF9824E8}.Ad-Hoc|iPhoneSimulator.Build.0 = Release|Any CPU
		{077997FD-A61D-4DC0-B4B0-7429BF9824E8}.Ad-Hoc|Mixed Platforms.ActiveCfg = Release|Any CPU
		{077997FD-A61D-4DC0-B4B0-7429BF9824E8}.Ad-Hoc|Mixed Platforms.Build.0 = Release|Any CPU
		{077997FD-A61D-4DC0-B4B0-7429BF9824E8}.AppStore|Any CPU.ActiveCfg = Release|Any CPU
		{077997FD-A61D-4DC0-B4B0-7429BF9824E8}.AppStore|Any CPU.Build.0 = Release|Any CPU
		{077997FD-A61D-4DC0-B4B0-7429BF9824E8}.AppStore|iPhone.ActiveCfg = Release|Any CPU
		{077997FD-A61D-4DC0-B4B0-7429BF9824E8}.AppStore|iPhone.Build.0 = Release|Any CPU
		{077997FD-A61D-4DC0-B4B0-7429BF9824E8}.AppStore|iPhoneSimulator.ActiveCfg = Release|Any CPU
		{077997FD-A61D-4DC0-B4B0-7429BF9824E8}.AppStore|iPhoneSimulator.Build.0 = Release|Any CPU
		{077997FD-A61D-4DC0-B4B0-7429BF9824E8}.AppStore|Mixed Platforms.ActiveCfg = Release|Any CPU
		{077997FD-A61D-4DC0-B4B0-7429BF9824E8}.AppStore|Mixed Platforms.Build.0 = Release|Any CPU
		{077997FD-A61D-4DC0-B4B0-7429BF9824E8}.Debug|Any CPU.ActiveCfg = Debug|Any CPU
		{077997FD-A61D-4DC0-B4B0-7429BF9824E8}.Debug|Any CPU.Build.0 = Debug|Any CPU
		{077997FD-A61D-4DC0-B4B0-7429BF9824E8}.Debug|iPhone.ActiveCfg = Debug|Any CPU
		{077997FD-A61D-4DC0-B4B0-7429BF9824E8}.Debug|iPhone.Build.0 = Debug|Any CPU
		{077997FD-A61D-4DC0-B4B0-7429BF9824E8}.Debug|iPhoneSimulator.ActiveCfg = Debug|Any CPU
		{077997FD-A61D-4DC0-B4B0-7429BF9824E8}.Debug|iPhoneSimulator.Build.0 = Debug|Any CPU
		{077997FD-A61D-4DC0-B4B0-7429BF9824E8}.Debug|Mixed Platforms.ActiveCfg = Debug|Any CPU
		{077997FD-A61D-4DC0-B4B0-7429BF9824E8}.Debug|Mixed Platforms.Build.0 = Debug|Any CPU
		{077997FD-A61D-4DC0-B4B0-7429BF9824E8}.Release|Any CPU.ActiveCfg = Release|Any CPU
		{077997FD-A61D-4DC0-B4B0-7429BF9824E8}.Release|Any CPU.Build.0 = Release|Any CPU
		{077997FD-A61D-4DC0-B4B0-7429BF9824E8}.Release|iPhone.ActiveCfg = Release|Any CPU
		{077997FD-A61D-4DC0-B4B0-7429BF9824E8}.Release|iPhone.Build.0 = Release|Any CPU
		{077997FD-A61D-4DC0-B4B0-7429BF9824E8}.Release|iPhoneSimulator.ActiveCfg = Release|Any CPU
		{077997FD-A61D-4DC0-B4B0-7429BF9824E8}.Release|iPhoneSimulator.Build.0 = Release|Any CPU
		{077997FD-A61D-4DC0-B4B0-7429BF9824E8}.Release|Mixed Platforms.ActiveCfg = Release|Any CPU
		{077997FD-A61D-4DC0-B4B0-7429BF9824E8}.Release|Mixed Platforms.Build.0 = Release|Any CPU
		{E20DC51A-431E-49F7-8018-53FE0DE80386}.Ad-Hoc|Any CPU.ActiveCfg = Release|Any CPU
		{E20DC51A-431E-49F7-8018-53FE0DE80386}.Ad-Hoc|Any CPU.Build.0 = Release|Any CPU
		{E20DC51A-431E-49F7-8018-53FE0DE80386}.Ad-Hoc|iPhone.ActiveCfg = Release|Any CPU
		{E20DC51A-431E-49F7-8018-53FE0DE80386}.Ad-Hoc|iPhone.Build.0 = Release|Any CPU
		{E20DC51A-431E-49F7-8018-53FE0DE80386}.Ad-Hoc|iPhoneSimulator.ActiveCfg = Release|Any CPU
		{E20DC51A-431E-49F7-8018-53FE0DE80386}.Ad-Hoc|iPhoneSimulator.Build.0 = Release|Any CPU
		{E20DC51A-431E-49F7-8018-53FE0DE80386}.Ad-Hoc|Mixed Platforms.ActiveCfg = Release|Any CPU
		{E20DC51A-431E-49F7-8018-53FE0DE80386}.Ad-Hoc|Mixed Platforms.Build.0 = Release|Any CPU
		{E20DC51A-431E-49F7-8018-53FE0DE80386}.AppStore|Any CPU.ActiveCfg = Release|Any CPU
		{E20DC51A-431E-49F7-8018-53FE0DE80386}.AppStore|Any CPU.Build.0 = Release|Any CPU
		{E20DC51A-431E-49F7-8018-53FE0DE80386}.AppStore|iPhone.ActiveCfg = Release|Any CPU
		{E20DC51A-431E-49F7-8018-53FE0DE80386}.AppStore|iPhone.Build.0 = Release|Any CPU
		{E20DC51A-431E-49F7-8018-53FE0DE80386}.AppStore|iPhoneSimulator.ActiveCfg = Release|Any CPU
		{E20DC51A-431E-49F7-8018-53FE0DE80386}.AppStore|iPhoneSimulator.Build.0 = Release|Any CPU
		{E20DC51A-431E-49F7-8018-53FE0DE80386}.AppStore|Mixed Platforms.ActiveCfg = Release|Any CPU
		{E20DC51A-431E-49F7-8018-53FE0DE80386}.AppStore|Mixed Platforms.Build.0 = Release|Any CPU
		{E20DC51A-431E-49F7-8018-53FE0DE80386}.Debug|Any CPU.ActiveCfg = Debug|Any CPU
		{E20DC51A-431E-49F7-8018-53FE0DE80386}.Debug|Any CPU.Build.0 = Debug|Any CPU
		{E20DC51A-431E-49F7-8018-53FE0DE80386}.Debug|iPhone.ActiveCfg = Debug|Any CPU
		{E20DC51A-431E-49F7-8018-53FE0DE80386}.Debug|iPhone.Build.0 = Debug|Any CPU
		{E20DC51A-431E-49F7-8018-53FE0DE80386}.Debug|iPhoneSimulator.ActiveCfg = Debug|Any CPU
		{E20DC51A-431E-49F7-8018-53FE0DE80386}.Debug|iPhoneSimulator.Build.0 = Debug|Any CPU
		{E20DC51A-431E-49F7-8018-53FE0DE80386}.Debug|Mixed Platforms.ActiveCfg = Debug|Any CPU
		{E20DC51A-431E-49F7-8018-53FE0DE80386}.Debug|Mixed Platforms.Build.0 = Debug|Any CPU
		{E20DC51A-431E-49F7-8018-53FE0DE80386}.Release|Any CPU.ActiveCfg = Release|Any CPU
		{E20DC51A-431E-49F7-8018-53FE0DE80386}.Release|Any CPU.Build.0 = Release|Any CPU
		{E20DC51A-431E-49F7-8018-53FE0DE80386}.Release|iPhone.ActiveCfg = Release|Any CPU
		{E20DC51A-431E-49F7-8018-53FE0DE80386}.Release|iPhone.Build.0 = Release|Any CPU
		{E20DC51A-431E-49F7-8018-53FE0DE80386}.Release|iPhoneSimulator.ActiveCfg = Release|Any CPU
		{E20DC51A-431E-49F7-8018-53FE0DE80386}.Release|iPhoneSimulator.Build.0 = Release|Any CPU
		{E20DC51A-431E-49F7-8018-53FE0DE80386}.Release|Mixed Platforms.ActiveCfg = Release|Any CPU
		{E20DC51A-431E-49F7-8018-53FE0DE80386}.Release|Mixed Platforms.Build.0 = Release|Any CPU
		{2F4D2B40-D557-4640-96E1-693D598012A6}.Ad-Hoc|Any CPU.ActiveCfg = Release|Any CPU
		{2F4D2B40-D557-4640-96E1-693D598012A6}.Ad-Hoc|Any CPU.Build.0 = Release|Any CPU
		{2F4D2B40-D557-4640-96E1-693D598012A6}.Ad-Hoc|iPhone.ActiveCfg = Release|Any CPU
		{2F4D2B40-D557-4640-96E1-693D598012A6}.Ad-Hoc|iPhone.Build.0 = Release|Any CPU
		{2F4D2B40-D557-4640-96E1-693D598012A6}.Ad-Hoc|iPhoneSimulator.ActiveCfg = Release|Any CPU
		{2F4D2B40-D557-4640-96E1-693D598012A6}.Ad-Hoc|iPhoneSimulator.Build.0 = Release|Any CPU
		{2F4D2B40-D557-4640-96E1-693D598012A6}.Ad-Hoc|Mixed Platforms.ActiveCfg = Release|Any CPU
		{2F4D2B40-D557-4640-96E1-693D598012A6}.Ad-Hoc|Mixed Platforms.Build.0 = Release|Any CPU
		{2F4D2B40-D557-4640-96E1-693D598012A6}.AppStore|Any CPU.ActiveCfg = Release|Any CPU
		{2F4D2B40-D557-4640-96E1-693D598012A6}.AppStore|Any CPU.Build.0 = Release|Any CPU
		{2F4D2B40-D557-4640-96E1-693D598012A6}.AppStore|iPhone.ActiveCfg = Release|Any CPU
		{2F4D2B40-D557-4640-96E1-693D598012A6}.AppStore|iPhone.Build.0 = Release|Any CPU
		{2F4D2B40-D557-4640-96E1-693D598012A6}.AppStore|iPhoneSimulator.ActiveCfg = Release|Any CPU
		{2F4D2B40-D557-4640-96E1-693D598012A6}.AppStore|iPhoneSimulator.Build.0 = Release|Any CPU
		{2F4D2B40-D557-4640-96E1-693D598012A6}.AppStore|Mixed Platforms.ActiveCfg = Release|Any CPU
		{2F4D2B40-D557-4640-96E1-693D598012A6}.AppStore|Mixed Platforms.Build.0 = Release|Any CPU
		{2F4D2B40-D557-4640-96E1-693D598012A6}.Debug|Any CPU.ActiveCfg = Debug|Any CPU
		{2F4D2B40-D557-4640-96E1-693D598012A6}.Debug|Any CPU.Build.0 = Debug|Any CPU
		{2F4D2B40-D557-4640-96E1-693D598012A6}.Debug|iPhone.ActiveCfg = Debug|Any CPU
		{2F4D2B40-D557-4640-96E1-693D598012A6}.Debug|iPhone.Build.0 = Debug|Any CPU
		{2F4D2B40-D557-4640-96E1-693D598012A6}.Debug|iPhoneSimulator.ActiveCfg = Debug|Any CPU
		{2F4D2B40-D557-4640-96E1-693D598012A6}.Debug|iPhoneSimulator.Build.0 = Debug|Any CPU
		{2F4D2B40-D557-4640-96E1-693D598012A6}.Debug|Mixed Platforms.ActiveCfg = Debug|Any CPU
		{2F4D2B40-D557-4640-96E1-693D598012A6}.Debug|Mixed Platforms.Build.0 = Debug|Any CPU
		{2F4D2B40-D557-4640-96E1-693D598012A6}.Release|Any CPU.ActiveCfg = Release|Any CPU
		{2F4D2B40-D557-4640-96E1-693D598012A6}.Release|Any CPU.Build.0 = Release|Any CPU
		{2F4D2B40-D557-4640-96E1-693D598012A6}.Release|iPhone.ActiveCfg = Release|Any CPU
		{2F4D2B40-D557-4640-96E1-693D598012A6}.Release|iPhone.Build.0 = Release|Any CPU
		{2F4D2B40-D557-4640-96E1-693D598012A6}.Release|iPhoneSimulator.ActiveCfg = Release|Any CPU
		{2F4D2B40-D557-4640-96E1-693D598012A6}.Release|iPhoneSimulator.Build.0 = Release|Any CPU
		{2F4D2B40-D557-4640-96E1-693D598012A6}.Release|Mixed Platforms.ActiveCfg = Release|Any CPU
		{2F4D2B40-D557-4640-96E1-693D598012A6}.Release|Mixed Platforms.Build.0 = Release|Any CPU
		{2308AF80-AF15-4CBE-8222-E499DF12DCC4}.Ad-Hoc|Any CPU.ActiveCfg = Release|Any CPU
		{2308AF80-AF15-4CBE-8222-E499DF12DCC4}.Ad-Hoc|Any CPU.Build.0 = Release|Any CPU
		{2308AF80-AF15-4CBE-8222-E499DF12DCC4}.Ad-Hoc|iPhone.ActiveCfg = Release|Any CPU
		{2308AF80-AF15-4CBE-8222-E499DF12DCC4}.Ad-Hoc|iPhone.Build.0 = Release|Any CPU
		{2308AF80-AF15-4CBE-8222-E499DF12DCC4}.Ad-Hoc|iPhoneSimulator.ActiveCfg = Debug|Any CPU
		{2308AF80-AF15-4CBE-8222-E499DF12DCC4}.Ad-Hoc|iPhoneSimulator.Build.0 = Debug|Any CPU
		{2308AF80-AF15-4CBE-8222-E499DF12DCC4}.Ad-Hoc|Mixed Platforms.ActiveCfg = Release|Any CPU
		{2308AF80-AF15-4CBE-8222-E499DF12DCC4}.Ad-Hoc|Mixed Platforms.Build.0 = Release|Any CPU
		{2308AF80-AF15-4CBE-8222-E499DF12DCC4}.AppStore|Any CPU.ActiveCfg = Release|Any CPU
		{2308AF80-AF15-4CBE-8222-E499DF12DCC4}.AppStore|Any CPU.Build.0 = Release|Any CPU
		{2308AF80-AF15-4CBE-8222-E499DF12DCC4}.AppStore|iPhone.ActiveCfg = Release|Any CPU
		{2308AF80-AF15-4CBE-8222-E499DF12DCC4}.AppStore|iPhone.Build.0 = Release|Any CPU
		{2308AF80-AF15-4CBE-8222-E499DF12DCC4}.AppStore|iPhoneSimulator.ActiveCfg = Debug|Any CPU
		{2308AF80-AF15-4CBE-8222-E499DF12DCC4}.AppStore|iPhoneSimulator.Build.0 = Debug|Any CPU
		{2308AF80-AF15-4CBE-8222-E499DF12DCC4}.AppStore|Mixed Platforms.ActiveCfg = Release|Any CPU
		{2308AF80-AF15-4CBE-8222-E499DF12DCC4}.AppStore|Mixed Platforms.Build.0 = Release|Any CPU
		{2308AF80-AF15-4CBE-8222-E499DF12DCC4}.Debug|Any CPU.ActiveCfg = Debug|Any CPU
		{2308AF80-AF15-4CBE-8222-E499DF12DCC4}.Debug|Any CPU.Build.0 = Debug|Any CPU
		{2308AF80-AF15-4CBE-8222-E499DF12DCC4}.Debug|iPhone.ActiveCfg = Debug|Any CPU
		{2308AF80-AF15-4CBE-8222-E499DF12DCC4}.Debug|iPhone.Build.0 = Debug|Any CPU
		{2308AF80-AF15-4CBE-8222-E499DF12DCC4}.Debug|iPhoneSimulator.ActiveCfg = Debug|Any CPU
		{2308AF80-AF15-4CBE-8222-E499DF12DCC4}.Debug|iPhoneSimulator.Build.0 = Debug|Any CPU
		{2308AF80-AF15-4CBE-8222-E499DF12DCC4}.Debug|Mixed Platforms.ActiveCfg = Debug|Any CPU
		{2308AF80-AF15-4CBE-8222-E499DF12DCC4}.Debug|Mixed Platforms.Build.0 = Debug|Any CPU
		{2308AF80-AF15-4CBE-8222-E499DF12DCC4}.Release|Any CPU.ActiveCfg = Release|Any CPU
		{2308AF80-AF15-4CBE-8222-E499DF12DCC4}.Release|Any CPU.Build.0 = Release|Any CPU
		{2308AF80-AF15-4CBE-8222-E499DF12DCC4}.Release|iPhone.ActiveCfg = Release|Any CPU
		{2308AF80-AF15-4CBE-8222-E499DF12DCC4}.Release|iPhone.Build.0 = Release|Any CPU
		{2308AF80-AF15-4CBE-8222-E499DF12DCC4}.Release|iPhoneSimulator.ActiveCfg = Release|Any CPU
		{2308AF80-AF15-4CBE-8222-E499DF12DCC4}.Release|iPhoneSimulator.Build.0 = Release|Any CPU
		{2308AF80-AF15-4CBE-8222-E499DF12DCC4}.Release|Mixed Platforms.ActiveCfg = Release|Any CPU
		{2308AF80-AF15-4CBE-8222-E499DF12DCC4}.Release|Mixed Platforms.Build.0 = Release|Any CPU
		{CE41D202-1FE4-4169-9A35-7319491FBC7B}.Ad-Hoc|Any CPU.ActiveCfg = Ad-Hoc|iPhone
		{CE41D202-1FE4-4169-9A35-7319491FBC7B}.Ad-Hoc|Any CPU.Build.0 = Ad-Hoc|iPhone
		{CE41D202-1FE4-4169-9A35-7319491FBC7B}.Ad-Hoc|iPhone.ActiveCfg = Ad-Hoc|iPhone
		{CE41D202-1FE4-4169-9A35-7319491FBC7B}.Ad-Hoc|iPhone.Build.0 = Ad-Hoc|iPhone
		{CE41D202-1FE4-4169-9A35-7319491FBC7B}.Ad-Hoc|iPhoneSimulator.ActiveCfg = Ad-Hoc|iPhone
		{CE41D202-1FE4-4169-9A35-7319491FBC7B}.Ad-Hoc|iPhoneSimulator.Build.0 = Ad-Hoc|iPhone
		{CE41D202-1FE4-4169-9A35-7319491FBC7B}.Ad-Hoc|Mixed Platforms.ActiveCfg = Ad-Hoc|iPhone
		{CE41D202-1FE4-4169-9A35-7319491FBC7B}.Ad-Hoc|Mixed Platforms.Build.0 = Ad-Hoc|iPhone
		{CE41D202-1FE4-4169-9A35-7319491FBC7B}.AppStore|Any CPU.ActiveCfg = AppStore|iPhone
		{CE41D202-1FE4-4169-9A35-7319491FBC7B}.AppStore|Any CPU.Build.0 = AppStore|iPhone
		{CE41D202-1FE4-4169-9A35-7319491FBC7B}.AppStore|iPhone.ActiveCfg = AppStore|iPhone
		{CE41D202-1FE4-4169-9A35-7319491FBC7B}.AppStore|iPhone.Build.0 = AppStore|iPhone
		{CE41D202-1FE4-4169-9A35-7319491FBC7B}.AppStore|iPhoneSimulator.ActiveCfg = AppStore|iPhone
		{CE41D202-1FE4-4169-9A35-7319491FBC7B}.AppStore|iPhoneSimulator.Build.0 = AppStore|iPhone
		{CE41D202-1FE4-4169-9A35-7319491FBC7B}.AppStore|Mixed Platforms.ActiveCfg = AppStore|iPhone
		{CE41D202-1FE4-4169-9A35-7319491FBC7B}.AppStore|Mixed Platforms.Build.0 = AppStore|iPhone
		{CE41D202-1FE4-4169-9A35-7319491FBC7B}.Debug|Any CPU.ActiveCfg = Debug|iPhoneSimulator
		{CE41D202-1FE4-4169-9A35-7319491FBC7B}.Debug|Any CPU.Build.0 = Debug|iPhoneSimulator
		{CE41D202-1FE4-4169-9A35-7319491FBC7B}.Debug|iPhone.ActiveCfg = Debug|iPhone
		{CE41D202-1FE4-4169-9A35-7319491FBC7B}.Debug|iPhone.Build.0 = Debug|iPhone
		{CE41D202-1FE4-4169-9A35-7319491FBC7B}.Debug|iPhoneSimulator.ActiveCfg = Debug|iPhoneSimulator
		{CE41D202-1FE4-4169-9A35-7319491FBC7B}.Debug|iPhoneSimulator.Build.0 = Debug|iPhoneSimulator
		{CE41D202-1FE4-4169-9A35-7319491FBC7B}.Debug|Mixed Platforms.ActiveCfg = Debug|iPhoneSimulator
		{CE41D202-1FE4-4169-9A35-7319491FBC7B}.Debug|Mixed Platforms.Build.0 = Debug|iPhoneSimulator
		{CE41D202-1FE4-4169-9A35-7319491FBC7B}.Release|Any CPU.ActiveCfg = Release|iPhone
		{CE41D202-1FE4-4169-9A35-7319491FBC7B}.Release|Any CPU.Build.0 = Release|iPhone
		{CE41D202-1FE4-4169-9A35-7319491FBC7B}.Release|iPhone.ActiveCfg = Release|iPhone
		{CE41D202-1FE4-4169-9A35-7319491FBC7B}.Release|iPhone.Build.0 = Release|iPhone
		{CE41D202-1FE4-4169-9A35-7319491FBC7B}.Release|iPhoneSimulator.ActiveCfg = Release|iPhoneSimulator
		{CE41D202-1FE4-4169-9A35-7319491FBC7B}.Release|iPhoneSimulator.Build.0 = Release|iPhoneSimulator
		{CE41D202-1FE4-4169-9A35-7319491FBC7B}.Release|Mixed Platforms.ActiveCfg = Release|iPhone
		{CE41D202-1FE4-4169-9A35-7319491FBC7B}.Release|Mixed Platforms.Build.0 = Release|iPhone
		{1524C255-2EE5-4C0C-A64C-56CE39A062E3}.Ad-Hoc|Any CPU.ActiveCfg = Release|Any CPU
		{1524C255-2EE5-4C0C-A64C-56CE39A062E3}.Ad-Hoc|Any CPU.Build.0 = Release|Any CPU
		{1524C255-2EE5-4C0C-A64C-56CE39A062E3}.Ad-Hoc|iPhone.ActiveCfg = Release|Any CPU
		{1524C255-2EE5-4C0C-A64C-56CE39A062E3}.Ad-Hoc|iPhone.Build.0 = Release|Any CPU
		{1524C255-2EE5-4C0C-A64C-56CE39A062E3}.Ad-Hoc|iPhoneSimulator.ActiveCfg = Release|Any CPU
		{1524C255-2EE5-4C0C-A64C-56CE39A062E3}.Ad-Hoc|iPhoneSimulator.Build.0 = Release|Any CPU
		{1524C255-2EE5-4C0C-A64C-56CE39A062E3}.Ad-Hoc|Mixed Platforms.ActiveCfg = Release|Any CPU
		{1524C255-2EE5-4C0C-A64C-56CE39A062E3}.Ad-Hoc|Mixed Platforms.Build.0 = Release|Any CPU
		{1524C255-2EE5-4C0C-A64C-56CE39A062E3}.AppStore|Any CPU.ActiveCfg = Release|Any CPU
		{1524C255-2EE5-4C0C-A64C-56CE39A062E3}.AppStore|Any CPU.Build.0 = Release|Any CPU
		{1524C255-2EE5-4C0C-A64C-56CE39A062E3}.AppStore|iPhone.ActiveCfg = Release|Any CPU
		{1524C255-2EE5-4C0C-A64C-56CE39A062E3}.AppStore|iPhone.Build.0 = Release|Any CPU
		{1524C255-2EE5-4C0C-A64C-56CE39A062E3}.AppStore|iPhoneSimulator.ActiveCfg = Release|Any CPU
		{1524C255-2EE5-4C0C-A64C-56CE39A062E3}.AppStore|iPhoneSimulator.Build.0 = Release|Any CPU
		{1524C255-2EE5-4C0C-A64C-56CE39A062E3}.AppStore|Mixed Platforms.ActiveCfg = Release|Any CPU
		{1524C255-2EE5-4C0C-A64C-56CE39A062E3}.AppStore|Mixed Platforms.Build.0 = Release|Any CPU
		{1524C255-2EE5-4C0C-A64C-56CE39A062E3}.Debug|Any CPU.ActiveCfg = Debug|Any CPU
		{1524C255-2EE5-4C0C-A64C-56CE39A062E3}.Debug|Any CPU.Build.0 = Debug|Any CPU
		{1524C255-2EE5-4C0C-A64C-56CE39A062E3}.Debug|iPhone.ActiveCfg = Debug|Any CPU
		{1524C255-2EE5-4C0C-A64C-56CE39A062E3}.Debug|iPhone.Build.0 = Debug|Any CPU
		{1524C255-2EE5-4C0C-A64C-56CE39A062E3}.Debug|iPhoneSimulator.ActiveCfg = Debug|Any CPU
		{1524C255-2EE5-4C0C-A64C-56CE39A062E3}.Debug|iPhoneSimulator.Build.0 = Debug|Any CPU
		{1524C255-2EE5-4C0C-A64C-56CE39A062E3}.Debug|Mixed Platforms.ActiveCfg = Debug|Any CPU
		{1524C255-2EE5-4C0C-A64C-56CE39A062E3}.Debug|Mixed Platforms.Build.0 = Debug|Any CPU
		{1524C255-2EE5-4C0C-A64C-56CE39A062E3}.Release|Any CPU.ActiveCfg = Release|Any CPU
		{1524C255-2EE5-4C0C-A64C-56CE39A062E3}.Release|Any CPU.Build.0 = Release|Any CPU
		{1524C255-2EE5-4C0C-A64C-56CE39A062E3}.Release|iPhone.ActiveCfg = Release|Any CPU
		{1524C255-2EE5-4C0C-A64C-56CE39A062E3}.Release|iPhone.Build.0 = Release|Any CPU
		{1524C255-2EE5-4C0C-A64C-56CE39A062E3}.Release|iPhoneSimulator.ActiveCfg = Release|Any CPU
		{1524C255-2EE5-4C0C-A64C-56CE39A062E3}.Release|iPhoneSimulator.Build.0 = Release|Any CPU
		{1524C255-2EE5-4C0C-A64C-56CE39A062E3}.Release|Mixed Platforms.ActiveCfg = Release|Any CPU
		{1524C255-2EE5-4C0C-A64C-56CE39A062E3}.Release|Mixed Platforms.Build.0 = Release|Any CPU
		{CE762DC7-4C2D-4884-8B38-334D4B10825F}.Ad-Hoc|Any CPU.ActiveCfg = Ad-Hoc|iPhone
		{CE762DC7-4C2D-4884-8B38-334D4B10825F}.Ad-Hoc|Any CPU.Build.0 = Ad-Hoc|iPhone
		{CE762DC7-4C2D-4884-8B38-334D4B10825F}.Ad-Hoc|iPhone.ActiveCfg = Ad-Hoc|iPhone
		{CE762DC7-4C2D-4884-8B38-334D4B10825F}.Ad-Hoc|iPhone.Build.0 = Ad-Hoc|iPhone
		{CE762DC7-4C2D-4884-8B38-334D4B10825F}.Ad-Hoc|iPhoneSimulator.ActiveCfg = Debug|iPhoneSimulator
		{CE762DC7-4C2D-4884-8B38-334D4B10825F}.Ad-Hoc|iPhoneSimulator.Build.0 = Debug|iPhoneSimulator
		{CE762DC7-4C2D-4884-8B38-334D4B10825F}.Ad-Hoc|Mixed Platforms.ActiveCfg = Ad-Hoc|iPhone
		{CE762DC7-4C2D-4884-8B38-334D4B10825F}.Ad-Hoc|Mixed Platforms.Build.0 = Ad-Hoc|iPhone
		{CE762DC7-4C2D-4884-8B38-334D4B10825F}.AppStore|Any CPU.ActiveCfg = AppStore|iPhone
		{CE762DC7-4C2D-4884-8B38-334D4B10825F}.AppStore|Any CPU.Build.0 = AppStore|iPhone
		{CE762DC7-4C2D-4884-8B38-334D4B10825F}.AppStore|iPhone.ActiveCfg = AppStore|iPhone
		{CE762DC7-4C2D-4884-8B38-334D4B10825F}.AppStore|iPhone.Build.0 = AppStore|iPhone
		{CE762DC7-4C2D-4884-8B38-334D4B10825F}.AppStore|iPhoneSimulator.ActiveCfg = Debug|iPhoneSimulator
		{CE762DC7-4C2D-4884-8B38-334D4B10825F}.AppStore|iPhoneSimulator.Build.0 = Debug|iPhoneSimulator
		{CE762DC7-4C2D-4884-8B38-334D4B10825F}.AppStore|Mixed Platforms.ActiveCfg = AppStore|iPhone
		{CE762DC7-4C2D-4884-8B38-334D4B10825F}.AppStore|Mixed Platforms.Build.0 = AppStore|iPhone
		{CE762DC7-4C2D-4884-8B38-334D4B10825F}.Debug|Any CPU.ActiveCfg = Debug|iPhoneSimulator
		{CE762DC7-4C2D-4884-8B38-334D4B10825F}.Debug|Any CPU.Build.0 = Debug|iPhoneSimulator
		{CE762DC7-4C2D-4884-8B38-334D4B10825F}.Debug|iPhone.ActiveCfg = Debug|iPhone
		{CE762DC7-4C2D-4884-8B38-334D4B10825F}.Debug|iPhone.Build.0 = Debug|iPhone
		{CE762DC7-4C2D-4884-8B38-334D4B10825F}.Debug|iPhoneSimulator.ActiveCfg = Debug|iPhoneSimulator
		{CE762DC7-4C2D-4884-8B38-334D4B10825F}.Debug|iPhoneSimulator.Build.0 = Debug|iPhoneSimulator
		{CE762DC7-4C2D-4884-8B38-334D4B10825F}.Debug|Mixed Platforms.ActiveCfg = Debug|iPhoneSimulator
		{CE762DC7-4C2D-4884-8B38-334D4B10825F}.Debug|Mixed Platforms.Build.0 = Debug|iPhoneSimulator
		{CE762DC7-4C2D-4884-8B38-334D4B10825F}.Release|Any CPU.ActiveCfg = Release|iPhoneSimulator
		{CE762DC7-4C2D-4884-8B38-334D4B10825F}.Release|Any CPU.Build.0 = Release|iPhoneSimulator
		{CE762DC7-4C2D-4884-8B38-334D4B10825F}.Release|iPhone.ActiveCfg = Release|iPhone
		{CE762DC7-4C2D-4884-8B38-334D4B10825F}.Release|iPhone.Build.0 = Release|iPhone
		{CE762DC7-4C2D-4884-8B38-334D4B10825F}.Release|iPhoneSimulator.ActiveCfg = Release|iPhoneSimulator
		{CE762DC7-4C2D-4884-8B38-334D4B10825F}.Release|iPhoneSimulator.Build.0 = Release|iPhoneSimulator
		{CE762DC7-4C2D-4884-8B38-334D4B10825F}.Release|Mixed Platforms.ActiveCfg = Release|iPhoneSimulator
		{CE762DC7-4C2D-4884-8B38-334D4B10825F}.Release|Mixed Platforms.Build.0 = Release|iPhoneSimulator
		{5627E042-8851-48AC-8399-8FE48B69D5FD}.Ad-Hoc|Any CPU.ActiveCfg = Release|Any CPU
		{5627E042-8851-48AC-8399-8FE48B69D5FD}.Ad-Hoc|Any CPU.Build.0 = Release|Any CPU
		{5627E042-8851-48AC-8399-8FE48B69D5FD}.Ad-Hoc|iPhone.ActiveCfg = Release|Any CPU
		{5627E042-8851-48AC-8399-8FE48B69D5FD}.Ad-Hoc|iPhoneSimulator.ActiveCfg = Release|Any CPU
		{5627E042-8851-48AC-8399-8FE48B69D5FD}.Ad-Hoc|Mixed Platforms.ActiveCfg = Release|Any CPU
		{5627E042-8851-48AC-8399-8FE48B69D5FD}.Ad-Hoc|Mixed Platforms.Build.0 = Release|Any CPU
		{5627E042-8851-48AC-8399-8FE48B69D5FD}.AppStore|Any CPU.ActiveCfg = Release|Any CPU
		{5627E042-8851-48AC-8399-8FE48B69D5FD}.AppStore|Any CPU.Build.0 = Release|Any CPU
		{5627E042-8851-48AC-8399-8FE48B69D5FD}.AppStore|iPhone.ActiveCfg = Release|Any CPU
		{5627E042-8851-48AC-8399-8FE48B69D5FD}.AppStore|iPhoneSimulator.ActiveCfg = Release|Any CPU
		{5627E042-8851-48AC-8399-8FE48B69D5FD}.AppStore|Mixed Platforms.ActiveCfg = Release|Any CPU
		{5627E042-8851-48AC-8399-8FE48B69D5FD}.AppStore|Mixed Platforms.Build.0 = Release|Any CPU
		{5627E042-8851-48AC-8399-8FE48B69D5FD}.Debug|Any CPU.ActiveCfg = Debug|Any CPU
		{5627E042-8851-48AC-8399-8FE48B69D5FD}.Debug|Any CPU.Build.0 = Debug|Any CPU
		{5627E042-8851-48AC-8399-8FE48B69D5FD}.Debug|iPhone.ActiveCfg = Debug|Any CPU
		{5627E042-8851-48AC-8399-8FE48B69D5FD}.Debug|iPhoneSimulator.ActiveCfg = Debug|Any CPU
		{5627E042-8851-48AC-8399-8FE48B69D5FD}.Debug|Mixed Platforms.ActiveCfg = Debug|Any CPU
		{5627E042-8851-48AC-8399-8FE48B69D5FD}.Debug|Mixed Platforms.Build.0 = Debug|Any CPU
		{5627E042-8851-48AC-8399-8FE48B69D5FD}.Release|Any CPU.ActiveCfg = Release|Any CPU
		{5627E042-8851-48AC-8399-8FE48B69D5FD}.Release|Any CPU.Build.0 = Release|Any CPU
		{5627E042-8851-48AC-8399-8FE48B69D5FD}.Release|iPhone.ActiveCfg = Release|Any CPU
		{5627E042-8851-48AC-8399-8FE48B69D5FD}.Release|iPhoneSimulator.ActiveCfg = Release|Any CPU
		{5627E042-8851-48AC-8399-8FE48B69D5FD}.Release|Mixed Platforms.ActiveCfg = Release|Any CPU
		{5627E042-8851-48AC-8399-8FE48B69D5FD}.Release|Mixed Platforms.Build.0 = Release|Any CPU
		{FC72E8BF-3DAF-4265-A693-E988F923C7DC}.Ad-Hoc|Any CPU.ActiveCfg = Release|Any CPU
		{FC72E8BF-3DAF-4265-A693-E988F923C7DC}.Ad-Hoc|Any CPU.Build.0 = Release|Any CPU
		{FC72E8BF-3DAF-4265-A693-E988F923C7DC}.Ad-Hoc|iPhone.ActiveCfg = Release|Any CPU
		{FC72E8BF-3DAF-4265-A693-E988F923C7DC}.Ad-Hoc|iPhoneSimulator.ActiveCfg = Release|Any CPU
		{FC72E8BF-3DAF-4265-A693-E988F923C7DC}.Ad-Hoc|Mixed Platforms.ActiveCfg = Release|Any CPU
		{FC72E8BF-3DAF-4265-A693-E988F923C7DC}.Ad-Hoc|Mixed Platforms.Build.0 = Release|Any CPU
		{FC72E8BF-3DAF-4265-A693-E988F923C7DC}.AppStore|Any CPU.ActiveCfg = Release|Any CPU
		{FC72E8BF-3DAF-4265-A693-E988F923C7DC}.AppStore|Any CPU.Build.0 = Release|Any CPU
		{FC72E8BF-3DAF-4265-A693-E988F923C7DC}.AppStore|iPhone.ActiveCfg = Release|Any CPU
		{FC72E8BF-3DAF-4265-A693-E988F923C7DC}.AppStore|iPhoneSimulator.ActiveCfg = Release|Any CPU
		{FC72E8BF-3DAF-4265-A693-E988F923C7DC}.AppStore|Mixed Platforms.ActiveCfg = Release|Any CPU
		{FC72E8BF-3DAF-4265-A693-E988F923C7DC}.AppStore|Mixed Platforms.Build.0 = Release|Any CPU
		{FC72E8BF-3DAF-4265-A693-E988F923C7DC}.Debug|Any CPU.ActiveCfg = Debug|Any CPU
		{FC72E8BF-3DAF-4265-A693-E988F923C7DC}.Debug|Any CPU.Build.0 = Debug|Any CPU
		{FC72E8BF-3DAF-4265-A693-E988F923C7DC}.Debug|iPhone.ActiveCfg = Debug|Any CPU
		{FC72E8BF-3DAF-4265-A693-E988F923C7DC}.Debug|iPhoneSimulator.ActiveCfg = Debug|Any CPU
		{FC72E8BF-3DAF-4265-A693-E988F923C7DC}.Debug|Mixed Platforms.ActiveCfg = Debug|Any CPU
		{FC72E8BF-3DAF-4265-A693-E988F923C7DC}.Debug|Mixed Platforms.Build.0 = Debug|Any CPU
		{FC72E8BF-3DAF-4265-A693-E988F923C7DC}.Release|Any CPU.ActiveCfg = Release|Any CPU
		{FC72E8BF-3DAF-4265-A693-E988F923C7DC}.Release|Any CPU.Build.0 = Release|Any CPU
		{FC72E8BF-3DAF-4265-A693-E988F923C7DC}.Release|iPhone.ActiveCfg = Release|Any CPU
		{FC72E8BF-3DAF-4265-A693-E988F923C7DC}.Release|iPhoneSimulator.ActiveCfg = Release|Any CPU
		{FC72E8BF-3DAF-4265-A693-E988F923C7DC}.Release|Mixed Platforms.ActiveCfg = Release|Any CPU
		{FC72E8BF-3DAF-4265-A693-E988F923C7DC}.Release|Mixed Platforms.Build.0 = Release|Any CPU
		{7064C4B0-99EC-49F8-A286-8D9D763B69BC}.Ad-Hoc|Any CPU.ActiveCfg = Ad-Hoc|iPhone
		{7064C4B0-99EC-49F8-A286-8D9D763B69BC}.Ad-Hoc|iPhone.ActiveCfg = Ad-Hoc|iPhone
		{7064C4B0-99EC-49F8-A286-8D9D763B69BC}.Ad-Hoc|iPhone.Build.0 = Ad-Hoc|iPhone
		{7064C4B0-99EC-49F8-A286-8D9D763B69BC}.Ad-Hoc|iPhoneSimulator.ActiveCfg = Ad-Hoc|iPhoneSimulator
		{7064C4B0-99EC-49F8-A286-8D9D763B69BC}.Ad-Hoc|iPhoneSimulator.Build.0 = Ad-Hoc|iPhoneSimulator
		{7064C4B0-99EC-49F8-A286-8D9D763B69BC}.Ad-Hoc|Mixed Platforms.ActiveCfg = Ad-Hoc|iPhone
		{7064C4B0-99EC-49F8-A286-8D9D763B69BC}.Ad-Hoc|Mixed Platforms.Build.0 = Ad-Hoc|iPhone
		{7064C4B0-99EC-49F8-A286-8D9D763B69BC}.AppStore|Any CPU.ActiveCfg = AppStore|iPhone
		{7064C4B0-99EC-49F8-A286-8D9D763B69BC}.AppStore|iPhone.ActiveCfg = AppStore|iPhone
		{7064C4B0-99EC-49F8-A286-8D9D763B69BC}.AppStore|iPhone.Build.0 = AppStore|iPhone
		{7064C4B0-99EC-49F8-A286-8D9D763B69BC}.AppStore|iPhoneSimulator.ActiveCfg = AppStore|iPhoneSimulator
		{7064C4B0-99EC-49F8-A286-8D9D763B69BC}.AppStore|iPhoneSimulator.Build.0 = AppStore|iPhoneSimulator
		{7064C4B0-99EC-49F8-A286-8D9D763B69BC}.AppStore|Mixed Platforms.ActiveCfg = AppStore|iPhone
		{7064C4B0-99EC-49F8-A286-8D9D763B69BC}.AppStore|Mixed Platforms.Build.0 = AppStore|iPhone
		{7064C4B0-99EC-49F8-A286-8D9D763B69BC}.Debug|Any CPU.ActiveCfg = Debug|iPhone
		{7064C4B0-99EC-49F8-A286-8D9D763B69BC}.Debug|iPhone.ActiveCfg = Debug|iPhone
		{7064C4B0-99EC-49F8-A286-8D9D763B69BC}.Debug|iPhone.Build.0 = Debug|iPhone
		{7064C4B0-99EC-49F8-A286-8D9D763B69BC}.Debug|iPhoneSimulator.ActiveCfg = Debug|iPhoneSimulator
		{7064C4B0-99EC-49F8-A286-8D9D763B69BC}.Debug|iPhoneSimulator.Build.0 = Debug|iPhoneSimulator
		{7064C4B0-99EC-49F8-A286-8D9D763B69BC}.Debug|Mixed Platforms.ActiveCfg = Debug|iPhone
		{7064C4B0-99EC-49F8-A286-8D9D763B69BC}.Debug|Mixed Platforms.Build.0 = Debug|iPhone
		{7064C4B0-99EC-49F8-A286-8D9D763B69BC}.Release|Any CPU.ActiveCfg = Release|iPhone
		{7064C4B0-99EC-49F8-A286-8D9D763B69BC}.Release|iPhone.ActiveCfg = Release|iPhone
		{7064C4B0-99EC-49F8-A286-8D9D763B69BC}.Release|iPhone.Build.0 = Release|iPhone
		{7064C4B0-99EC-49F8-A286-8D9D763B69BC}.Release|iPhoneSimulator.ActiveCfg = Release|iPhoneSimulator
		{7064C4B0-99EC-49F8-A286-8D9D763B69BC}.Release|iPhoneSimulator.Build.0 = Release|iPhoneSimulator
		{7064C4B0-99EC-49F8-A286-8D9D763B69BC}.Release|Mixed Platforms.ActiveCfg = Release|iPhone
		{7064C4B0-99EC-49F8-A286-8D9D763B69BC}.Release|Mixed Platforms.Build.0 = Release|iPhone
		{58F740B3-9083-48A9-BF56-1FC4D8483ED6}.Ad-Hoc|Any CPU.ActiveCfg = Ad-Hoc|iPhone
		{58F740B3-9083-48A9-BF56-1FC4D8483ED6}.Ad-Hoc|iPhone.ActiveCfg = Ad-Hoc|iPhone
		{58F740B3-9083-48A9-BF56-1FC4D8483ED6}.Ad-Hoc|iPhone.Build.0 = Ad-Hoc|iPhone
		{58F740B3-9083-48A9-BF56-1FC4D8483ED6}.Ad-Hoc|iPhoneSimulator.ActiveCfg = Ad-Hoc|iPhoneSimulator
		{58F740B3-9083-48A9-BF56-1FC4D8483ED6}.Ad-Hoc|iPhoneSimulator.Build.0 = Ad-Hoc|iPhoneSimulator
		{58F740B3-9083-48A9-BF56-1FC4D8483ED6}.Ad-Hoc|Mixed Platforms.ActiveCfg = Ad-Hoc|iPhone
		{58F740B3-9083-48A9-BF56-1FC4D8483ED6}.Ad-Hoc|Mixed Platforms.Build.0 = Ad-Hoc|iPhone
		{58F740B3-9083-48A9-BF56-1FC4D8483ED6}.AppStore|Any CPU.ActiveCfg = AppStore|iPhone
		{58F740B3-9083-48A9-BF56-1FC4D8483ED6}.AppStore|iPhone.ActiveCfg = AppStore|iPhone
		{58F740B3-9083-48A9-BF56-1FC4D8483ED6}.AppStore|iPhone.Build.0 = AppStore|iPhone
		{58F740B3-9083-48A9-BF56-1FC4D8483ED6}.AppStore|iPhoneSimulator.ActiveCfg = AppStore|iPhoneSimulator
		{58F740B3-9083-48A9-BF56-1FC4D8483ED6}.AppStore|iPhoneSimulator.Build.0 = AppStore|iPhoneSimulator
		{58F740B3-9083-48A9-BF56-1FC4D8483ED6}.AppStore|Mixed Platforms.ActiveCfg = AppStore|iPhone
		{58F740B3-9083-48A9-BF56-1FC4D8483ED6}.AppStore|Mixed Platforms.Build.0 = AppStore|iPhone
		{58F740B3-9083-48A9-BF56-1FC4D8483ED6}.Debug|Any CPU.ActiveCfg = Debug|iPhone
		{58F740B3-9083-48A9-BF56-1FC4D8483ED6}.Debug|iPhone.ActiveCfg = Debug|iPhone
		{58F740B3-9083-48A9-BF56-1FC4D8483ED6}.Debug|iPhone.Build.0 = Debug|iPhone
		{58F740B3-9083-48A9-BF56-1FC4D8483ED6}.Debug|iPhoneSimulator.ActiveCfg = Debug|iPhoneSimulator
		{58F740B3-9083-48A9-BF56-1FC4D8483ED6}.Debug|iPhoneSimulator.Build.0 = Debug|iPhoneSimulator
		{58F740B3-9083-48A9-BF56-1FC4D8483ED6}.Debug|Mixed Platforms.ActiveCfg = Debug|iPhone
		{58F740B3-9083-48A9-BF56-1FC4D8483ED6}.Debug|Mixed Platforms.Build.0 = Debug|iPhone
		{58F740B3-9083-48A9-BF56-1FC4D8483ED6}.Release|Any CPU.ActiveCfg = Release|iPhone
		{58F740B3-9083-48A9-BF56-1FC4D8483ED6}.Release|iPhone.ActiveCfg = Release|iPhone
		{58F740B3-9083-48A9-BF56-1FC4D8483ED6}.Release|iPhone.Build.0 = Release|iPhone
		{58F740B3-9083-48A9-BF56-1FC4D8483ED6}.Release|iPhoneSimulator.ActiveCfg = Release|iPhoneSimulator
		{58F740B3-9083-48A9-BF56-1FC4D8483ED6}.Release|iPhoneSimulator.Build.0 = Release|iPhoneSimulator
		{58F740B3-9083-48A9-BF56-1FC4D8483ED6}.Release|Mixed Platforms.ActiveCfg = Release|iPhone
		{58F740B3-9083-48A9-BF56-1FC4D8483ED6}.Release|Mixed Platforms.Build.0 = Release|iPhone
		{DC365789-5C34-4406-A250-9D3F826FB976}.Ad-Hoc|Any CPU.ActiveCfg = Ad-Hoc|iPhone
		{DC365789-5C34-4406-A250-9D3F826FB976}.Ad-Hoc|iPhone.ActiveCfg = Ad-Hoc|iPhone
		{DC365789-5C34-4406-A250-9D3F826FB976}.Ad-Hoc|iPhone.Build.0 = Ad-Hoc|iPhone
		{DC365789-5C34-4406-A250-9D3F826FB976}.Ad-Hoc|iPhoneSimulator.ActiveCfg = Ad-Hoc|iPhoneSimulator
		{DC365789-5C34-4406-A250-9D3F826FB976}.Ad-Hoc|iPhoneSimulator.Build.0 = Ad-Hoc|iPhoneSimulator
		{DC365789-5C34-4406-A250-9D3F826FB976}.Ad-Hoc|Mixed Platforms.ActiveCfg = Ad-Hoc|iPhone
		{DC365789-5C34-4406-A250-9D3F826FB976}.Ad-Hoc|Mixed Platforms.Build.0 = Ad-Hoc|iPhone
		{DC365789-5C34-4406-A250-9D3F826FB976}.AppStore|Any CPU.ActiveCfg = AppStore|iPhone
		{DC365789-5C34-4406-A250-9D3F826FB976}.AppStore|iPhone.ActiveCfg = AppStore|iPhone
		{DC365789-5C34-4406-A250-9D3F826FB976}.AppStore|iPhone.Build.0 = AppStore|iPhone
		{DC365789-5C34-4406-A250-9D3F826FB976}.AppStore|iPhoneSimulator.ActiveCfg = AppStore|iPhoneSimulator
		{DC365789-5C34-4406-A250-9D3F826FB976}.AppStore|iPhoneSimulator.Build.0 = AppStore|iPhoneSimulator
		{DC365789-5C34-4406-A250-9D3F826FB976}.AppStore|Mixed Platforms.ActiveCfg = AppStore|iPhone
		{DC365789-5C34-4406-A250-9D3F826FB976}.AppStore|Mixed Platforms.Build.0 = AppStore|iPhone
		{DC365789-5C34-4406-A250-9D3F826FB976}.Debug|Any CPU.ActiveCfg = Debug|iPhone
		{DC365789-5C34-4406-A250-9D3F826FB976}.Debug|iPhone.ActiveCfg = Debug|iPhone
		{DC365789-5C34-4406-A250-9D3F826FB976}.Debug|iPhone.Build.0 = Debug|iPhone
		{DC365789-5C34-4406-A250-9D3F826FB976}.Debug|iPhoneSimulator.ActiveCfg = Debug|iPhoneSimulator
		{DC365789-5C34-4406-A250-9D3F826FB976}.Debug|iPhoneSimulator.Build.0 = Debug|iPhoneSimulator
		{DC365789-5C34-4406-A250-9D3F826FB976}.Debug|Mixed Platforms.ActiveCfg = Debug|iPhone
		{DC365789-5C34-4406-A250-9D3F826FB976}.Debug|Mixed Platforms.Build.0 = Debug|iPhone
		{DC365789-5C34-4406-A250-9D3F826FB976}.Release|Any CPU.ActiveCfg = Release|iPhone
		{DC365789-5C34-4406-A250-9D3F826FB976}.Release|iPhone.ActiveCfg = Release|iPhone
		{DC365789-5C34-4406-A250-9D3F826FB976}.Release|iPhone.Build.0 = Release|iPhone
		{DC365789-5C34-4406-A250-9D3F826FB976}.Release|iPhoneSimulator.ActiveCfg = Release|iPhoneSimulator
		{DC365789-5C34-4406-A250-9D3F826FB976}.Release|iPhoneSimulator.Build.0 = Release|iPhoneSimulator
		{DC365789-5C34-4406-A250-9D3F826FB976}.Release|Mixed Platforms.ActiveCfg = Release|iPhone
		{DC365789-5C34-4406-A250-9D3F826FB976}.Release|Mixed Platforms.Build.0 = Release|iPhone
	EndGlobalSection
	GlobalSection(SolutionProperties) = preSolution
		HideSolutionNode = FALSE
	EndGlobalSection
	GlobalSection(NestedProjects) = preSolution
		{077997FD-A61D-4DC0-B4B0-7429BF9824E8} = {38D6C99B-2556-4784-B386-4AEDEB54318F}
		{E20DC51A-431E-49F7-8018-53FE0DE80386} = {38D6C99B-2556-4784-B386-4AEDEB54318F}
		{2F4D2B40-D557-4640-96E1-693D598012A6} = {38D6C99B-2556-4784-B386-4AEDEB54318F}
		{4D216ACB-82B7-491D-B35B-D157B7EC06A3} = {F6EB922F-A0E9-4F8E-8D3E-6C168C17A8EC}
		{2308AF80-AF15-4CBE-8222-E499DF12DCC4} = {4D216ACB-82B7-491D-B35B-D157B7EC06A3}
		{CE41D202-1FE4-4169-9A35-7319491FBC7B} = {4D216ACB-82B7-491D-B35B-D157B7EC06A3}
		{1524C255-2EE5-4C0C-A64C-56CE39A062E3} = {F6EB922F-A0E9-4F8E-8D3E-6C168C17A8EC}
		{CE762DC7-4C2D-4884-8B38-334D4B10825F} = {362CC29D-6522-402B-87DF-393FDB870BB8}
		{5627E042-8851-48AC-8399-8FE48B69D5FD} = {362CC29D-6522-402B-87DF-393FDB870BB8}
		{FC72E8BF-3DAF-4265-A693-E988F923C7DC} = {4D216ACB-82B7-491D-B35B-D157B7EC06A3}
		{7064C4B0-99EC-49F8-A286-8D9D763B69BC} = {4D216ACB-82B7-491D-B35B-D157B7EC06A3}
		{58F740B3-9083-48A9-BF56-1FC4D8483ED6} = {362CC29D-6522-402B-87DF-393FDB870BB8}
		{DC365789-5C34-4406-A250-9D3F826FB976} = {362CC29D-6522-402B-87DF-393FDB870BB8}
	EndGlobalSection
EndGlobal
