
Microsoft Visual Studio Solution File, Format Version 11.00
# Visual Studio 2010
Project("{2150E333-8FDC-42A3-9474-1A3956D46DE8}") = "Core", "Core", "{98F92B6F-59CB-4E97-9C3E-A2D0AA01F74B}"
EndProject
Project("{FAE04EC0-301F-11D3-BF4B-00C04F79EFBC}") = "OsmSharp.Android", "OsmSharp\OsmSharp.Android.csproj", "{D3B6EFCE-9B3C-428E-BAE7-135897887070}"
EndProject
Project("{FAE04EC0-301F-11D3-BF4B-00C04F79EFBC}") = "OsmSharp.Osm.Android", "OsmSharp.Osm\OsmSharp.Osm.Android.csproj", "{E881DC2A-6738-4F9D-A047-0DF201544C1B}"
EndProject
Project("{FAE04EC0-301F-11D3-BF4B-00C04F79EFBC}") = "OsmSharp.Routing.Android", "OsmSharp.Routing\OsmSharp.Routing.Android.csproj", "{BE27CB1F-873A-4971-9C84-A81C7DAD04CD}"
EndProject
Project("{2150E333-8FDC-42A3-9474-1A3956D46DE8}") = "UI", "UI", "{92459B73-D776-40E8-8045-59BE08611D8E}"
EndProject
Project("{2150E333-8FDC-42A3-9474-1A3956D46DE8}") = "Android", "Android", "{D0FB86D6-B451-487B-825D-908B7D0AB54C}"
EndProject
Project("{FAE04EC0-301F-11D3-BF4B-00C04F79EFBC}") = "OsmSharp.Android.UI", "OsmSharp.Android.UI\OsmSharp.Android.UI.csproj", "{AED211E7-B8A8-4764-86D2-80C9B97CD1C8}"
EndProject
Project("{FAE04EC0-301F-11D3-BF4B-00C04F79EFBC}") = "OsmSharp.Android.UI.Sample", "OsmSharp.Android.UI.Sample\OsmSharp.Android.UI.Sample.csproj", "{7DDE6457-9D4A-4AD1-9885-28DB60B68E36}"
EndProject
Project("{FAE04EC0-301F-11D3-BF4B-00C04F79EFBC}") = "OsmSharp.UI.Android", "OsmSharp.UI\OsmSharp.UI.Android.csproj", "{87AF65F0-A706-4145-9779-E810A717AD5A}"
EndProject
Project("{FAE04EC0-301F-11D3-BF4B-00C04F79EFBC}") = "OsmSharp.Android.Test.Performance", "OsmSharp.Android.Test.Performance\OsmSharp.Android.Test.Performance.csproj", "{68A8917B-3DBF-4BD6-9823-86ACE48D4D02}"
EndProject
Project("{2150E333-8FDC-42A3-9474-1A3956D46DE8}") = "Test", "Test", "{B36B3DEB-9D69-4EBD-BB8C-59AAAA24FCD2}"
EndProject
Project("{FAE04EC0-301F-11D3-BF4B-00C04F79EFBC}") = "OsmSharp.Test.Performance.Android", "OsmSharp.Test.Performance\OsmSharp.Test.Performance.Android.csproj", "{0391C9D0-A95A-4204-A800-F000CB8779FD}"
EndProject
Global
	GlobalSection(SolutionConfigurationPlatforms) = preSolution
		Debug|Any CPU = Debug|Any CPU
		Release|Any CPU = Release|Any CPU
	EndGlobalSection
	GlobalSection(ProjectConfigurationPlatforms) = postSolution
		{D3B6EFCE-9B3C-428E-BAE7-135897887070}.Debug|Any CPU.ActiveCfg = Debug|Any CPU
		{D3B6EFCE-9B3C-428E-BAE7-135897887070}.Debug|Any CPU.Build.0 = Debug|Any CPU
		{D3B6EFCE-9B3C-428E-BAE7-135897887070}.Release|Any CPU.ActiveCfg = Release|Any CPU
		{D3B6EFCE-9B3C-428E-BAE7-135897887070}.Release|Any CPU.Build.0 = Release|Any CPU
		{E881DC2A-6738-4F9D-A047-0DF201544C1B}.Debug|Any CPU.ActiveCfg = Debug|Any CPU
		{E881DC2A-6738-4F9D-A047-0DF201544C1B}.Debug|Any CPU.Build.0 = Debug|Any CPU
		{E881DC2A-6738-4F9D-A047-0DF201544C1B}.Release|Any CPU.ActiveCfg = Release|Any CPU
		{E881DC2A-6738-4F9D-A047-0DF201544C1B}.Release|Any CPU.Build.0 = Release|Any CPU
		{BE27CB1F-873A-4971-9C84-A81C7DAD04CD}.Debug|Any CPU.ActiveCfg = Debug|Any CPU
		{BE27CB1F-873A-4971-9C84-A81C7DAD04CD}.Debug|Any CPU.Build.0 = Debug|Any CPU
		{BE27CB1F-873A-4971-9C84-A81C7DAD04CD}.Release|Any CPU.ActiveCfg = Release|Any CPU
		{BE27CB1F-873A-4971-9C84-A81C7DAD04CD}.Release|Any CPU.Build.0 = Release|Any CPU
		{AED211E7-B8A8-4764-86D2-80C9B97CD1C8}.Debug|Any CPU.ActiveCfg = Debug|Any CPU
		{AED211E7-B8A8-4764-86D2-80C9B97CD1C8}.Debug|Any CPU.Build.0 = Debug|Any CPU
		{AED211E7-B8A8-4764-86D2-80C9B97CD1C8}.Release|Any CPU.ActiveCfg = Release|Any CPU
		{AED211E7-B8A8-4764-86D2-80C9B97CD1C8}.Release|Any CPU.Build.0 = Release|Any CPU
		{7DDE6457-9D4A-4AD1-9885-28DB60B68E36}.Debug|Any CPU.ActiveCfg = Debug|Any CPU
		{7DDE6457-9D4A-4AD1-9885-28DB60B68E36}.Debug|Any CPU.Build.0 = Debug|Any CPU
		{7DDE6457-9D4A-4AD1-9885-28DB60B68E36}.Debug|Any CPU.Deploy.0 = Debug|Any CPU
		{7DDE6457-9D4A-4AD1-9885-28DB60B68E36}.Release|Any CPU.ActiveCfg = Release|Any CPU
		{7DDE6457-9D4A-4AD1-9885-28DB60B68E36}.Release|Any CPU.Build.0 = Release|Any CPU
		{7DDE6457-9D4A-4AD1-9885-28DB60B68E36}.Release|Any CPU.Deploy.0 = Release|Any CPU
		{87AF65F0-A706-4145-9779-E810A717AD5A}.Debug|Any CPU.ActiveCfg = Debug|Any CPU
		{87AF65F0-A706-4145-9779-E810A717AD5A}.Debug|Any CPU.Build.0 = Debug|Any CPU
		{87AF65F0-A706-4145-9779-E810A717AD5A}.Release|Any CPU.ActiveCfg = Release|Any CPU
		{87AF65F0-A706-4145-9779-E810A717AD5A}.Release|Any CPU.Build.0 = Release|Any CPU
		{68A8917B-3DBF-4BD6-9823-86ACE48D4D02}.Debug|Any CPU.ActiveCfg = Debug|Any CPU
		{68A8917B-3DBF-4BD6-9823-86ACE48D4D02}.Debug|Any CPU.Build.0 = Debug|Any CPU
		{68A8917B-3DBF-4BD6-9823-86ACE48D4D02}.Debug|Any CPU.Deploy.0 = Debug|Any CPU
		{68A8917B-3DBF-4BD6-9823-86ACE48D4D02}.Release|Any CPU.ActiveCfg = Release|Any CPU
		{68A8917B-3DBF-4BD6-9823-86ACE48D4D02}.Release|Any CPU.Build.0 = Release|Any CPU
		{68A8917B-3DBF-4BD6-9823-86ACE48D4D02}.Release|Any CPU.Deploy.0 = Release|Any CPU
		{0391C9D0-A95A-4204-A800-F000CB8779FD}.Debug|Any CPU.ActiveCfg = Debug|Any CPU
		{0391C9D0-A95A-4204-A800-F000CB8779FD}.Debug|Any CPU.Build.0 = Debug|Any CPU
		{0391C9D0-A95A-4204-A800-F000CB8779FD}.Release|Any CPU.ActiveCfg = Release|Any CPU
		{0391C9D0-A95A-4204-A800-F000CB8779FD}.Release|Any CPU.Build.0 = Release|Any CPU
	EndGlobalSection
	GlobalSection(SolutionProperties) = preSolution
		HideSolutionNode = FALSE
	EndGlobalSection
	GlobalSection(NestedProjects) = preSolution
		{D3B6EFCE-9B3C-428E-BAE7-135897887070} = {98F92B6F-59CB-4E97-9C3E-A2D0AA01F74B}
		{E881DC2A-6738-4F9D-A047-0DF201544C1B} = {98F92B6F-59CB-4E97-9C3E-A2D0AA01F74B}
		{BE27CB1F-873A-4971-9C84-A81C7DAD04CD} = {98F92B6F-59CB-4E97-9C3E-A2D0AA01F74B}
		{D0FB86D6-B451-487B-825D-908B7D0AB54C} = {92459B73-D776-40E8-8045-59BE08611D8E}
		{87AF65F0-A706-4145-9779-E810A717AD5A} = {92459B73-D776-40E8-8045-59BE08611D8E}
		{AED211E7-B8A8-4764-86D2-80C9B97CD1C8} = {D0FB86D6-B451-487B-825D-908B7D0AB54C}
		{7DDE6457-9D4A-4AD1-9885-28DB60B68E36} = {D0FB86D6-B451-487B-825D-908B7D0AB54C}
		{68A8917B-3DBF-4BD6-9823-86ACE48D4D02} = {D0FB86D6-B451-487B-825D-908B7D0AB54C}
		{0391C9D0-A95A-4204-A800-F000CB8779FD} = {B36B3DEB-9D69-4EBD-BB8C-59AAAA24FCD2}
	EndGlobalSection
	GlobalSection(MonoDevelopProperties) = preSolution
		StartupItem = OsmSharp.Android.UI.Sample\OsmSharp.Android.UI.Sample.csproj
	EndGlobalSection
EndGlobal
