
Microsoft Visual Studio Solution File, Format Version 11.00
# Visual Studio 2010
Project("{2150E333-8FDC-42A3-9474-1A3956D46DE8}") = "Core", "Core", "{38D6C99B-2556-4784-B386-4AEDEB54318F}"
EndProject
Project("{FAE04EC0-301F-11D3-BF4B-00C04F79EFBC}") = "OsmSharp.iOS", "OsmSharp\OsmSharp.iOS.csproj", "{CF2AE65D-56A8-4577-807B-6FC9B1630489}"
EndProject
Project("{FAE04EC0-301F-11D3-BF4B-00C04F79EFBC}") = "OsmSharp.Osm.iOS", "OsmSharp.Osm\OsmSharp.Osm.iOS.csproj", "{1F1A6D47-3499-47F5-8FDA-98C0BCBAFD5F}"
EndProject
Project("{FAE04EC0-301F-11D3-BF4B-00C04F79EFBC}") = "OsmSharp.Routing.iOS", "OsmSharp.Routing\OsmSharp.Routing.iOS.csproj", "{2CE94153-EEFD-4D25-AF5E-9234F5EEF4AE}"
EndProject
Project("{2150E333-8FDC-42A3-9474-1A3956D46DE8}") = "UI", "UI", "{F6EB922F-A0E9-4F8E-8D3E-6C168C17A8EC}"
EndProject
Project("{2150E333-8FDC-42A3-9474-1A3956D46DE8}") = "iOS", "iOS", "{4D216ACB-82B7-491D-B35B-D157B7EC06A3}"
EndProject
Project("{FAE04EC0-301F-11D3-BF4B-00C04F79EFBC}") = "OsmSharp.iOS.UI", "OsmSharp.iOS.UI\OsmSharp.iOS.UI.csproj", "{2308AF80-AF15-4CBE-8222-E499DF12DCC4}"
EndProject
Project("{FAE04EC0-301F-11D3-BF4B-00C04F79EFBC}") = "OsmSharp.iOS.UI.Sample", "OsmSharp.iOS.UI.Sample\OsmSharp.iOS.UI.Sample.csproj", "{CE41D202-1FE4-4169-9A35-7319491FBC7B}"
EndProject
Project("{FAE04EC0-301F-11D3-BF4B-00C04F79EFBC}") = "OsmSharp.UI.iOS", "OsmSharp.UI\OsmSharp.UI.iOS.csproj", "{1943198A-45C1-44CD-9D5B-2F3417D6E3C6}"
EndProject
Project("{2150E333-8FDC-42A3-9474-1A3956D46DE8}") = "Test", "Test", "{362CC29D-6522-402B-87DF-393FDB870BB8}"
EndProject
Project("{FAE04EC0-301F-11D3-BF4B-00C04F79EFBC}") = "OsmSharp.iOS.Test.Performance", "OsmSharp.iOS.Test.Performance\OsmSharp.iOS.Test.Performance.csproj", "{CE762DC7-4C2D-4884-8B38-334D4B10825F}"
EndProject
Project("{FAE04EC0-301F-11D3-BF4B-00C04F79EFBC}") = "OsmSharp.Test.Performance.iOS", "OsmSharp.Test.Performance\OsmSharp.Test.Performance.iOS.csproj", "{5627E042-8851-48AC-8399-8FE48B69D5FD}"
EndProject
Global
	GlobalSection(SolutionConfigurationPlatforms) = preSolution
		Ad-Hoc|Any CPU = Ad-Hoc|Any CPU
		Ad-Hoc|iPhone = Ad-Hoc|iPhone
		Ad-Hoc|iPhoneSimulator = Ad-Hoc|iPhoneSimulator
		Ad-Hoc|Mixed Platforms = Ad-Hoc|Mixed Platforms
		AppStore|Any CPU = AppStore|Any CPU
		AppStore|iPhone = AppStore|iPhone
		AppStore|iPhoneSimulator = AppStore|iPhoneSimulator
		AppStore|Mixed Platforms = AppStore|Mixed Platforms
		Debug|Any CPU = Debug|Any CPU
		Debug|iPhone = Debug|iPhone
		Debug|iPhoneSimulator = Debug|iPhoneSimulator
		Debug|Mixed Platforms = Debug|Mixed Platforms
		Release|Any CPU = Release|Any CPU
		Release|iPhone = Release|iPhone
		Release|iPhoneSimulator = Release|iPhoneSimulator
		Release|Mixed Platforms = Release|Mixed Platforms
	EndGlobalSection
	GlobalSection(ProjectConfigurationPlatforms) = postSolution
		{1943198A-45C1-44CD-9D5B-2F3417D6E3C6}.Ad-Hoc|Any CPU.ActiveCfg = Release|Any CPU
		{1943198A-45C1-44CD-9D5B-2F3417D6E3C6}.Ad-Hoc|Any CPU.Build.0 = Release|Any CPU
		{1943198A-45C1-44CD-9D5B-2F3417D6E3C6}.Ad-Hoc|iPhone.ActiveCfg = Release|Any CPU
		{1943198A-45C1-44CD-9D5B-2F3417D6E3C6}.Ad-Hoc|iPhoneSimulator.ActiveCfg = Release|Any CPU
		{1943198A-45C1-44CD-9D5B-2F3417D6E3C6}.Ad-Hoc|Mixed Platforms.ActiveCfg = Release|Any CPU
		{1943198A-45C1-44CD-9D5B-2F3417D6E3C6}.Ad-Hoc|Mixed Platforms.Build.0 = Release|Any CPU
		{1943198A-45C1-44CD-9D5B-2F3417D6E3C6}.AppStore|Any CPU.ActiveCfg = Release|Any CPU
		{1943198A-45C1-44CD-9D5B-2F3417D6E3C6}.AppStore|Any CPU.Build.0 = Release|Any CPU
		{1943198A-45C1-44CD-9D5B-2F3417D6E3C6}.AppStore|iPhone.ActiveCfg = Release|Any CPU
		{1943198A-45C1-44CD-9D5B-2F3417D6E3C6}.AppStore|iPhoneSimulator.ActiveCfg = Release|Any CPU
		{1943198A-45C1-44CD-9D5B-2F3417D6E3C6}.AppStore|Mixed Platforms.ActiveCfg = Release|Any CPU
		{1943198A-45C1-44CD-9D5B-2F3417D6E3C6}.AppStore|Mixed Platforms.Build.0 = Release|Any CPU
		{1943198A-45C1-44CD-9D5B-2F3417D6E3C6}.Debug|Any CPU.ActiveCfg = Debug|Any CPU
		{1943198A-45C1-44CD-9D5B-2F3417D6E3C6}.Debug|Any CPU.Build.0 = Debug|Any CPU
		{1943198A-45C1-44CD-9D5B-2F3417D6E3C6}.Debug|iPhone.ActiveCfg = Debug|Any CPU
		{1943198A-45C1-44CD-9D5B-2F3417D6E3C6}.Debug|iPhone.Build.0 = Debug|Any CPU
		{1943198A-45C1-44CD-9D5B-2F3417D6E3C6}.Debug|iPhoneSimulator.ActiveCfg = Debug|Any CPU
		{1943198A-45C1-44CD-9D5B-2F3417D6E3C6}.Debug|iPhoneSimulator.Build.0 = Debug|Any CPU
		{1943198A-45C1-44CD-9D5B-2F3417D6E3C6}.Debug|Mixed Platforms.ActiveCfg = Debug|Any CPU
		{1943198A-45C1-44CD-9D5B-2F3417D6E3C6}.Debug|Mixed Platforms.Build.0 = Debug|Any CPU
		{1943198A-45C1-44CD-9D5B-2F3417D6E3C6}.Release|Any CPU.ActiveCfg = Release|Any CPU
		{1943198A-45C1-44CD-9D5B-2F3417D6E3C6}.Release|Any CPU.Build.0 = Release|Any CPU
		{1943198A-45C1-44CD-9D5B-2F3417D6E3C6}.Release|iPhone.ActiveCfg = Release|Any CPU
		{1943198A-45C1-44CD-9D5B-2F3417D6E3C6}.Release|iPhone.Build.0 = Release|Any CPU
		{1943198A-45C1-44CD-9D5B-2F3417D6E3C6}.Release|iPhoneSimulator.ActiveCfg = Release|Any CPU
		{1943198A-45C1-44CD-9D5B-2F3417D6E3C6}.Release|iPhoneSimulator.Build.0 = Release|Any CPU
		{1943198A-45C1-44CD-9D5B-2F3417D6E3C6}.Release|Mixed Platforms.ActiveCfg = Release|Any CPU
		{1943198A-45C1-44CD-9D5B-2F3417D6E3C6}.Release|Mixed Platforms.Build.0 = Release|Any CPU
		{1F1A6D47-3499-47F5-8FDA-98C0BCBAFD5F}.Ad-Hoc|Any CPU.ActiveCfg = Release|Any CPU
		{1F1A6D47-3499-47F5-8FDA-98C0BCBAFD5F}.Ad-Hoc|Any CPU.Build.0 = Release|Any CPU
		{1F1A6D47-3499-47F5-8FDA-98C0BCBAFD5F}.Ad-Hoc|iPhone.ActiveCfg = Release|Any CPU
		{1F1A6D47-3499-47F5-8FDA-98C0BCBAFD5F}.Ad-Hoc|iPhoneSimulator.ActiveCfg = Release|Any CPU
		{1F1A6D47-3499-47F5-8FDA-98C0BCBAFD5F}.Ad-Hoc|Mixed Platforms.ActiveCfg = Release|Any CPU
		{1F1A6D47-3499-47F5-8FDA-98C0BCBAFD5F}.Ad-Hoc|Mixed Platforms.Build.0 = Release|Any CPU
		{1F1A6D47-3499-47F5-8FDA-98C0BCBAFD5F}.AppStore|Any CPU.ActiveCfg = Release|Any CPU
		{1F1A6D47-3499-47F5-8FDA-98C0BCBAFD5F}.AppStore|Any CPU.Build.0 = Release|Any CPU
		{1F1A6D47-3499-47F5-8FDA-98C0BCBAFD5F}.AppStore|iPhone.ActiveCfg = Release|Any CPU
		{1F1A6D47-3499-47F5-8FDA-98C0BCBAFD5F}.AppStore|iPhoneSimulator.ActiveCfg = Release|Any CPU
		{1F1A6D47-3499-47F5-8FDA-98C0BCBAFD5F}.AppStore|Mixed Platforms.ActiveCfg = Release|Any CPU
		{1F1A6D47-3499-47F5-8FDA-98C0BCBAFD5F}.AppStore|Mixed Platforms.Build.0 = Release|Any CPU
		{1F1A6D47-3499-47F5-8FDA-98C0BCBAFD5F}.Debug|Any CPU.ActiveCfg = Debug|Any CPU
		{1F1A6D47-3499-47F5-8FDA-98C0BCBAFD5F}.Debug|Any CPU.Build.0 = Debug|Any CPU
		{1F1A6D47-3499-47F5-8FDA-98C0BCBAFD5F}.Debug|iPhone.ActiveCfg = Debug|Any CPU
		{1F1A6D47-3499-47F5-8FDA-98C0BCBAFD5F}.Debug|iPhone.Build.0 = Debug|Any CPU
		{1F1A6D47-3499-47F5-8FDA-98C0BCBAFD5F}.Debug|iPhoneSimulator.ActiveCfg = Debug|Any CPU
		{1F1A6D47-3499-47F5-8FDA-98C0BCBAFD5F}.Debug|iPhoneSimulator.Build.0 = Debug|Any CPU
		{1F1A6D47-3499-47F5-8FDA-98C0BCBAFD5F}.Debug|Mixed Platforms.ActiveCfg = Debug|Any CPU
		{1F1A6D47-3499-47F5-8FDA-98C0BCBAFD5F}.Debug|Mixed Platforms.Build.0 = Debug|Any CPU
		{1F1A6D47-3499-47F5-8FDA-98C0BCBAFD5F}.Release|Any CPU.ActiveCfg = Release|Any CPU
		{1F1A6D47-3499-47F5-8FDA-98C0BCBAFD5F}.Release|Any CPU.Build.0 = Release|Any CPU
		{1F1A6D47-3499-47F5-8FDA-98C0BCBAFD5F}.Release|iPhone.ActiveCfg = Release|Any CPU
		{1F1A6D47-3499-47F5-8FDA-98C0BCBAFD5F}.Release|iPhone.Build.0 = Release|Any CPU
		{1F1A6D47-3499-47F5-8FDA-98C0BCBAFD5F}.Release|iPhoneSimulator.ActiveCfg = Release|Any CPU
		{1F1A6D47-3499-47F5-8FDA-98C0BCBAFD5F}.Release|iPhoneSimulator.Build.0 = Release|Any CPU
		{1F1A6D47-3499-47F5-8FDA-98C0BCBAFD5F}.Release|Mixed Platforms.ActiveCfg = Release|Any CPU
		{1F1A6D47-3499-47F5-8FDA-98C0BCBAFD5F}.Release|Mixed Platforms.Build.0 = Release|Any CPU
		{2308AF80-AF15-4CBE-8222-E499DF12DCC4}.Ad-Hoc|Any CPU.ActiveCfg = Release|Any CPU
		{2308AF80-AF15-4CBE-8222-E499DF12DCC4}.Ad-Hoc|Any CPU.Build.0 = Release|Any CPU
		{2308AF80-AF15-4CBE-8222-E499DF12DCC4}.Ad-Hoc|iPhone.ActiveCfg = Release|Any CPU
		{2308AF80-AF15-4CBE-8222-E499DF12DCC4}.Ad-Hoc|iPhone.Build.0 = Release|Any CPU
		{2308AF80-AF15-4CBE-8222-E499DF12DCC4}.Ad-Hoc|iPhoneSimulator.ActiveCfg = Debug|Any CPU
		{2308AF80-AF15-4CBE-8222-E499DF12DCC4}.Ad-Hoc|iPhoneSimulator.Build.0 = Debug|Any CPU
		{2308AF80-AF15-4CBE-8222-E499DF12DCC4}.Ad-Hoc|Mixed Platforms.ActiveCfg = Release|Any CPU
		{2308AF80-AF15-4CBE-8222-E499DF12DCC4}.Ad-Hoc|Mixed Platforms.Build.0 = Release|Any CPU
		{2308AF80-AF15-4CBE-8222-E499DF12DCC4}.AppStore|Any CPU.ActiveCfg = Release|Any CPU
		{2308AF80-AF15-4CBE-8222-E499DF12DCC4}.AppStore|Any CPU.Build.0 = Release|Any CPU
		{2308AF80-AF15-4CBE-8222-E499DF12DCC4}.AppStore|iPhone.ActiveCfg = Release|Any CPU
		{2308AF80-AF15-4CBE-8222-E499DF12DCC4}.AppStore|iPhone.Build.0 = Release|Any CPU
		{2308AF80-AF15-4CBE-8222-E499DF12DCC4}.AppStore|iPhoneSimulator.ActiveCfg = Debug|Any CPU
		{2308AF80-AF15-4CBE-8222-E499DF12DCC4}.AppStore|iPhoneSimulator.Build.0 = Debug|Any CPU
		{2308AF80-AF15-4CBE-8222-E499DF12DCC4}.AppStore|Mixed Platforms.ActiveCfg = Release|Any CPU
		{2308AF80-AF15-4CBE-8222-E499DF12DCC4}.AppStore|Mixed Platforms.Build.0 = Release|Any CPU
		{2308AF80-AF15-4CBE-8222-E499DF12DCC4}.Debug|Any CPU.ActiveCfg = Debug|Any CPU
		{2308AF80-AF15-4CBE-8222-E499DF12DCC4}.Debug|Any CPU.Build.0 = Debug|Any CPU
		{2308AF80-AF15-4CBE-8222-E499DF12DCC4}.Debug|iPhone.ActiveCfg = Debug|Any CPU
		{2308AF80-AF15-4CBE-8222-E499DF12DCC4}.Debug|iPhone.Build.0 = Debug|Any CPU
		{2308AF80-AF15-4CBE-8222-E499DF12DCC4}.Debug|iPhoneSimulator.ActiveCfg = Debug|Any CPU
		{2308AF80-AF15-4CBE-8222-E499DF12DCC4}.Debug|iPhoneSimulator.Build.0 = Debug|Any CPU
		{2308AF80-AF15-4CBE-8222-E499DF12DCC4}.Debug|Mixed Platforms.ActiveCfg = Debug|Any CPU
		{2308AF80-AF15-4CBE-8222-E499DF12DCC4}.Debug|Mixed Platforms.Build.0 = Debug|Any CPU
		{2308AF80-AF15-4CBE-8222-E499DF12DCC4}.Release|Any CPU.ActiveCfg = Release|Any CPU
		{2308AF80-AF15-4CBE-8222-E499DF12DCC4}.Release|Any CPU.Build.0 = Release|Any CPU
		{2308AF80-AF15-4CBE-8222-E499DF12DCC4}.Release|iPhone.ActiveCfg = Release|Any CPU
		{2308AF80-AF15-4CBE-8222-E499DF12DCC4}.Release|iPhone.Build.0 = Release|Any CPU
		{2308AF80-AF15-4CBE-8222-E499DF12DCC4}.Release|iPhoneSimulator.ActiveCfg = Release|Any CPU
		{2308AF80-AF15-4CBE-8222-E499DF12DCC4}.Release|iPhoneSimulator.Build.0 = Release|Any CPU
		{2308AF80-AF15-4CBE-8222-E499DF12DCC4}.Release|Mixed Platforms.ActiveCfg = Release|Any CPU
		{2308AF80-AF15-4CBE-8222-E499DF12DCC4}.Release|Mixed Platforms.Build.0 = Release|Any CPU
		{2CE94153-EEFD-4D25-AF5E-9234F5EEF4AE}.Ad-Hoc|Any CPU.ActiveCfg = Release|Any CPU
		{2CE94153-EEFD-4D25-AF5E-9234F5EEF4AE}.Ad-Hoc|Any CPU.Build.0 = Release|Any CPU
		{2CE94153-EEFD-4D25-AF5E-9234F5EEF4AE}.Ad-Hoc|iPhone.ActiveCfg = Release|Any CPU
		{2CE94153-EEFD-4D25-AF5E-9234F5EEF4AE}.Ad-Hoc|iPhoneSimulator.ActiveCfg = Release|Any CPU
		{2CE94153-EEFD-4D25-AF5E-9234F5EEF4AE}.Ad-Hoc|Mixed Platforms.ActiveCfg = Release|Any CPU
		{2CE94153-EEFD-4D25-AF5E-9234F5EEF4AE}.Ad-Hoc|Mixed Platforms.Build.0 = Release|Any CPU
		{2CE94153-EEFD-4D25-AF5E-9234F5EEF4AE}.AppStore|Any CPU.ActiveCfg = Release|Any CPU
		{2CE94153-EEFD-4D25-AF5E-9234F5EEF4AE}.AppStore|Any CPU.Build.0 = Release|Any CPU
		{2CE94153-EEFD-4D25-AF5E-9234F5EEF4AE}.AppStore|iPhone.ActiveCfg = Release|Any CPU
		{2CE94153-EEFD-4D25-AF5E-9234F5EEF4AE}.AppStore|iPhoneSimulator.ActiveCfg = Release|Any CPU
		{2CE94153-EEFD-4D25-AF5E-9234F5EEF4AE}.AppStore|Mixed Platforms.ActiveCfg = Release|Any CPU
		{2CE94153-EEFD-4D25-AF5E-9234F5EEF4AE}.AppStore|Mixed Platforms.Build.0 = Release|Any CPU
		{2CE94153-EEFD-4D25-AF5E-9234F5EEF4AE}.Debug|Any CPU.ActiveCfg = Debug|Any CPU
		{2CE94153-EEFD-4D25-AF5E-9234F5EEF4AE}.Debug|Any CPU.Build.0 = Debug|Any CPU
		{2CE94153-EEFD-4D25-AF5E-9234F5EEF4AE}.Debug|iPhone.ActiveCfg = Debug|Any CPU
		{2CE94153-EEFD-4D25-AF5E-9234F5EEF4AE}.Debug|iPhone.Build.0 = Debug|Any CPU
		{2CE94153-EEFD-4D25-AF5E-9234F5EEF4AE}.Debug|iPhoneSimulator.ActiveCfg = Debug|Any CPU
		{2CE94153-EEFD-4D25-AF5E-9234F5EEF4AE}.Debug|iPhoneSimulator.Build.0 = Debug|Any CPU
		{2CE94153-EEFD-4D25-AF5E-9234F5EEF4AE}.Debug|Mixed Platforms.ActiveCfg = Debug|Any CPU
		{2CE94153-EEFD-4D25-AF5E-9234F5EEF4AE}.Debug|Mixed Platforms.Build.0 = Debug|Any CPU
		{2CE94153-EEFD-4D25-AF5E-9234F5EEF4AE}.Release|Any CPU.ActiveCfg = Release|Any CPU
		{2CE94153-EEFD-4D25-AF5E-9234F5EEF4AE}.Release|Any CPU.Build.0 = Release|Any CPU
		{2CE94153-EEFD-4D25-AF5E-9234F5EEF4AE}.Release|iPhone.ActiveCfg = Release|Any CPU
		{2CE94153-EEFD-4D25-AF5E-9234F5EEF4AE}.Release|iPhone.Build.0 = Release|Any CPU
		{2CE94153-EEFD-4D25-AF5E-9234F5EEF4AE}.Release|iPhoneSimulator.ActiveCfg = Release|Any CPU
		{2CE94153-EEFD-4D25-AF5E-9234F5EEF4AE}.Release|iPhoneSimulator.Build.0 = Release|Any CPU
		{2CE94153-EEFD-4D25-AF5E-9234F5EEF4AE}.Release|Mixed Platforms.ActiveCfg = Release|Any CPU
		{2CE94153-EEFD-4D25-AF5E-9234F5EEF4AE}.Release|Mixed Platforms.Build.0 = Release|Any CPU
		{5627E042-8851-48AC-8399-8FE48B69D5FD}.Ad-Hoc|Any CPU.ActiveCfg = Ad-Hoc|iPhone
		{5627E042-8851-48AC-8399-8FE48B69D5FD}.Ad-Hoc|Any CPU.Build.0 = Ad-Hoc|iPhone
		{5627E042-8851-48AC-8399-8FE48B69D5FD}.Ad-Hoc|iPhone.ActiveCfg = Ad-Hoc|iPhone
		{5627E042-8851-48AC-8399-8FE48B69D5FD}.Ad-Hoc|iPhone.Build.0 = Ad-Hoc|iPhone
		{5627E042-8851-48AC-8399-8FE48B69D5FD}.Ad-Hoc|iPhoneSimulator.ActiveCfg = Debug|iPhoneSimulator
		{5627E042-8851-48AC-8399-8FE48B69D5FD}.Ad-Hoc|iPhoneSimulator.Build.0 = Debug|iPhoneSimulator
		{5627E042-8851-48AC-8399-8FE48B69D5FD}.Ad-Hoc|Mixed Platforms.ActiveCfg = Ad-Hoc|iPhone
		{5627E042-8851-48AC-8399-8FE48B69D5FD}.Ad-Hoc|Mixed Platforms.Build.0 = Ad-Hoc|iPhone
		{5627E042-8851-48AC-8399-8FE48B69D5FD}.AppStore|Any CPU.ActiveCfg = AppStore|iPhone
		{5627E042-8851-48AC-8399-8FE48B69D5FD}.AppStore|Any CPU.Build.0 = AppStore|iPhone
		{5627E042-8851-48AC-8399-8FE48B69D5FD}.AppStore|iPhone.ActiveCfg = AppStore|iPhone
		{5627E042-8851-48AC-8399-8FE48B69D5FD}.AppStore|iPhone.Build.0 = AppStore|iPhone
		{5627E042-8851-48AC-8399-8FE48B69D5FD}.AppStore|iPhoneSimulator.ActiveCfg = Debug|iPhoneSimulator
		{5627E042-8851-48AC-8399-8FE48B69D5FD}.AppStore|iPhoneSimulator.Build.0 = Debug|iPhoneSimulator
		{5627E042-8851-48AC-8399-8FE48B69D5FD}.AppStore|Mixed Platforms.ActiveCfg = AppStore|iPhone
		{5627E042-8851-48AC-8399-8FE48B69D5FD}.AppStore|Mixed Platforms.Build.0 = AppStore|iPhone
		{5627E042-8851-48AC-8399-8FE48B69D5FD}.Debug|Any CPU.ActiveCfg = Debug|iPhoneSimulator
		{5627E042-8851-48AC-8399-8FE48B69D5FD}.Debug|Any CPU.Build.0 = Debug|iPhoneSimulator
		{5627E042-8851-48AC-8399-8FE48B69D5FD}.Debug|iPhone.ActiveCfg = Debug|iPhone
		{5627E042-8851-48AC-8399-8FE48B69D5FD}.Debug|iPhone.Build.0 = Debug|iPhone
		{5627E042-8851-48AC-8399-8FE48B69D5FD}.Debug|iPhoneSimulator.ActiveCfg = Debug|iPhoneSimulator
		{5627E042-8851-48AC-8399-8FE48B69D5FD}.Debug|iPhoneSimulator.Build.0 = Debug|iPhoneSimulator
		{5627E042-8851-48AC-8399-8FE48B69D5FD}.Debug|Mixed Platforms.ActiveCfg = Debug|iPhoneSimulator
		{5627E042-8851-48AC-8399-8FE48B69D5FD}.Debug|Mixed Platforms.Build.0 = Debug|iPhoneSimulator
		{5627E042-8851-48AC-8399-8FE48B69D5FD}.Release|Any CPU.ActiveCfg = Release|iPhoneSimulator
		{5627E042-8851-48AC-8399-8FE48B69D5FD}.Release|Any CPU.Build.0 = Release|iPhoneSimulator
		{5627E042-8851-48AC-8399-8FE48B69D5FD}.Release|iPhone.ActiveCfg = Release|iPhone
		{5627E042-8851-48AC-8399-8FE48B69D5FD}.Release|iPhone.Build.0 = Release|iPhone
		{5627E042-8851-48AC-8399-8FE48B69D5FD}.Release|iPhoneSimulator.ActiveCfg = Release|iPhoneSimulator
		{5627E042-8851-48AC-8399-8FE48B69D5FD}.Release|iPhoneSimulator.Build.0 = Release|iPhoneSimulator
		{5627E042-8851-48AC-8399-8FE48B69D5FD}.Release|Mixed Platforms.ActiveCfg = Release|iPhoneSimulator
		{5627E042-8851-48AC-8399-8FE48B69D5FD}.Release|Mixed Platforms.Build.0 = Release|iPhoneSimulator
		{CE41D202-1FE4-4169-9A35-7319491FBC7B}.Ad-Hoc|Any CPU.ActiveCfg = Ad-Hoc|iPhone
		{CE41D202-1FE4-4169-9A35-7319491FBC7B}.Ad-Hoc|Any CPU.Build.0 = Ad-Hoc|iPhone
		{CE41D202-1FE4-4169-9A35-7319491FBC7B}.Ad-Hoc|iPhone.ActiveCfg = Ad-Hoc|iPhone
		{CE41D202-1FE4-4169-9A35-7319491FBC7B}.Ad-Hoc|iPhone.Build.0 = Ad-Hoc|iPhone
		{CE41D202-1FE4-4169-9A35-7319491FBC7B}.Ad-Hoc|iPhoneSimulator.ActiveCfg = Ad-Hoc|iPhoneSimulator
		{CE41D202-1FE4-4169-9A35-7319491FBC7B}.Ad-Hoc|iPhoneSimulator.Build.0 = Ad-Hoc|iPhoneSimulator
		{CE41D202-1FE4-4169-9A35-7319491FBC7B}.Ad-Hoc|Mixed Platforms.ActiveCfg = Ad-Hoc|iPhone
		{CE41D202-1FE4-4169-9A35-7319491FBC7B}.Ad-Hoc|Mixed Platforms.Build.0 = Ad-Hoc|iPhone
		{CE41D202-1FE4-4169-9A35-7319491FBC7B}.AppStore|Any CPU.ActiveCfg = AppStore|iPhone
		{CE41D202-1FE4-4169-9A35-7319491FBC7B}.AppStore|Any CPU.Build.0 = AppStore|iPhone
		{CE41D202-1FE4-4169-9A35-7319491FBC7B}.AppStore|iPhone.ActiveCfg = AppStore|iPhone
		{CE41D202-1FE4-4169-9A35-7319491FBC7B}.AppStore|iPhone.Build.0 = AppStore|iPhone
		{CE41D202-1FE4-4169-9A35-7319491FBC7B}.AppStore|iPhoneSimulator.ActiveCfg = AppStore|iPhoneSimulator
		{CE41D202-1FE4-4169-9A35-7319491FBC7B}.AppStore|iPhoneSimulator.Build.0 = AppStore|iPhoneSimulator
		{CE41D202-1FE4-4169-9A35-7319491FBC7B}.AppStore|Mixed Platforms.ActiveCfg = AppStore|iPhone
		{CE41D202-1FE4-4169-9A35-7319491FBC7B}.AppStore|Mixed Platforms.Build.0 = AppStore|iPhone
		{CE41D202-1FE4-4169-9A35-7319491FBC7B}.Debug|Any CPU.ActiveCfg = Debug|iPhone
		{CE41D202-1FE4-4169-9A35-7319491FBC7B}.Debug|Any CPU.Build.0 = Debug|iPhone
		{CE41D202-1FE4-4169-9A35-7319491FBC7B}.Debug|iPhone.ActiveCfg = Debug|iPhone
		{CE41D202-1FE4-4169-9A35-7319491FBC7B}.Debug|iPhone.Build.0 = Debug|iPhone
		{CE41D202-1FE4-4169-9A35-7319491FBC7B}.Debug|iPhoneSimulator.ActiveCfg = Debug|iPhoneSimulator
		{CE41D202-1FE4-4169-9A35-7319491FBC7B}.Debug|iPhoneSimulator.Build.0 = Debug|iPhoneSimulator
		{CE41D202-1FE4-4169-9A35-7319491FBC7B}.Debug|Mixed Platforms.ActiveCfg = Debug|iPhoneSimulator
		{CE41D202-1FE4-4169-9A35-7319491FBC7B}.Debug|Mixed Platforms.Build.0 = Debug|iPhoneSimulator
		{CE41D202-1FE4-4169-9A35-7319491FBC7B}.Release|Any CPU.ActiveCfg = Release|iPhone
		{CE41D202-1FE4-4169-9A35-7319491FBC7B}.Release|Any CPU.Build.0 = Release|iPhone
		{CE41D202-1FE4-4169-9A35-7319491FBC7B}.Release|iPhone.ActiveCfg = Release|iPhone
		{CE41D202-1FE4-4169-9A35-7319491FBC7B}.Release|iPhone.Build.0 = Release|iPhone
		{CE41D202-1FE4-4169-9A35-7319491FBC7B}.Release|iPhoneSimulator.ActiveCfg = Release|iPhoneSimulator
		{CE41D202-1FE4-4169-9A35-7319491FBC7B}.Release|iPhoneSimulator.Build.0 = Release|iPhoneSimulator
		{CE41D202-1FE4-4169-9A35-7319491FBC7B}.Release|Mixed Platforms.ActiveCfg = Release|iPhone
		{CE41D202-1FE4-4169-9A35-7319491FBC7B}.Release|Mixed Platforms.Build.0 = Release|iPhone
		{CE762DC7-4C2D-4884-8B38-334D4B10825F}.Ad-Hoc|Any CPU.ActiveCfg = Ad-Hoc|iPhone
		{CE762DC7-4C2D-4884-8B38-334D4B10825F}.Ad-Hoc|Any CPU.Build.0 = Ad-Hoc|iPhone
		{CE762DC7-4C2D-4884-8B38-334D4B10825F}.Ad-Hoc|iPhone.ActiveCfg = Ad-Hoc|iPhone
		{CE762DC7-4C2D-4884-8B38-334D4B10825F}.Ad-Hoc|iPhone.Build.0 = Ad-Hoc|iPhone
		{CE762DC7-4C2D-4884-8B38-334D4B10825F}.Ad-Hoc|iPhoneSimulator.ActiveCfg = Debug|iPhoneSimulator
		{CE762DC7-4C2D-4884-8B38-334D4B10825F}.Ad-Hoc|iPhoneSimulator.Build.0 = Debug|iPhoneSimulator
		{CE762DC7-4C2D-4884-8B38-334D4B10825F}.Ad-Hoc|Mixed Platforms.ActiveCfg = Ad-Hoc|iPhone
		{CE762DC7-4C2D-4884-8B38-334D4B10825F}.Ad-Hoc|Mixed Platforms.Build.0 = Ad-Hoc|iPhone
		{CE762DC7-4C2D-4884-8B38-334D4B10825F}.AppStore|Any CPU.ActiveCfg = AppStore|iPhone
		{CE762DC7-4C2D-4884-8B38-334D4B10825F}.AppStore|Any CPU.Build.0 = AppStore|iPhone
		{CE762DC7-4C2D-4884-8B38-334D4B10825F}.AppStore|iPhone.ActiveCfg = AppStore|iPhone
		{CE762DC7-4C2D-4884-8B38-334D4B10825F}.AppStore|iPhone.Build.0 = AppStore|iPhone
		{CE762DC7-4C2D-4884-8B38-334D4B10825F}.AppStore|iPhoneSimulator.ActiveCfg = Debug|iPhoneSimulator
		{CE762DC7-4C2D-4884-8B38-334D4B10825F}.AppStore|iPhoneSimulator.Build.0 = Debug|iPhoneSimulator
		{CE762DC7-4C2D-4884-8B38-334D4B10825F}.AppStore|Mixed Platforms.ActiveCfg = AppStore|iPhone
		{CE762DC7-4C2D-4884-8B38-334D4B10825F}.AppStore|Mixed Platforms.Build.0 = AppStore|iPhone
		{CE762DC7-4C2D-4884-8B38-334D4B10825F}.Debug|Any CPU.ActiveCfg = Debug|iPhoneSimulator
		{CE762DC7-4C2D-4884-8B38-334D4B10825F}.Debug|Any CPU.Build.0 = Debug|iPhoneSimulator
		{CE762DC7-4C2D-4884-8B38-334D4B10825F}.Debug|iPhone.ActiveCfg = Debug|iPhone
		{CE762DC7-4C2D-4884-8B38-334D4B10825F}.Debug|iPhone.Build.0 = Debug|iPhone
		{CE762DC7-4C2D-4884-8B38-334D4B10825F}.Debug|iPhoneSimulator.ActiveCfg = Debug|iPhoneSimulator
		{CE762DC7-4C2D-4884-8B38-334D4B10825F}.Debug|iPhoneSimulator.Build.0 = Debug|iPhoneSimulator
		{CE762DC7-4C2D-4884-8B38-334D4B10825F}.Debug|Mixed Platforms.ActiveCfg = Debug|iPhoneSimulator
		{CE762DC7-4C2D-4884-8B38-334D4B10825F}.Debug|Mixed Platforms.Build.0 = Debug|iPhoneSimulator
		{CE762DC7-4C2D-4884-8B38-334D4B10825F}.Release|Any CPU.ActiveCfg = Release|iPhoneSimulator
		{CE762DC7-4C2D-4884-8B38-334D4B10825F}.Release|Any CPU.Build.0 = Release|iPhoneSimulator
		{CE762DC7-4C2D-4884-8B38-334D4B10825F}.Release|iPhone.ActiveCfg = Release|iPhone
		{CE762DC7-4C2D-4884-8B38-334D4B10825F}.Release|iPhone.Build.0 = Release|iPhone
		{CE762DC7-4C2D-4884-8B38-334D4B10825F}.Release|iPhoneSimulator.ActiveCfg = Release|iPhoneSimulator
		{CE762DC7-4C2D-4884-8B38-334D4B10825F}.Release|iPhoneSimulator.Build.0 = Release|iPhoneSimulator
		{CE762DC7-4C2D-4884-8B38-334D4B10825F}.Release|Mixed Platforms.ActiveCfg = Release|iPhoneSimulator
		{CE762DC7-4C2D-4884-8B38-334D4B10825F}.Release|Mixed Platforms.Build.0 = Release|iPhoneSimulator
		{CF2AE65D-56A8-4577-807B-6FC9B1630489}.Ad-Hoc|Any CPU.ActiveCfg = Release|Any CPU
		{CF2AE65D-56A8-4577-807B-6FC9B1630489}.Ad-Hoc|Any CPU.Build.0 = Release|Any CPU
		{CF2AE65D-56A8-4577-807B-6FC9B1630489}.Ad-Hoc|iPhone.ActiveCfg = Release|Any CPU
		{CF2AE65D-56A8-4577-807B-6FC9B1630489}.Ad-Hoc|iPhoneSimulator.ActiveCfg = Release|Any CPU
		{CF2AE65D-56A8-4577-807B-6FC9B1630489}.Ad-Hoc|Mixed Platforms.ActiveCfg = Release|Any CPU
		{CF2AE65D-56A8-4577-807B-6FC9B1630489}.Ad-Hoc|Mixed Platforms.Build.0 = Release|Any CPU
		{CF2AE65D-56A8-4577-807B-6FC9B1630489}.AppStore|Any CPU.ActiveCfg = Release|Any CPU
		{CF2AE65D-56A8-4577-807B-6FC9B1630489}.AppStore|Any CPU.Build.0 = Release|Any CPU
		{CF2AE65D-56A8-4577-807B-6FC9B1630489}.AppStore|iPhone.ActiveCfg = Release|Any CPU
		{CF2AE65D-56A8-4577-807B-6FC9B1630489}.AppStore|iPhoneSimulator.ActiveCfg = Release|Any CPU
		{CF2AE65D-56A8-4577-807B-6FC9B1630489}.AppStore|Mixed Platforms.ActiveCfg = Release|Any CPU
		{CF2AE65D-56A8-4577-807B-6FC9B1630489}.AppStore|Mixed Platforms.Build.0 = Release|Any CPU
		{CF2AE65D-56A8-4577-807B-6FC9B1630489}.Debug|Any CPU.ActiveCfg = Debug|Any CPU
		{CF2AE65D-56A8-4577-807B-6FC9B1630489}.Debug|Any CPU.Build.0 = Debug|Any CPU
		{CF2AE65D-56A8-4577-807B-6FC9B1630489}.Debug|iPhone.ActiveCfg = Debug|Any CPU
		{CF2AE65D-56A8-4577-807B-6FC9B1630489}.Debug|iPhone.Build.0 = Debug|Any CPU
		{CF2AE65D-56A8-4577-807B-6FC9B1630489}.Debug|iPhoneSimulator.ActiveCfg = Debug|Any CPU
		{CF2AE65D-56A8-4577-807B-6FC9B1630489}.Debug|iPhoneSimulator.Build.0 = Debug|Any CPU
		{CF2AE65D-56A8-4577-807B-6FC9B1630489}.Debug|Mixed Platforms.ActiveCfg = Debug|Any CPU
		{CF2AE65D-56A8-4577-807B-6FC9B1630489}.Debug|Mixed Platforms.Build.0 = Debug|Any CPU
		{CF2AE65D-56A8-4577-807B-6FC9B1630489}.Release|Any CPU.ActiveCfg = Release|Any CPU
		{CF2AE65D-56A8-4577-807B-6FC9B1630489}.Release|Any CPU.Build.0 = Release|Any CPU
		{CF2AE65D-56A8-4577-807B-6FC9B1630489}.Release|iPhone.ActiveCfg = Release|Any CPU
		{CF2AE65D-56A8-4577-807B-6FC9B1630489}.Release|iPhone.Build.0 = Release|Any CPU
		{CF2AE65D-56A8-4577-807B-6FC9B1630489}.Release|iPhoneSimulator.ActiveCfg = Release|Any CPU
		{CF2AE65D-56A8-4577-807B-6FC9B1630489}.Release|iPhoneSimulator.Build.0 = Release|Any CPU
		{CF2AE65D-56A8-4577-807B-6FC9B1630489}.Release|Mixed Platforms.ActiveCfg = Release|Any CPU
		{CF2AE65D-56A8-4577-807B-6FC9B1630489}.Release|Mixed Platforms.Build.0 = Release|Any CPU
	EndGlobalSection
	GlobalSection(NestedProjects) = preSolution
		{CF2AE65D-56A8-4577-807B-6FC9B1630489} = {38D6C99B-2556-4784-B386-4AEDEB54318F}
		{1F1A6D47-3499-47F5-8FDA-98C0BCBAFD5F} = {38D6C99B-2556-4784-B386-4AEDEB54318F}
		{2CE94153-EEFD-4D25-AF5E-9234F5EEF4AE} = {38D6C99B-2556-4784-B386-4AEDEB54318F}
		{4D216ACB-82B7-491D-B35B-D157B7EC06A3} = {F6EB922F-A0E9-4F8E-8D3E-6C168C17A8EC}
		{1943198A-45C1-44CD-9D5B-2F3417D6E3C6} = {F6EB922F-A0E9-4F8E-8D3E-6C168C17A8EC}
		{2308AF80-AF15-4CBE-8222-E499DF12DCC4} = {4D216ACB-82B7-491D-B35B-D157B7EC06A3}
		{CE41D202-1FE4-4169-9A35-7319491FBC7B} = {4D216ACB-82B7-491D-B35B-D157B7EC06A3}
		{CE762DC7-4C2D-4884-8B38-334D4B10825F} = {362CC29D-6522-402B-87DF-393FDB870BB8}
		{5627E042-8851-48AC-8399-8FE48B69D5FD} = {362CC29D-6522-402B-87DF-393FDB870BB8}
	EndGlobalSection
	GlobalSection(MonoDevelopProperties) = preSolution
		StartupItem = OsmSharp.iOS.UI.Sample\OsmSharp.iOS.UI.Sample.csproj
	EndGlobalSection
	GlobalSection(SolutionProperties) = preSolution
		HideSolutionNode = FALSE
	EndGlobalSection
EndGlobal
