
Microsoft Visual Studio Solution File, Format Version 12.00
# Visual Studio 2013
VisualStudioVersion = 12.0.21005.1
MinimumVisualStudioVersion = 10.0.40219.1
Project("{2150E333-8FDC-42A3-9474-1A3956D46DE8}") = "Core", "Core", "{77A86923-AAE9-470C-A04B-9103A962388C}"
EndProject
Project("{2150E333-8FDC-42A3-9474-1A3956D46DE8}") = "UI", "UI", "{00817571-839D-49D8-89BC-17652D1D992F}"
EndProject
Project("{2150E333-8FDC-42A3-9474-1A3956D46DE8}") = "WindowsPhone", "WindowsPhone", "{0E5D28A9-9626-4E4C-AC21-59A15ED79719}"
EndProject
Project("{FAE04EC0-301F-11D3-BF4B-00C04F79EFBC}") = "OsmSharp", "OsmSharp\OsmSharp.csproj", "{077997FD-A61D-4DC0-B4B0-7429BF9824E8}"
EndProject
Project("{FAE04EC0-301F-11D3-BF4B-00C04F79EFBC}") = "OsmSharp.Osm", "OsmSharp.Osm\OsmSharp.Osm.csproj", "{E20DC51A-431E-49F7-8018-53FE0DE80386}"
EndProject
Project("{FAE04EC0-301F-11D3-BF4B-00C04F79EFBC}") = "OsmSharp.Routing", "OsmSharp.Routing\OsmSharp.Routing.csproj", "{2F4D2B40-D557-4640-96E1-693D598012A6}"
EndProject
Project("{FAE04EC0-301F-11D3-BF4B-00C04F79EFBC}") = "OsmSharp.UI", "OsmSharp.UI\OsmSharp.UI.csproj", "{1524C255-2EE5-4C0C-A64C-56CE39A062E3}"
EndProject
Project("{FAE04EC0-301F-11D3-BF4B-00C04F79EFBC}") = "OsmSharp.WindowsPhone.UI", "OsmSharp.WindowsPhone.UI\OsmSharp.WindowsPhone.UI.csproj", "{5ED8F316-9B5A-46DB-BDB6-73269D361969}"
EndProject
Global
	GlobalSection(SolutionConfigurationPlatforms) = preSolution
		Debug|Any CPU = Debug|Any CPU
		Debug|ARM = Debug|ARM
		Debug|Mixed Platforms = Debug|Mixed Platforms
		Debug|Windows Phone = Debug|Windows Phone
		Debug|x86 = Debug|x86
		Release|Any CPU = Release|Any CPU
		Release|ARM = Release|ARM
		Release|Mixed Platforms = Release|Mixed Platforms
		Release|Windows Phone = Release|Windows Phone
		Release|x86 = Release|x86
	EndGlobalSection
	GlobalSection(ProjectConfigurationPlatforms) = postSolution
		{077997FD-A61D-4DC0-B4B0-7429BF9824E8}.Debug|Any CPU.ActiveCfg = Debug|Any CPU
		{077997FD-A61D-4DC0-B4B0-7429BF9824E8}.Debug|Any CPU.Build.0 = Debug|Any CPU
		{077997FD-A61D-4DC0-B4B0-7429BF9824E8}.Debug|ARM.ActiveCfg = Debug|Any CPU
		{077997FD-A61D-4DC0-B4B0-7429BF9824E8}.Debug|Mixed Platforms.ActiveCfg = Debug|Any CPU
		{077997FD-A61D-4DC0-B4B0-7429BF9824E8}.Debug|Mixed Platforms.Build.0 = Debug|Any CPU
		{077997FD-A61D-4DC0-B4B0-7429BF9824E8}.Debug|Windows Phone.ActiveCfg = Debug|Any CPU
		{077997FD-A61D-4DC0-B4B0-7429BF9824E8}.Debug|x86.ActiveCfg = Debug|Any CPU
		{077997FD-A61D-4DC0-B4B0-7429BF9824E8}.Release|Any CPU.ActiveCfg = Release|Any CPU
		{077997FD-A61D-4DC0-B4B0-7429BF9824E8}.Release|Any CPU.Build.0 = Release|Any CPU
		{077997FD-A61D-4DC0-B4B0-7429BF9824E8}.Release|ARM.ActiveCfg = Release|Any CPU
		{077997FD-A61D-4DC0-B4B0-7429BF9824E8}.Release|Mixed Platforms.ActiveCfg = Release|Any CPU
		{077997FD-A61D-4DC0-B4B0-7429BF9824E8}.Release|Mixed Platforms.Build.0 = Release|Any CPU
		{077997FD-A61D-4DC0-B4B0-7429BF9824E8}.Release|Windows Phone.ActiveCfg = Release|Any CPU
		{077997FD-A61D-4DC0-B4B0-7429BF9824E8}.Release|x86.ActiveCfg = Release|Any CPU
		{E20DC51A-431E-49F7-8018-53FE0DE80386}.Debug|Any CPU.ActiveCfg = Debug|Any CPU
		{E20DC51A-431E-49F7-8018-53FE0DE80386}.Debug|Any CPU.Build.0 = Debug|Any CPU
		{E20DC51A-431E-49F7-8018-53FE0DE80386}.Debug|ARM.ActiveCfg = Debug|Any CPU
		{E20DC51A-431E-49F7-8018-53FE0DE80386}.Debug|Mixed Platforms.ActiveCfg = Debug|Any CPU
		{E20DC51A-431E-49F7-8018-53FE0DE80386}.Debug|Mixed Platforms.Build.0 = Debug|Any CPU
		{E20DC51A-431E-49F7-8018-53FE0DE80386}.Debug|Windows Phone.ActiveCfg = Debug|Any CPU
		{E20DC51A-431E-49F7-8018-53FE0DE80386}.Debug|x86.ActiveCfg = Debug|Any CPU
		{E20DC51A-431E-49F7-8018-53FE0DE80386}.Release|Any CPU.ActiveCfg = Release|Any CPU
		{E20DC51A-431E-49F7-8018-53FE0DE80386}.Release|Any CPU.Build.0 = Release|Any CPU
		{E20DC51A-431E-49F7-8018-53FE0DE80386}.Release|ARM.ActiveCfg = Release|Any CPU
		{E20DC51A-431E-49F7-8018-53FE0DE80386}.Release|Mixed Platforms.ActiveCfg = Release|Any CPU
		{E20DC51A-431E-49F7-8018-53FE0DE80386}.Release|Mixed Platforms.Build.0 = Release|Any CPU
		{E20DC51A-431E-49F7-8018-53FE0DE80386}.Release|Windows Phone.ActiveCfg = Release|Any CPU
		{E20DC51A-431E-49F7-8018-53FE0DE80386}.Release|x86.ActiveCfg = Release|Any CPU
		{2F4D2B40-D557-4640-96E1-693D598012A6}.Debug|Any CPU.ActiveCfg = Debug|Any CPU
		{2F4D2B40-D557-4640-96E1-693D598012A6}.Debug|Any CPU.Build.0 = Debug|Any CPU
		{2F4D2B40-D557-4640-96E1-693D598012A6}.Debug|ARM.ActiveCfg = Debug|Any CPU
		{2F4D2B40-D557-4640-96E1-693D598012A6}.Debug|Mixed Platforms.ActiveCfg = Debug|Any CPU
		{2F4D2B40-D557-4640-96E1-693D598012A6}.Debug|Mixed Platforms.Build.0 = Debug|Any CPU
		{2F4D2B40-D557-4640-96E1-693D598012A6}.Debug|Windows Phone.ActiveCfg = Debug|Any CPU
		{2F4D2B40-D557-4640-96E1-693D598012A6}.Debug|x86.ActiveCfg = Debug|Any CPU
		{2F4D2B40-D557-4640-96E1-693D598012A6}.Release|Any CPU.ActiveCfg = Release|Any CPU
		{2F4D2B40-D557-4640-96E1-693D598012A6}.Release|Any CPU.Build.0 = Release|Any CPU
		{2F4D2B40-D557-4640-96E1-693D598012A6}.Release|ARM.ActiveCfg = Release|Any CPU
		{2F4D2B40-D557-4640-96E1-693D598012A6}.Release|Mixed Platforms.ActiveCfg = Release|Any CPU
		{2F4D2B40-D557-4640-96E1-693D598012A6}.Release|Mixed Platforms.Build.0 = Release|Any CPU
		{2F4D2B40-D557-4640-96E1-693D598012A6}.Release|Windows Phone.ActiveCfg = Release|Any CPU
		{2F4D2B40-D557-4640-96E1-693D598012A6}.Release|x86.ActiveCfg = Release|Any CPU
		{1524C255-2EE5-4C0C-A64C-56CE39A062E3}.Debug|Any CPU.ActiveCfg = Debug|Any CPU
		{1524C255-2EE5-4C0C-A64C-56CE39A062E3}.Debug|Any CPU.Build.0 = Debug|Any CPU
		{1524C255-2EE5-4C0C-A64C-56CE39A062E3}.Debug|ARM.ActiveCfg = Debug|Any CPU
		{1524C255-2EE5-4C0C-A64C-56CE39A062E3}.Debug|Mixed Platforms.ActiveCfg = Debug|Any CPU
		{1524C255-2EE5-4C0C-A64C-56CE39A062E3}.Debug|Mixed Platforms.Build.0 = Debug|Any CPU
		{1524C255-2EE5-4C0C-A64C-56CE39A062E3}.Debug|Windows Phone.ActiveCfg = Debug|Any CPU
		{1524C255-2EE5-4C0C-A64C-56CE39A062E3}.Debug|x86.ActiveCfg = Debug|Any CPU
		{1524C255-2EE5-4C0C-A64C-56CE39A062E3}.Release|Any CPU.ActiveCfg = Release|Any CPU
		{1524C255-2EE5-4C0C-A64C-56CE39A062E3}.Release|Any CPU.Build.0 = Release|Any CPU
		{1524C255-2EE5-4C0C-A64C-56CE39A062E3}.Release|ARM.ActiveCfg = Release|Any CPU
		{1524C255-2EE5-4C0C-A64C-56CE39A062E3}.Release|Mixed Platforms.ActiveCfg = Release|Any CPU
		{1524C255-2EE5-4C0C-A64C-56CE39A062E3}.Release|Mixed Platforms.Build.0 = Release|Any CPU
		{1524C255-2EE5-4C0C-A64C-56CE39A062E3}.Release|Windows Phone.ActiveCfg = Release|Any CPU
		{1524C255-2EE5-4C0C-A64C-56CE39A062E3}.Release|x86.ActiveCfg = Release|Any CPU
		{5ED8F316-9B5A-46DB-BDB6-73269D361969}.Debug|Any CPU.ActiveCfg = Debug|Any CPU
		{5ED8F316-9B5A-46DB-BDB6-73269D361969}.Debug|Any CPU.Build.0 = Debug|Any CPU
		{5ED8F316-9B5A-46DB-BDB6-73269D361969}.Debug|ARM.ActiveCfg = Debug|ARM
		{5ED8F316-9B5A-46DB-BDB6-73269D361969}.Debug|ARM.Build.0 = Debug|ARM
		{5ED8F316-9B5A-46DB-BDB6-73269D361969}.Debug|Mixed Platforms.ActiveCfg = Debug|x86
		{5ED8F316-9B5A-46DB-BDB6-73269D361969}.Debug|Mixed Platforms.Build.0 = Debug|x86
		{5ED8F316-9B5A-46DB-BDB6-73269D361969}.Debug|Windows Phone.ActiveCfg = Debug|Any CPU
		{5ED8F316-9B5A-46DB-BDB6-73269D361969}.Debug|x86.ActiveCfg = Debug|x86
		{5ED8F316-9B5A-46DB-BDB6-73269D361969}.Debug|x86.Build.0 = Debug|x86
		{5ED8F316-9B5A-46DB-BDB6-73269D361969}.Release|Any CPU.ActiveCfg = Release|Any CPU
		{5ED8F316-9B5A-46DB-BDB6-73269D361969}.Release|Any CPU.Build.0 = Release|Any CPU
		{5ED8F316-9B5A-46DB-BDB6-73269D361969}.Release|ARM.ActiveCfg = Release|ARM
		{5ED8F316-9B5A-46DB-BDB6-73269D361969}.Release|ARM.Build.0 = Release|ARM
		{5ED8F316-9B5A-46DB-BDB6-73269D361969}.Release|Mixed Platforms.ActiveCfg = Release|x86
		{5ED8F316-9B5A-46DB-BDB6-73269D361969}.Release|Mixed Platforms.Build.0 = Release|x86
		{5ED8F316-9B5A-46DB-BDB6-73269D361969}.Release|Windows Phone.ActiveCfg = Release|Any CPU
		{5ED8F316-9B5A-46DB-BDB6-73269D361969}.Release|x86.ActiveCfg = Release|x86
		{5ED8F316-9B5A-46DB-BDB6-73269D361969}.Release|x86.Build.0 = Release|x86
	EndGlobalSection
	GlobalSection(SolutionProperties) = preSolution
		HideSolutionNode = FALSE
	EndGlobalSection
	GlobalSection(NestedProjects) = preSolution
		{077997FD-A61D-4DC0-B4B0-7429BF9824E8} = {77A86923-AAE9-470C-A04B-9103A962388C}
		{E20DC51A-431E-49F7-8018-53FE0DE80386} = {77A86923-AAE9-470C-A04B-9103A962388C}
		{2F4D2B40-D557-4640-96E1-693D598012A6} = {77A86923-AAE9-470C-A04B-9103A962388C}
		{0E5D28A9-9626-4E4C-AC21-59A15ED79719} = {00817571-839D-49D8-89BC-17652D1D992F}
		{1524C255-2EE5-4C0C-A64C-56CE39A062E3} = {00817571-839D-49D8-89BC-17652D1D992F}
		{5ED8F316-9B5A-46DB-BDB6-73269D361969} = {0E5D28A9-9626-4E4C-AC21-59A15ED79719}
	EndGlobalSection
EndGlobal
