
Microsoft Visual Studio Solution File, Format Version 11.00
# Visual Studio 2010
Project("{2150E333-8FDC-42A3-9474-1A3956D46DE8}") = "Core", "Core", "{A400832E-5CDD-4084-A57A-5D4076C3A21A}"
EndProject
Project("{FAE04EC0-301F-11D3-BF4B-00C04F79EFBC}") = "OsmSharp", "OsmSharp\OsmSharp.csproj", "{95C32F29-5537-4FB7-8C85-B754BC9903A9}"
EndProject
Project("{FAE04EC0-301F-11D3-BF4B-00C04F79EFBC}") = "OsmSharp.Osm", "OsmSharp.Osm\OsmSharp.Osm.csproj", "{249DCEC1-615D-40AA-93FF-BCE2178DFF83}"
EndProject
Project("{FAE04EC0-301F-11D3-BF4B-00C04F79EFBC}") = "OsmSharp.Routing", "OsmSharp.Routing\OsmSharp.Routing.csproj", "{87A55F64-1162-4DF3-8B68-800E66D019EC}"
EndProject
Project("{2150E333-8FDC-42A3-9474-1A3956D46DE8}") = "UI", "UI", "{C44F8A5E-5101-45E9-B7D4-CC9C62E3BC89}"
EndProject
Project("{2150E333-8FDC-42A3-9474-1A3956D46DE8}") = "WinForms", "WinForms", "{EA121473-1062-4EC0-A027-982717892742}"
EndProject
Project("{FAE04EC0-301F-11D3-BF4B-00C04F79EFBC}") = "OsmSharp.WinForms.UI", "OsmSharp.WinForms.UI\OsmSharp.WinForms.UI.csproj", "{1433D177-B342-463C-8128-8399720A35AF}"
EndProject
Project("{FAE04EC0-301F-11D3-BF4B-00C04F79EFBC}") = "OsmSharp.WinForms.UI.Sample", "OsmSharp.WinForms.UI.Sample\OsmSharp.WinForms.UI.Sample.csproj", "{44DF24BF-879E-41D5-84B2-88CD7F560CB6}"
EndProject
Project("{FAE04EC0-301F-11D3-BF4B-00C04F79EFBC}") = "OsmSharp.UI", "OsmSharp.UI\OsmSharp.UI.csproj", "{76BD9027-A67C-4D1B-8439-BE25E533C50D}"
EndProject
Project("{2150E333-8FDC-42A3-9474-1A3956D46DE8}") = "Data", "Data", "{2077896F-7039-42EC-8316-263286837E41}"
EndProject
Project("{FAE04EC0-301F-11D3-BF4B-00C04F79EFBC}") = "OsmSharp.Data.Oracle", "OsmSharp.Data.Oracle\OsmSharp.Data.Oracle.csproj", "{060B01E7-9314-41DD-BC17-65ED9E6A54FE}"
EndProject
Project("{FAE04EC0-301F-11D3-BF4B-00C04F79EFBC}") = "OsmSharp.Data.PostgreSQL", "OsmSharp.Data.PostgreSQL\OsmSharp.Data.PostgreSQL.csproj", "{A4D2E373-A9BD-4872-99A0-904E2E90C96E}"
EndProject
Project("{FAE04EC0-301F-11D3-BF4B-00C04F79EFBC}") = "OsmSharp.Data.SQLServer", "OsmSharp.Data.SQLServer\OsmSharp.Data.SQLServer.csproj", "{269551D7-97AC-464B-930E-1CD338DF790B}"
EndProject
Project("{FAE04EC0-301F-11D3-BF4B-00C04F79EFBC}") = "OsmSharp.Data.SQLite", "OsmSharp.Data.SQLite\OsmSharp.Data.SQLite.csproj", "{5C4BCE30-FBB8-408A-B702-33DFF5CC4A36}"
EndProject
Project("{FAE04EC0-301F-11D3-BF4B-00C04F79EFBC}") = "OsmSharp.Data.Redis", "OsmSharp.Data.Redis\OsmSharp.Data.Redis.csproj", "{9152A85F-61AC-486F-B5F6-E2C969132738}"
EndProject
Project("{FAE04EC0-301F-11D3-BF4B-00C04F79EFBC}") = "OsmSharp.Test.Unittests", "OsmSharp.Test.UnitTests\OsmSharp.Test.Unittests.csproj", "{73BE366F-133A-4C7B-8775-6FA3E7C8452F}"
EndProject
Project("{FAE04EC0-301F-11D3-BF4B-00C04F79EFBC}") = "OsmSharp.Data.Test.Unittests", "OsmSharp.Data.Test.Unittests\OsmSharp.Data.Test.Unittests.csproj", "{EDBF254D-931A-4B3F-8062-56506AA56E1A}"
EndProject
Project("{FAE04EC0-301F-11D3-BF4B-00C04F79EFBC}") = "OsmSharp.UI.Test.Unittests", "OsmSharp.UI.Test.Unittests\OsmSharp.UI.Test.Unittests.csproj", "{0739A23C-1D40-477F-AE7C-38518B499567}"
EndProject
Project("{FAE04EC0-301F-11D3-BF4B-00C04F79EFBC}") = "OsmSharp.WinForms.UI.Test.Unittests", "OsmSharp.WinForms.UI.Test.Unittests\OsmSharp.WinForms.UI.Test.Unittests.csproj", "{B3DF1836-AB05-48A2-87B1-413F549B8F5B}"
EndProject
Project("{2150E333-8FDC-42A3-9474-1A3956D46DE8}") = "Test", "Test", "{1B21D1D3-F11C-40C1-BF1C-D8852908CC53}"
EndProject
Project("{FAE04EC0-301F-11D3-BF4B-00C04F79EFBC}") = "OsmSharp.Test.Performance", "OsmSharp.Test.Performance\OsmSharp.Test.Performance.csproj", "{4BBD434F-58EE-4E40-BE7B-C244B6026804}"
EndProject
Global
	GlobalSection(SolutionConfigurationPlatforms) = preSolution
		Debug|Any CPU = Debug|Any CPU
		Debug|x64 = Debug|x64
		Debug|x86 = Debug|x86
		Release|Any CPU = Release|Any CPU
		Release|x64 = Release|x64
		Release|x86 = Release|x86
	EndGlobalSection
	GlobalSection(ProjectConfigurationPlatforms) = postSolution
		{95C32F29-5537-4FB7-8C85-B754BC9903A9}.Debug|Any CPU.ActiveCfg = Debug|Any CPU
		{95C32F29-5537-4FB7-8C85-B754BC9903A9}.Debug|Any CPU.Build.0 = Debug|Any CPU
		{95C32F29-5537-4FB7-8C85-B754BC9903A9}.Debug|x64.ActiveCfg = Debug|x64
		{95C32F29-5537-4FB7-8C85-B754BC9903A9}.Debug|x64.Build.0 = Debug|x64
		{95C32F29-5537-4FB7-8C85-B754BC9903A9}.Debug|x86.ActiveCfg = Debug|x86
		{95C32F29-5537-4FB7-8C85-B754BC9903A9}.Debug|x86.Build.0 = Debug|x86
		{95C32F29-5537-4FB7-8C85-B754BC9903A9}.Release|Any CPU.ActiveCfg = Release|Any CPU
		{95C32F29-5537-4FB7-8C85-B754BC9903A9}.Release|Any CPU.Build.0 = Release|Any CPU
		{95C32F29-5537-4FB7-8C85-B754BC9903A9}.Release|x64.ActiveCfg = Release|x64
		{95C32F29-5537-4FB7-8C85-B754BC9903A9}.Release|x64.Build.0 = Release|x64
		{95C32F29-5537-4FB7-8C85-B754BC9903A9}.Release|x86.ActiveCfg = Release|x86
		{95C32F29-5537-4FB7-8C85-B754BC9903A9}.Release|x86.Build.0 = Release|x86
		{249DCEC1-615D-40AA-93FF-BCE2178DFF83}.Debug|Any CPU.ActiveCfg = Debug|Any CPU
		{249DCEC1-615D-40AA-93FF-BCE2178DFF83}.Debug|Any CPU.Build.0 = Debug|Any CPU
		{249DCEC1-615D-40AA-93FF-BCE2178DFF83}.Debug|x64.ActiveCfg = Debug|x64
		{249DCEC1-615D-40AA-93FF-BCE2178DFF83}.Debug|x64.Build.0 = Debug|x64
		{249DCEC1-615D-40AA-93FF-BCE2178DFF83}.Debug|x86.ActiveCfg = Debug|x86
		{249DCEC1-615D-40AA-93FF-BCE2178DFF83}.Debug|x86.Build.0 = Debug|x86
		{249DCEC1-615D-40AA-93FF-BCE2178DFF83}.Release|Any CPU.ActiveCfg = Release|Any CPU
		{249DCEC1-615D-40AA-93FF-BCE2178DFF83}.Release|Any CPU.Build.0 = Release|Any CPU
		{249DCEC1-615D-40AA-93FF-BCE2178DFF83}.Release|x64.ActiveCfg = Release|x64
		{249DCEC1-615D-40AA-93FF-BCE2178DFF83}.Release|x64.Build.0 = Release|x64
		{249DCEC1-615D-40AA-93FF-BCE2178DFF83}.Release|x86.ActiveCfg = Release|x86
		{249DCEC1-615D-40AA-93FF-BCE2178DFF83}.Release|x86.Build.0 = Release|x86
		{87A55F64-1162-4DF3-8B68-800E66D019EC}.Debug|Any CPU.ActiveCfg = Debug|Any CPU
		{87A55F64-1162-4DF3-8B68-800E66D019EC}.Debug|Any CPU.Build.0 = Debug|Any CPU
		{87A55F64-1162-4DF3-8B68-800E66D019EC}.Debug|x64.ActiveCfg = Debug|x64
		{87A55F64-1162-4DF3-8B68-800E66D019EC}.Debug|x64.Build.0 = Debug|x64
		{87A55F64-1162-4DF3-8B68-800E66D019EC}.Debug|x86.ActiveCfg = Debug|x86
		{87A55F64-1162-4DF3-8B68-800E66D019EC}.Debug|x86.Build.0 = Debug|x86
		{87A55F64-1162-4DF3-8B68-800E66D019EC}.Release|Any CPU.ActiveCfg = Release|Any CPU
		{87A55F64-1162-4DF3-8B68-800E66D019EC}.Release|Any CPU.Build.0 = Release|Any CPU
		{87A55F64-1162-4DF3-8B68-800E66D019EC}.Release|x64.ActiveCfg = Release|x64
		{87A55F64-1162-4DF3-8B68-800E66D019EC}.Release|x64.Build.0 = Release|x64
		{87A55F64-1162-4DF3-8B68-800E66D019EC}.Release|x86.ActiveCfg = Release|x86
		{87A55F64-1162-4DF3-8B68-800E66D019EC}.Release|x86.Build.0 = Release|x86
		{1433D177-B342-463C-8128-8399720A35AF}.Debug|Any CPU.ActiveCfg = Debug|Any CPU
		{1433D177-B342-463C-8128-8399720A35AF}.Debug|Any CPU.Build.0 = Debug|Any CPU
		{1433D177-B342-463C-8128-8399720A35AF}.Debug|x64.ActiveCfg = Debug|x64
		{1433D177-B342-463C-8128-8399720A35AF}.Debug|x64.Build.0 = Debug|x64
		{1433D177-B342-463C-8128-8399720A35AF}.Debug|x86.ActiveCfg = Debug|x86
		{1433D177-B342-463C-8128-8399720A35AF}.Debug|x86.Build.0 = Debug|x86
		{1433D177-B342-463C-8128-8399720A35AF}.Release|Any CPU.ActiveCfg = Release|Any CPU
		{1433D177-B342-463C-8128-8399720A35AF}.Release|Any CPU.Build.0 = Release|Any CPU
		{1433D177-B342-463C-8128-8399720A35AF}.Release|x64.ActiveCfg = Release|x64
		{1433D177-B342-463C-8128-8399720A35AF}.Release|x64.Build.0 = Release|x64
		{1433D177-B342-463C-8128-8399720A35AF}.Release|x86.ActiveCfg = Release|x86
		{1433D177-B342-463C-8128-8399720A35AF}.Release|x86.Build.0 = Release|x86
		{44DF24BF-879E-41D5-84B2-88CD7F560CB6}.Debug|Any CPU.ActiveCfg = Debug|Any CPU
		{44DF24BF-879E-41D5-84B2-88CD7F560CB6}.Debug|Any CPU.Build.0 = Debug|Any CPU
		{44DF24BF-879E-41D5-84B2-88CD7F560CB6}.Debug|x64.ActiveCfg = Debug|x64
		{44DF24BF-879E-41D5-84B2-88CD7F560CB6}.Debug|x64.Build.0 = Debug|x64
		{44DF24BF-879E-41D5-84B2-88CD7F560CB6}.Debug|x86.ActiveCfg = Debug|x86
		{44DF24BF-879E-41D5-84B2-88CD7F560CB6}.Debug|x86.Build.0 = Debug|x86
		{44DF24BF-879E-41D5-84B2-88CD7F560CB6}.Release|Any CPU.ActiveCfg = Release|Any CPU
		{44DF24BF-879E-41D5-84B2-88CD7F560CB6}.Release|Any CPU.Build.0 = Release|Any CPU
		{44DF24BF-879E-41D5-84B2-88CD7F560CB6}.Release|x64.ActiveCfg = Release|x64
		{44DF24BF-879E-41D5-84B2-88CD7F560CB6}.Release|x64.Build.0 = Release|x64
		{44DF24BF-879E-41D5-84B2-88CD7F560CB6}.Release|x86.ActiveCfg = Release|x86
		{44DF24BF-879E-41D5-84B2-88CD7F560CB6}.Release|x86.Build.0 = Release|x86
		{76BD9027-A67C-4D1B-8439-BE25E533C50D}.Debug|Any CPU.ActiveCfg = Debug|Any CPU
		{76BD9027-A67C-4D1B-8439-BE25E533C50D}.Debug|Any CPU.Build.0 = Debug|Any CPU
		{76BD9027-A67C-4D1B-8439-BE25E533C50D}.Debug|x64.ActiveCfg = Debug|x64
		{76BD9027-A67C-4D1B-8439-BE25E533C50D}.Debug|x64.Build.0 = Debug|x64
		{76BD9027-A67C-4D1B-8439-BE25E533C50D}.Debug|x86.ActiveCfg = Debug|x86
		{76BD9027-A67C-4D1B-8439-BE25E533C50D}.Debug|x86.Build.0 = Debug|x86
		{76BD9027-A67C-4D1B-8439-BE25E533C50D}.Release|Any CPU.ActiveCfg = Release|Any CPU
		{76BD9027-A67C-4D1B-8439-BE25E533C50D}.Release|Any CPU.Build.0 = Release|Any CPU
		{76BD9027-A67C-4D1B-8439-BE25E533C50D}.Release|x64.ActiveCfg = Release|x64
		{76BD9027-A67C-4D1B-8439-BE25E533C50D}.Release|x64.Build.0 = Release|x64
		{76BD9027-A67C-4D1B-8439-BE25E533C50D}.Release|x86.ActiveCfg = Release|x86
		{76BD9027-A67C-4D1B-8439-BE25E533C50D}.Release|x86.Build.0 = Release|x86
		{060B01E7-9314-41DD-BC17-65ED9E6A54FE}.Debug|Any CPU.ActiveCfg = Debug|Any CPU
		{060B01E7-9314-41DD-BC17-65ED9E6A54FE}.Debug|Any CPU.Build.0 = Debug|Any CPU
		{060B01E7-9314-41DD-BC17-65ED9E6A54FE}.Debug|x64.ActiveCfg = Debug|x64
		{060B01E7-9314-41DD-BC17-65ED9E6A54FE}.Debug|x64.Build.0 = Debug|x64
		{060B01E7-9314-41DD-BC17-65ED9E6A54FE}.Debug|x86.ActiveCfg = Debug|x86
		{060B01E7-9314-41DD-BC17-65ED9E6A54FE}.Debug|x86.Build.0 = Debug|x86
		{060B01E7-9314-41DD-BC17-65ED9E6A54FE}.Release|Any CPU.ActiveCfg = Release|Any CPU
		{060B01E7-9314-41DD-BC17-65ED9E6A54FE}.Release|Any CPU.Build.0 = Release|Any CPU
		{060B01E7-9314-41DD-BC17-65ED9E6A54FE}.Release|x64.ActiveCfg = Release|x64
		{060B01E7-9314-41DD-BC17-65ED9E6A54FE}.Release|x64.Build.0 = Release|x64
		{060B01E7-9314-41DD-BC17-65ED9E6A54FE}.Release|x86.ActiveCfg = Release|x86
		{060B01E7-9314-41DD-BC17-65ED9E6A54FE}.Release|x86.Build.0 = Release|x86
		{A4D2E373-A9BD-4872-99A0-904E2E90C96E}.Debug|Any CPU.ActiveCfg = Debug|Any CPU
		{A4D2E373-A9BD-4872-99A0-904E2E90C96E}.Debug|Any CPU.Build.0 = Debug|Any CPU
		{A4D2E373-A9BD-4872-99A0-904E2E90C96E}.Debug|x64.ActiveCfg = Debug|x64
		{A4D2E373-A9BD-4872-99A0-904E2E90C96E}.Debug|x64.Build.0 = Debug|x64
		{A4D2E373-A9BD-4872-99A0-904E2E90C96E}.Debug|x86.ActiveCfg = Debug|x86
		{A4D2E373-A9BD-4872-99A0-904E2E90C96E}.Debug|x86.Build.0 = Debug|x86
		{A4D2E373-A9BD-4872-99A0-904E2E90C96E}.Release|Any CPU.ActiveCfg = Release|Any CPU
		{A4D2E373-A9BD-4872-99A0-904E2E90C96E}.Release|Any CPU.Build.0 = Release|Any CPU
		{A4D2E373-A9BD-4872-99A0-904E2E90C96E}.Release|x64.ActiveCfg = Release|x64
		{A4D2E373-A9BD-4872-99A0-904E2E90C96E}.Release|x64.Build.0 = Release|x64
		{A4D2E373-A9BD-4872-99A0-904E2E90C96E}.Release|x86.ActiveCfg = Release|x86
		{A4D2E373-A9BD-4872-99A0-904E2E90C96E}.Release|x86.Build.0 = Release|x86
		{269551D7-97AC-464B-930E-1CD338DF790B}.Debug|Any CPU.ActiveCfg = Debug|Any CPU
		{269551D7-97AC-464B-930E-1CD338DF790B}.Debug|Any CPU.Build.0 = Debug|Any CPU
		{269551D7-97AC-464B-930E-1CD338DF790B}.Debug|x64.ActiveCfg = Debug|x64
		{269551D7-97AC-464B-930E-1CD338DF790B}.Debug|x64.Build.0 = Debug|x64
		{269551D7-97AC-464B-930E-1CD338DF790B}.Debug|x86.ActiveCfg = Debug|x86
		{269551D7-97AC-464B-930E-1CD338DF790B}.Debug|x86.Build.0 = Debug|x86
		{269551D7-97AC-464B-930E-1CD338DF790B}.Release|Any CPU.ActiveCfg = Release|Any CPU
		{269551D7-97AC-464B-930E-1CD338DF790B}.Release|Any CPU.Build.0 = Release|Any CPU
		{269551D7-97AC-464B-930E-1CD338DF790B}.Release|x64.ActiveCfg = Release|x64
		{269551D7-97AC-464B-930E-1CD338DF790B}.Release|x64.Build.0 = Release|x64
		{269551D7-97AC-464B-930E-1CD338DF790B}.Release|x86.ActiveCfg = Release|x86
		{269551D7-97AC-464B-930E-1CD338DF790B}.Release|x86.Build.0 = Release|x86
		{5C4BCE30-FBB8-408A-B702-33DFF5CC4A36}.Debug|Any CPU.ActiveCfg = Debug|Any CPU
		{5C4BCE30-FBB8-408A-B702-33DFF5CC4A36}.Debug|Any CPU.Build.0 = Debug|Any CPU
		{5C4BCE30-FBB8-408A-B702-33DFF5CC4A36}.Debug|x64.ActiveCfg = Debug|x64
		{5C4BCE30-FBB8-408A-B702-33DFF5CC4A36}.Debug|x64.Build.0 = Debug|x64
		{5C4BCE30-FBB8-408A-B702-33DFF5CC4A36}.Debug|x86.ActiveCfg = Debug|x86
		{5C4BCE30-FBB8-408A-B702-33DFF5CC4A36}.Debug|x86.Build.0 = Debug|x86
		{5C4BCE30-FBB8-408A-B702-33DFF5CC4A36}.Release|Any CPU.ActiveCfg = Release|Any CPU
		{5C4BCE30-FBB8-408A-B702-33DFF5CC4A36}.Release|Any CPU.Build.0 = Release|Any CPU
		{5C4BCE30-FBB8-408A-B702-33DFF5CC4A36}.Release|x64.ActiveCfg = Release|x64
		{5C4BCE30-FBB8-408A-B702-33DFF5CC4A36}.Release|x64.Build.0 = Release|x64
		{5C4BCE30-FBB8-408A-B702-33DFF5CC4A36}.Release|x86.ActiveCfg = Release|x86
		{5C4BCE30-FBB8-408A-B702-33DFF5CC4A36}.Release|x86.Build.0 = Release|x86
		{9152A85F-61AC-486F-B5F6-E2C969132738}.Debug|Any CPU.ActiveCfg = Debug|Any CPU
		{9152A85F-61AC-486F-B5F6-E2C969132738}.Debug|Any CPU.Build.0 = Debug|Any CPU
		{9152A85F-61AC-486F-B5F6-E2C969132738}.Debug|x64.ActiveCfg = Debug|x64
		{9152A85F-61AC-486F-B5F6-E2C969132738}.Debug|x64.Build.0 = Debug|x64
		{9152A85F-61AC-486F-B5F6-E2C969132738}.Debug|x86.ActiveCfg = Debug|x86
		{9152A85F-61AC-486F-B5F6-E2C969132738}.Debug|x86.Build.0 = Debug|x86
		{9152A85F-61AC-486F-B5F6-E2C969132738}.Release|Any CPU.ActiveCfg = Release|Any CPU
		{9152A85F-61AC-486F-B5F6-E2C969132738}.Release|Any CPU.Build.0 = Release|Any CPU
		{9152A85F-61AC-486F-B5F6-E2C969132738}.Release|x64.ActiveCfg = Release|x64
		{9152A85F-61AC-486F-B5F6-E2C969132738}.Release|x64.Build.0 = Release|x64
		{9152A85F-61AC-486F-B5F6-E2C969132738}.Release|x86.ActiveCfg = Release|x86
		{9152A85F-61AC-486F-B5F6-E2C969132738}.Release|x86.Build.0 = Release|x86
		{73BE366F-133A-4C7B-8775-6FA3E7C8452F}.Debug|Any CPU.ActiveCfg = Debug|Any CPU
		{73BE366F-133A-4C7B-8775-6FA3E7C8452F}.Debug|Any CPU.Build.0 = Debug|Any CPU
		{73BE366F-133A-4C7B-8775-6FA3E7C8452F}.Debug|x64.ActiveCfg = Debug|x64
		{73BE366F-133A-4C7B-8775-6FA3E7C8452F}.Debug|x64.Build.0 = Debug|x64
		{73BE366F-133A-4C7B-8775-6FA3E7C8452F}.Debug|x86.ActiveCfg = Debug|x86
		{73BE366F-133A-4C7B-8775-6FA3E7C8452F}.Debug|x86.Build.0 = Debug|x86
		{73BE366F-133A-4C7B-8775-6FA3E7C8452F}.Release|Any CPU.ActiveCfg = Release|Any CPU
		{73BE366F-133A-4C7B-8775-6FA3E7C8452F}.Release|Any CPU.Build.0 = Release|Any CPU
		{73BE366F-133A-4C7B-8775-6FA3E7C8452F}.Release|x64.ActiveCfg = Release|x64
		{73BE366F-133A-4C7B-8775-6FA3E7C8452F}.Release|x64.Build.0 = Release|x64
		{73BE366F-133A-4C7B-8775-6FA3E7C8452F}.Release|x86.ActiveCfg = Release|x86
		{73BE366F-133A-4C7B-8775-6FA3E7C8452F}.Release|x86.Build.0 = Release|x86
		{EDBF254D-931A-4B3F-8062-56506AA56E1A}.Debug|Any CPU.ActiveCfg = Debug|Any CPU
		{EDBF254D-931A-4B3F-8062-56506AA56E1A}.Debug|Any CPU.Build.0 = Debug|Any CPU
		{EDBF254D-931A-4B3F-8062-56506AA56E1A}.Debug|x64.ActiveCfg = Debug|x64
		{EDBF254D-931A-4B3F-8062-56506AA56E1A}.Debug|x64.Build.0 = Debug|x64
		{EDBF254D-931A-4B3F-8062-56506AA56E1A}.Debug|x86.ActiveCfg = Debug|x86
		{EDBF254D-931A-4B3F-8062-56506AA56E1A}.Debug|x86.Build.0 = Debug|x86
		{EDBF254D-931A-4B3F-8062-56506AA56E1A}.Release|Any CPU.ActiveCfg = Release|Any CPU
		{EDBF254D-931A-4B3F-8062-56506AA56E1A}.Release|Any CPU.Build.0 = Release|Any CPU
		{EDBF254D-931A-4B3F-8062-56506AA56E1A}.Release|x64.ActiveCfg = Release|x64
		{EDBF254D-931A-4B3F-8062-56506AA56E1A}.Release|x64.Build.0 = Release|x64
		{EDBF254D-931A-4B3F-8062-56506AA56E1A}.Release|x86.ActiveCfg = Release|x86
		{EDBF254D-931A-4B3F-8062-56506AA56E1A}.Release|x86.Build.0 = Release|x86
		{0739A23C-1D40-477F-AE7C-38518B499567}.Debug|Any CPU.ActiveCfg = Debug|Any CPU
		{0739A23C-1D40-477F-AE7C-38518B499567}.Debug|Any CPU.Build.0 = Debug|Any CPU
		{0739A23C-1D40-477F-AE7C-38518B499567}.Debug|x64.ActiveCfg = Debug|x64
		{0739A23C-1D40-477F-AE7C-38518B499567}.Debug|x64.Build.0 = Debug|x64
		{0739A23C-1D40-477F-AE7C-38518B499567}.Debug|x86.ActiveCfg = Debug|x86
		{0739A23C-1D40-477F-AE7C-38518B499567}.Debug|x86.Build.0 = Debug|x86
		{0739A23C-1D40-477F-AE7C-38518B499567}.Release|Any CPU.ActiveCfg = Release|Any CPU
		{0739A23C-1D40-477F-AE7C-38518B499567}.Release|Any CPU.Build.0 = Release|Any CPU
		{0739A23C-1D40-477F-AE7C-38518B499567}.Release|x64.ActiveCfg = Release|x64
		{0739A23C-1D40-477F-AE7C-38518B499567}.Release|x64.Build.0 = Release|x64
		{0739A23C-1D40-477F-AE7C-38518B499567}.Release|x86.ActiveCfg = Release|x86
		{0739A23C-1D40-477F-AE7C-38518B499567}.Release|x86.Build.0 = Release|x86
		{B3DF1836-AB05-48A2-87B1-413F549B8F5B}.Debug|Any CPU.ActiveCfg = Debug|Any CPU
		{B3DF1836-AB05-48A2-87B1-413F549B8F5B}.Debug|Any CPU.Build.0 = Debug|Any CPU
		{B3DF1836-AB05-48A2-87B1-413F549B8F5B}.Debug|x64.ActiveCfg = Debug|x64
		{B3DF1836-AB05-48A2-87B1-413F549B8F5B}.Debug|x64.Build.0 = Debug|x64
		{B3DF1836-AB05-48A2-87B1-413F549B8F5B}.Debug|x86.ActiveCfg = Debug|x86
		{B3DF1836-AB05-48A2-87B1-413F549B8F5B}.Debug|x86.Build.0 = Debug|x86
		{B3DF1836-AB05-48A2-87B1-413F549B8F5B}.Release|Any CPU.ActiveCfg = Release|Any CPU
		{B3DF1836-AB05-48A2-87B1-413F549B8F5B}.Release|Any CPU.Build.0 = Release|Any CPU
		{B3DF1836-AB05-48A2-87B1-413F549B8F5B}.Release|x64.ActiveCfg = Release|x64
		{B3DF1836-AB05-48A2-87B1-413F549B8F5B}.Release|x64.Build.0 = Release|x64
		{B3DF1836-AB05-48A2-87B1-413F549B8F5B}.Release|x86.ActiveCfg = Release|x86
		{B3DF1836-AB05-48A2-87B1-413F549B8F5B}.Release|x86.Build.0 = Release|x86
		{4BBD434F-58EE-4E40-BE7B-C244B6026804}.Debug|Any CPU.ActiveCfg = Debug|Any CPU
		{4BBD434F-58EE-4E40-BE7B-C244B6026804}.Debug|Any CPU.Build.0 = Debug|Any CPU
		{4BBD434F-58EE-4E40-BE7B-C244B6026804}.Debug|x64.ActiveCfg = Debug|x64
		{4BBD434F-58EE-4E40-BE7B-C244B6026804}.Debug|x64.Build.0 = Debug|x64
		{4BBD434F-58EE-4E40-BE7B-C244B6026804}.Debug|x86.ActiveCfg = Debug|x86
		{4BBD434F-58EE-4E40-BE7B-C244B6026804}.Debug|x86.Build.0 = Debug|x86
		{4BBD434F-58EE-4E40-BE7B-C244B6026804}.Release|Any CPU.ActiveCfg = Release|Any CPU
		{4BBD434F-58EE-4E40-BE7B-C244B6026804}.Release|Any CPU.Build.0 = Release|Any CPU
		{4BBD434F-58EE-4E40-BE7B-C244B6026804}.Release|x64.ActiveCfg = Release|x64
		{4BBD434F-58EE-4E40-BE7B-C244B6026804}.Release|x64.Build.0 = Release|x64
		{4BBD434F-58EE-4E40-BE7B-C244B6026804}.Release|x86.ActiveCfg = Release|x86
		{4BBD434F-58EE-4E40-BE7B-C244B6026804}.Release|x86.Build.0 = Release|x86
	EndGlobalSection
	GlobalSection(SolutionProperties) = preSolution
		HideSolutionNode = FALSE
	EndGlobalSection
	GlobalSection(NestedProjects) = preSolution
		{95C32F29-5537-4FB7-8C85-B754BC9903A9} = {A400832E-5CDD-4084-A57A-5D4076C3A21A}
		{249DCEC1-615D-40AA-93FF-BCE2178DFF83} = {A400832E-5CDD-4084-A57A-5D4076C3A21A}
		{87A55F64-1162-4DF3-8B68-800E66D019EC} = {A400832E-5CDD-4084-A57A-5D4076C3A21A}
		{EA121473-1062-4EC0-A027-982717892742} = {C44F8A5E-5101-45E9-B7D4-CC9C62E3BC89}
		{76BD9027-A67C-4D1B-8439-BE25E533C50D} = {C44F8A5E-5101-45E9-B7D4-CC9C62E3BC89}
		{1433D177-B342-463C-8128-8399720A35AF} = {EA121473-1062-4EC0-A027-982717892742}
		{44DF24BF-879E-41D5-84B2-88CD7F560CB6} = {EA121473-1062-4EC0-A027-982717892742}
		{060B01E7-9314-41DD-BC17-65ED9E6A54FE} = {2077896F-7039-42EC-8316-263286837E41}
		{A4D2E373-A9BD-4872-99A0-904E2E90C96E} = {2077896F-7039-42EC-8316-263286837E41}
		{269551D7-97AC-464B-930E-1CD338DF790B} = {2077896F-7039-42EC-8316-263286837E41}
		{5C4BCE30-FBB8-408A-B702-33DFF5CC4A36} = {2077896F-7039-42EC-8316-263286837E41}
		{9152A85F-61AC-486F-B5F6-E2C969132738} = {2077896F-7039-42EC-8316-263286837E41}
		{EDBF254D-931A-4B3F-8062-56506AA56E1A} = {1B21D1D3-F11C-40C1-BF1C-D8852908CC53}
		{0739A23C-1D40-477F-AE7C-38518B499567} = {1B21D1D3-F11C-40C1-BF1C-D8852908CC53}
		{B3DF1836-AB05-48A2-87B1-413F549B8F5B} = {1B21D1D3-F11C-40C1-BF1C-D8852908CC53}
		{73BE366F-133A-4C7B-8775-6FA3E7C8452F} = {1B21D1D3-F11C-40C1-BF1C-D8852908CC53}
		{4BBD434F-58EE-4E40-BE7B-C244B6026804} = {1B21D1D3-F11C-40C1-BF1C-D8852908CC53}
	EndGlobalSection
	GlobalSection(MonoDevelopProperties) = preSolution
		StartupItem = OsmSharp.WinForms.UI.Sample\OsmSharp.WinForms.UI.Sample.csproj
	EndGlobalSection
EndGlobal
