
Microsoft Visual Studio Solution File, Format Version 11.00
# Visual Studio 2010
Project("{FAE04EC0-301F-11D3-BF4B-00C04F79EFBC}") = "OsmSharp.Osm.Data.SQLServer", "OsmSharp.Osm.Data.SQLServer\OsmSharp.Osm.Data.SQLServer.csproj", "{269551D7-97AC-464B-930E-1CD338DF790B}"
EndProject
Global
	GlobalSection(TeamFoundationVersionControl) = preSolution
		SccNumberOfProjects = 2
		SccEnterpriseProvider = {4CA58AB2-18FA-4F8D-95D4-32DDF27D184C}
		SccTeamFoundationServer = https://tfs.codeplex.com/tfs/tfs22
		SccProjectUniqueName0 = OsmSharp.Osm.Data.SQLServer\\OsmSharp.Osm.Data.SQLServer.csproj
		SccProjectTopLevelParentUniqueName0 = OsmSharp.SQLServer.sln
		SccProjectName0 = OsmSharp.Osm.Data.SQLServer
		SccLocalPath0 = OsmSharp.Osm.Data.SQLServer
		SccLocalPath1 = .
	EndGlobalSection
	GlobalSection(TestCaseManagementSettings) = postSolution
		CategoryFile = OsmSharp.vsmdi
	EndGlobalSection
	GlobalSection(SolutionConfigurationPlatforms) = preSolution
		Debug|Any CPU = Debug|Any CPU
		Debug|x64 = Debug|x64
		Debug|x86 = Debug|x86
		Release x64|Any CPU = Release x64|Any CPU
		Release x64|x64 = Release x64|x64
		Release x64|x86 = Release x64|x86
		Release|Any CPU = Release|Any CPU
		Release|x64 = Release|x64
		Release|x86 = Release|x86
	EndGlobalSection
	GlobalSection(ProjectConfigurationPlatforms) = postSolution
		{269551D7-97AC-464B-930E-1CD338DF790B}.Debug|Any CPU.ActiveCfg = Debug|Any CPU
		{269551D7-97AC-464B-930E-1CD338DF790B}.Debug|Any CPU.Build.0 = Debug|Any CPU
		{269551D7-97AC-464B-930E-1CD338DF790B}.Debug|x64.ActiveCfg = Debug|Any CPU
		{269551D7-97AC-464B-930E-1CD338DF790B}.Debug|x86.ActiveCfg = Debug|Any CPU
		{269551D7-97AC-464B-930E-1CD338DF790B}.Release x64|Any CPU.ActiveCfg = Release|Any CPU
		{269551D7-97AC-464B-930E-1CD338DF790B}.Release x64|Any CPU.Build.0 = Release|Any CPU
		{269551D7-97AC-464B-930E-1CD338DF790B}.Release x64|x64.ActiveCfg = Release|Any CPU
		{269551D7-97AC-464B-930E-1CD338DF790B}.Release x64|x86.ActiveCfg = Release|Any CPU
		{269551D7-97AC-464B-930E-1CD338DF790B}.Release|Any CPU.ActiveCfg = Release|Any CPU
		{269551D7-97AC-464B-930E-1CD338DF790B}.Release|Any CPU.Build.0 = Release|Any CPU
		{269551D7-97AC-464B-930E-1CD338DF790B}.Release|x64.ActiveCfg = Release|Any CPU
		{269551D7-97AC-464B-930E-1CD338DF790B}.Release|x86.ActiveCfg = Release|Any CPU
	EndGlobalSection
	GlobalSection(SolutionProperties) = preSolution
		HideSolutionNode = FALSE
	EndGlobalSection
	GlobalSection(MonoDevelopProperties) = preSolution
		StartupItem = Osm.Routing.Test\Osm.Routing.Test.csproj
		Policies = $0
		$0.DotNetNamingPolicy = $1
		$1.DirectoryNamespaceAssociation = None
		$1.ResourceNamePolicy = FileFormatDefault
	EndGlobalSection
EndGlobal
