
Microsoft Visual Studio Solution File, Format Version 11.00
# Visual Studio 2010
Project("{2150E333-8FDC-42A3-9474-1A3956D46DE8}") = "Osm", "Osm", "{2D0EED20-AFBF-43ED-ADF2-9A5323299DD0}"
EndProject
Project("{FAE04EC0-301F-11D3-BF4B-00C04F79EFBC}") = "OsmSharp.Osm.Core.Android", "OsmSharp.Osm.Core\OsmSharp.Osm.Core.Android.csproj", "{E881DC2A-6738-4F9D-A047-0DF201544C1B}"
EndProject
Project("{FAE04EC0-301F-11D3-BF4B-00C04F79EFBC}") = "OsmSharp.Osm.Data.XML.Android", "OsmSharp.Osm.Data.XML\OsmSharp.Osm.Data.XML.Android.csproj", "{73F80553-539E-48F9-9123-CEE5C419C416}"
EndProject
Project("{FAE04EC0-301F-11D3-BF4B-00C04F79EFBC}") = "OsmSharp.Osm.Data.Core.Android", "OsmSharp.Osm.Data.Core\OsmSharp.Osm.Data.Core.Android.csproj", "{0B62BAD9-02C7-4F0F-B8D1-F7DB4CF2AF05}"
EndProject
Project("{FAE04EC0-301F-11D3-BF4B-00C04F79EFBC}") = "OsmSharp.Osm.Data.PBF.Android", "OsmSharp.Osm.Data.PBF\OsmSharp.Osm.Data.PBF.Android.csproj", "{DDC8A324-390E-4C8F-ACA6-BD9143379DB8}"
EndProject
Project("{2150E333-8FDC-42A3-9474-1A3956D46DE8}") = "Tools", "Tools", "{3F713AF5-4667-41DF-A890-C62C81C74CBA}"
EndProject
Project("{FAE04EC0-301F-11D3-BF4B-00C04F79EFBC}") = "OsmSharp.Tools.Core.Android", "OsmSharp.Tools.Core\OsmSharp.Tools.Core.Android.csproj", "{D4D55F20-ECAD-49CA-8160-3EF9516EC54B}"
EndProject
Project("{FAE04EC0-301F-11D3-BF4B-00C04F79EFBC}") = "OsmSharp.Tools.Xml.Kml.Android", "OsmSharp.Tools.Xml.Kml\OsmSharp.Tools.Xml.Kml.Android.csproj", "{8B419841-1910-49AA-9F52-E2161D8DDFE5}"
EndProject
Project("{FAE04EC0-301F-11D3-BF4B-00C04F79EFBC}") = "OsmSharp.Tools.GeoCoding.Android", "OsmSharp.Tools.GeoCoding\OsmSharp.Tools.GeoCoding.Android.csproj", "{C0CE0AA5-88FD-4543-A4CD-2287FF19E8AC}"
EndProject
Project("{FAE04EC0-301F-11D3-BF4B-00C04F79EFBC}") = "OsmSharp.Tools.Math.AI.Genetic.Android", "OsmSharp.Tools.Math.AI.Genetic\OsmSharp.Tools.Math.AI.Genetic.Android.csproj", "{7DBDED1D-6DC6-485E-9D3B-730B08479C3A}"
EndProject
Project("{FAE04EC0-301F-11D3-BF4B-00C04F79EFBC}") = "OsmSharp.Tools.Math.Android", "OsmSharp.Tools.Math\OsmSharp.Tools.Math.Android.csproj", "{36994A8E-4974-4165-99CA-0F24FBEB2519}"
EndProject
Project("{FAE04EC0-301F-11D3-BF4B-00C04F79EFBC}") = "OsmSharp.Tools.Math.TSP.Android", "OsmSharp.Tools.Math.TSP\OsmSharp.Tools.Math.TSP.Android.csproj", "{5EC7ACFD-5478-43EE-AF90-4B4FA09863C3}"
EndProject
Project("{FAE04EC0-301F-11D3-BF4B-00C04F79EFBC}") = "OsmSharp.Tools.Math.VRP.Core.Android", "OsmSharp.Tools.Math.VRP.Core\OsmSharp.Tools.Math.VRP.Core.Android.csproj", "{ED2721C5-8884-4E4D-990A-EEF8CE44D3FF}"
EndProject
Project("{FAE04EC0-301F-11D3-BF4B-00C04F79EFBC}") = "OsmSharp.Tools.Math.VRP.MultiSalesman.Android", "OsmSharp.Tools.Math.VRP.MultiSalesman\OsmSharp.Tools.Math.VRP.MultiSalesman.Android.csproj", "{94E94EA4-0958-40BB-A77D-80426E09B290}"
EndProject
Project("{FAE04EC0-301F-11D3-BF4B-00C04F79EFBC}") = "OsmSharp.Tools.Xml.Android", "OsmSharp.Tools.Xml\OsmSharp.Tools.Xml.Android.csproj", "{7E0B785A-74E0-4392-A434-600C03825E57}"
EndProject
Project("{FAE04EC0-301F-11D3-BF4B-00C04F79EFBC}") = "OsmSharp.Tools.Xml.Gpx.Android", "OsmSharp.Tools.Xml.Gpx\OsmSharp.Tools.Xml.Gpx.Android.csproj", "{322418C0-DD69-4F3B-A000-5EB45D87C952}"
EndProject
Project("{2150E333-8FDC-42A3-9474-1A3956D46DE8}") = "Routing", "Routing", "{8A48B55B-B005-4349-86F3-D712C9910B92}"
EndProject
Project("{FAE04EC0-301F-11D3-BF4B-00C04F79EFBC}") = "OsmSharp.Routing.Core.Android", "OsmSharp.Routing.Core\OsmSharp.Routing.Core.Android.csproj", "{BE27CB1F-873A-4971-9C84-A81C7DAD04CD}"
EndProject
Project("{FAE04EC0-301F-11D3-BF4B-00C04F79EFBC}") = "OsmSharp.Routing.Core.TSP.Android", "OsmSharp.Routing.Core.TSP\OsmSharp.Routing.Core.TSP.Android.csproj", "{6EED55D5-BA9B-42FF-8B11-81DB7A02C4D9}"
EndProject
Project("{FAE04EC0-301F-11D3-BF4B-00C04F79EFBC}") = "OsmSharp.Routing.Core.VRP.Android", "OsmSharp.Routing.Core.VRP\OsmSharp.Routing.Core.VRP.Android.csproj", "{9E4C2AF7-6AEA-451E-8FC6-8216282D2F29}"
EndProject
Project("{FAE04EC0-301F-11D3-BF4B-00C04F79EFBC}") = "OsmSharp.Routing.CH.Android", "OsmSharp.Routing.CH\OsmSharp.Routing.CH.Android.csproj", "{12258988-89FC-4D79-BD81-51271A37D049}"
EndProject
Project("{FAE04EC0-301F-11D3-BF4B-00C04F79EFBC}") = "OsmSharp.Routing.Instructions.Android", "OsmSharp.Routing.Instructions\OsmSharp.Routing.Instructions.Android.csproj", "{0A6A003C-1BEB-490A-B9E8-29AAB3C08DF6}"
EndProject
Global
	GlobalSection(TeamFoundationVersionControl) = preSolution
		SccNumberOfProjects = 20
		SccEnterpriseProvider = {4CA58AB2-18FA-4F8D-95D4-32DDF27D184C}
		SccTeamFoundationServer = https://tfs.codeplex.com/tfs/tfs22
		SccLocalPath0 = .
		SccProjectUniqueName1 = OsmSharp.Osm.Core\\OsmSharp.Osm.Core.Android.csproj
		SccProjectTopLevelParentUniqueName1 = OsmSharp.Android.sln
		SccProjectName1 = OsmSharp.Osm.Core
		SccLocalPath1 = OsmSharp.Osm.Core
		SccProjectUniqueName2 = OsmSharp.Osm.Data.Core\\OsmSharp.Osm.Data.Core.Android.csproj
		SccProjectTopLevelParentUniqueName2 = OsmSharp.Android.sln
		SccProjectName2 = OsmSharp.Osm.Data.Core
		SccLocalPath2 = OsmSharp.Osm.Data.Core
		SccProjectUniqueName3 = OsmSharp.Osm.Data.PBF\\OsmSharp.Osm.Data.PBF.Android.csproj
		SccProjectTopLevelParentUniqueName3 = OsmSharp.Android.sln
		SccProjectName3 = OsmSharp.Osm.Data.PBF
		SccLocalPath3 = OsmSharp.Osm.Data.PBF
		SccProjectUniqueName4 = OsmSharp.Osm.Data.XML\\OsmSharp.Osm.Data.XML.Android.csproj
		SccProjectTopLevelParentUniqueName4 = OsmSharp.Android.sln
		SccProjectName4 = OsmSharp.Osm.Data.XML
		SccLocalPath4 = OsmSharp.Osm.Data.XML
		SccProjectUniqueName5 = OsmSharp.Routing.CH\\OsmSharp.Routing.CH.Android.csproj
		SccProjectTopLevelParentUniqueName5 = OsmSharp.Android.sln
		SccProjectName5 = OsmSharp.Routing.CH
		SccLocalPath5 = OsmSharp.Routing.CH
		SccProjectUniqueName6 = OsmSharp.Routing.Core.TSP\\OsmSharp.Routing.Core.TSP.Android.csproj
		SccProjectTopLevelParentUniqueName6 = OsmSharp.Android.sln
		SccProjectName6 = OsmSharp.Routing.Core.TSP
		SccLocalPath6 = OsmSharp.Routing.Core.TSP
		SccProjectUniqueName7 = OsmSharp.Routing.Core.VRP\\OsmSharp.Routing.Core.VRP.Android.csproj
		SccProjectTopLevelParentUniqueName7 = OsmSharp.Android.sln
		SccProjectName7 = OsmSharp.Routing.Core.VRP
		SccLocalPath7 = OsmSharp.Routing.Core.VRP
		SccProjectUniqueName8 = OsmSharp.Routing.Core\\OsmSharp.Routing.Core.Android.csproj
		SccProjectTopLevelParentUniqueName8 = OsmSharp.Android.sln
		SccProjectName8 = OsmSharp.Routing.Core
		SccLocalPath8 = OsmSharp.Routing.Core
		SccProjectUniqueName9 = OsmSharp.Routing.Instructions\\OsmSharp.Routing.Instructions.Android.csproj
		SccProjectTopLevelParentUniqueName9 = OsmSharp.Android.sln
		SccProjectName9 = OsmSharp.Routing.Instructions
		SccLocalPath9 = OsmSharp.Routing.Instructions
		SccProjectUniqueName10 = OsmSharp.Tools.Core\\OsmSharp.Tools.Core.Android.csproj
		SccProjectTopLevelParentUniqueName10 = OsmSharp.Android.sln
		SccProjectName10 = OsmSharp.Tools.Core
		SccLocalPath10 = OsmSharp.Tools.Core
		SccProjectUniqueName11 = OsmSharp.Tools.GeoCoding\\OsmSharp.Tools.GeoCoding.Android.csproj
		SccProjectTopLevelParentUniqueName11 = OsmSharp.Android.sln
		SccProjectName11 = OsmSharp.Tools.GeoCoding
		SccLocalPath11 = OsmSharp.Tools.GeoCoding
		SccProjectUniqueName12 = OsmSharp.Tools.Math.AI.Genetic\\OsmSharp.Tools.Math.AI.Genetic.Android.csproj
		SccProjectTopLevelParentUniqueName12 = OsmSharp.Android.sln
		SccProjectName12 = OsmSharp.Tools.Math.AI.Genetic
		SccLocalPath12 = OsmSharp.Tools.Math.AI.Genetic
		SccProjectUniqueName13 = OsmSharp.Tools.Math.TSP\\OsmSharp.Tools.Math.TSP.Android.csproj
		SccProjectTopLevelParentUniqueName13 = OsmSharp.Android.sln
		SccProjectName13 = OsmSharp.Tools.Math.TSP
		SccLocalPath13 = OsmSharp.Tools.Math.TSP
		SccProjectUniqueName14 = OsmSharp.Tools.Math.VRP.Core\\OsmSharp.Tools.Math.VRP.Core.Android.csproj
		SccProjectTopLevelParentUniqueName14 = OsmSharp.Android.sln
		SccProjectName14 = OsmSharp.Tools.Math.VRP.Core
		SccLocalPath14 = OsmSharp.Tools.Math.VRP.Core
		SccProjectUniqueName15 = OsmSharp.Tools.Math.VRP.MultiSalesman\\OsmSharp.Tools.Math.VRP.MultiSalesman.Android.csproj
		SccProjectTopLevelParentUniqueName15 = OsmSharp.Android.sln
		SccProjectName15 = OsmSharp.Tools.Math.VRP.MultiSalesman
		SccLocalPath15 = OsmSharp.Tools.Math.VRP.MultiSalesman
		SccProjectUniqueName16 = OsmSharp.Tools.Math\\OsmSharp.Tools.Math.Android.csproj
		SccProjectTopLevelParentUniqueName16 = OsmSharp.Android.sln
		SccProjectName16 = OsmSharp.Tools.Math
		SccLocalPath16 = OsmSharp.Tools.Math
		SccProjectUniqueName17 = OsmSharp.Tools.Xml.Gpx\\OsmSharp.Tools.Xml.Gpx.Android.csproj
		SccProjectTopLevelParentUniqueName17 = OsmSharp.Android.sln
		SccProjectName17 = OsmSharp.Tools.Xml.Gpx
		SccLocalPath17 = OsmSharp.Tools.Xml.Gpx
		SccProjectUniqueName18 = OsmSharp.Tools.Xml.Kml\\OsmSharp.Tools.Xml.Kml.Android.csproj
		SccProjectTopLevelParentUniqueName18 = OsmSharp.Android.sln
		SccProjectName18 = OsmSharp.Tools.Xml.Kml
		SccLocalPath18 = OsmSharp.Tools.Xml.Kml
		SccProjectUniqueName19 = OsmSharp.Tools.Xml\\OsmSharp.Tools.Xml.Android.csproj
		SccProjectTopLevelParentUniqueName19 = OsmSharp.Android.sln
		SccProjectName19 = OsmSharp.Tools.Xml
		SccLocalPath19 = OsmSharp.Tools.Xml
	EndGlobalSection
	GlobalSection(SolutionConfigurationPlatforms) = preSolution
		Debug|Any CPU = Debug|Any CPU
		Release|Any CPU = Release|Any CPU
	EndGlobalSection
	GlobalSection(ProjectConfigurationPlatforms) = postSolution
		{E881DC2A-6738-4F9D-A047-0DF201544C1B}.Debug|Any CPU.ActiveCfg = Debug|Any CPU
		{E881DC2A-6738-4F9D-A047-0DF201544C1B}.Debug|Any CPU.Build.0 = Debug|Any CPU
		{E881DC2A-6738-4F9D-A047-0DF201544C1B}.Release|Any CPU.ActiveCfg = Release|Any CPU
		{E881DC2A-6738-4F9D-A047-0DF201544C1B}.Release|Any CPU.Build.0 = Release|Any CPU
		{73F80553-539E-48F9-9123-CEE5C419C416}.Debug|Any CPU.ActiveCfg = Debug|Any CPU
		{73F80553-539E-48F9-9123-CEE5C419C416}.Debug|Any CPU.Build.0 = Debug|Any CPU
		{73F80553-539E-48F9-9123-CEE5C419C416}.Release|Any CPU.ActiveCfg = Release|Any CPU
		{73F80553-539E-48F9-9123-CEE5C419C416}.Release|Any CPU.Build.0 = Release|Any CPU
		{0B62BAD9-02C7-4F0F-B8D1-F7DB4CF2AF05}.Debug|Any CPU.ActiveCfg = Debug|Any CPU
		{0B62BAD9-02C7-4F0F-B8D1-F7DB4CF2AF05}.Debug|Any CPU.Build.0 = Debug|Any CPU
		{0B62BAD9-02C7-4F0F-B8D1-F7DB4CF2AF05}.Release|Any CPU.ActiveCfg = Release|Any CPU
		{0B62BAD9-02C7-4F0F-B8D1-F7DB4CF2AF05}.Release|Any CPU.Build.0 = Release|Any CPU
		{DDC8A324-390E-4C8F-ACA6-BD9143379DB8}.Debug|Any CPU.ActiveCfg = Debug|Any CPU
		{DDC8A324-390E-4C8F-ACA6-BD9143379DB8}.Release|Any CPU.ActiveCfg = Release|Any CPU
		{DDC8A324-390E-4C8F-ACA6-BD9143379DB8}.Release|Any CPU.Build.0 = Release|Any CPU
		{D4D55F20-ECAD-49CA-8160-3EF9516EC54B}.Debug|Any CPU.ActiveCfg = Debug|Any CPU
		{D4D55F20-ECAD-49CA-8160-3EF9516EC54B}.Debug|Any CPU.Build.0 = Debug|Any CPU
		{D4D55F20-ECAD-49CA-8160-3EF9516EC54B}.Release|Any CPU.ActiveCfg = Release|Any CPU
		{D4D55F20-ECAD-49CA-8160-3EF9516EC54B}.Release|Any CPU.Build.0 = Release|Any CPU
		{8B419841-1910-49AA-9F52-E2161D8DDFE5}.Debug|Any CPU.ActiveCfg = Debug|Any CPU
		{8B419841-1910-49AA-9F52-E2161D8DDFE5}.Debug|Any CPU.Build.0 = Debug|Any CPU
		{8B419841-1910-49AA-9F52-E2161D8DDFE5}.Release|Any CPU.ActiveCfg = Release|Any CPU
		{8B419841-1910-49AA-9F52-E2161D8DDFE5}.Release|Any CPU.Build.0 = Release|Any CPU
		{C0CE0AA5-88FD-4543-A4CD-2287FF19E8AC}.Debug|Any CPU.ActiveCfg = Debug|Any CPU
		{C0CE0AA5-88FD-4543-A4CD-2287FF19E8AC}.Debug|Any CPU.Build.0 = Debug|Any CPU
		{C0CE0AA5-88FD-4543-A4CD-2287FF19E8AC}.Release|Any CPU.ActiveCfg = Release|Any CPU
		{7DBDED1D-6DC6-485E-9D3B-730B08479C3A}.Debug|Any CPU.ActiveCfg = Debug|Any CPU
		{7DBDED1D-6DC6-485E-9D3B-730B08479C3A}.Debug|Any CPU.Build.0 = Debug|Any CPU
		{7DBDED1D-6DC6-485E-9D3B-730B08479C3A}.Release|Any CPU.ActiveCfg = Release|Any CPU
		{36994A8E-4974-4165-99CA-0F24FBEB2519}.Debug|Any CPU.ActiveCfg = Debug|Any CPU
		{36994A8E-4974-4165-99CA-0F24FBEB2519}.Debug|Any CPU.Build.0 = Debug|Any CPU
		{36994A8E-4974-4165-99CA-0F24FBEB2519}.Release|Any CPU.ActiveCfg = Release|Any CPU
		{5EC7ACFD-5478-43EE-AF90-4B4FA09863C3}.Debug|Any CPU.ActiveCfg = Debug|Any CPU
		{5EC7ACFD-5478-43EE-AF90-4B4FA09863C3}.Debug|Any CPU.Build.0 = Debug|Any CPU
		{5EC7ACFD-5478-43EE-AF90-4B4FA09863C3}.Release|Any CPU.ActiveCfg = Release|Any CPU
		{ED2721C5-8884-4E4D-990A-EEF8CE44D3FF}.Debug|Any CPU.ActiveCfg = Debug|Any CPU
		{ED2721C5-8884-4E4D-990A-EEF8CE44D3FF}.Debug|Any CPU.Build.0 = Debug|Any CPU
		{ED2721C5-8884-4E4D-990A-EEF8CE44D3FF}.Release|Any CPU.ActiveCfg = Release|Any CPU
		{94E94EA4-0958-40BB-A77D-80426E09B290}.Debug|Any CPU.ActiveCfg = Debug|Any CPU
		{94E94EA4-0958-40BB-A77D-80426E09B290}.Debug|Any CPU.Build.0 = Debug|Any CPU
		{94E94EA4-0958-40BB-A77D-80426E09B290}.Release|Any CPU.ActiveCfg = Release|Any CPU
		{7E0B785A-74E0-4392-A434-600C03825E57}.Debug|Any CPU.ActiveCfg = Debug|Any CPU
		{7E0B785A-74E0-4392-A434-600C03825E57}.Debug|Any CPU.Build.0 = Debug|Any CPU
		{7E0B785A-74E0-4392-A434-600C03825E57}.Release|Any CPU.ActiveCfg = Release|Any CPU
		{322418C0-DD69-4F3B-A000-5EB45D87C952}.Debug|Any CPU.ActiveCfg = Debug|Any CPU
		{322418C0-DD69-4F3B-A000-5EB45D87C952}.Debug|Any CPU.Build.0 = Debug|Any CPU
		{322418C0-DD69-4F3B-A000-5EB45D87C952}.Release|Any CPU.ActiveCfg = Release|Any CPU
		{BE27CB1F-873A-4971-9C84-A81C7DAD04CD}.Debug|Any CPU.ActiveCfg = Debug|Any CPU
		{BE27CB1F-873A-4971-9C84-A81C7DAD04CD}.Debug|Any CPU.Build.0 = Debug|Any CPU
		{BE27CB1F-873A-4971-9C84-A81C7DAD04CD}.Release|Any CPU.ActiveCfg = Release|Any CPU
		{BE27CB1F-873A-4971-9C84-A81C7DAD04CD}.Release|Any CPU.Build.0 = Release|Any CPU
		{6EED55D5-BA9B-42FF-8B11-81DB7A02C4D9}.Debug|Any CPU.ActiveCfg = Debug|Any CPU
		{6EED55D5-BA9B-42FF-8B11-81DB7A02C4D9}.Debug|Any CPU.Build.0 = Debug|Any CPU
		{6EED55D5-BA9B-42FF-8B11-81DB7A02C4D9}.Release|Any CPU.ActiveCfg = Release|Any CPU
		{6EED55D5-BA9B-42FF-8B11-81DB7A02C4D9}.Release|Any CPU.Build.0 = Release|Any CPU
		{9E4C2AF7-6AEA-451E-8FC6-8216282D2F29}.Debug|Any CPU.ActiveCfg = Debug|Any CPU
		{9E4C2AF7-6AEA-451E-8FC6-8216282D2F29}.Debug|Any CPU.Build.0 = Debug|Any CPU
		{9E4C2AF7-6AEA-451E-8FC6-8216282D2F29}.Release|Any CPU.ActiveCfg = Release|Any CPU
		{9E4C2AF7-6AEA-451E-8FC6-8216282D2F29}.Release|Any CPU.Build.0 = Release|Any CPU
		{12258988-89FC-4D79-BD81-51271A37D049}.Debug|Any CPU.ActiveCfg = Debug|Any CPU
		{12258988-89FC-4D79-BD81-51271A37D049}.Debug|Any CPU.Build.0 = Debug|Any CPU
		{12258988-89FC-4D79-BD81-51271A37D049}.Release|Any CPU.ActiveCfg = Release|Any CPU
		{12258988-89FC-4D79-BD81-51271A37D049}.Release|Any CPU.Build.0 = Release|Any CPU
		{0A6A003C-1BEB-490A-B9E8-29AAB3C08DF6}.Debug|Any CPU.ActiveCfg = Debug|Any CPU
		{0A6A003C-1BEB-490A-B9E8-29AAB3C08DF6}.Debug|Any CPU.Build.0 = Debug|Any CPU
		{0A6A003C-1BEB-490A-B9E8-29AAB3C08DF6}.Release|Any CPU.ActiveCfg = Release|Any CPU
		{0A6A003C-1BEB-490A-B9E8-29AAB3C08DF6}.Release|Any CPU.Build.0 = Release|Any CPU
	EndGlobalSection
	GlobalSection(SolutionProperties) = preSolution
		HideSolutionNode = FALSE
	EndGlobalSection
	GlobalSection(NestedProjects) = preSolution
		{E881DC2A-6738-4F9D-A047-0DF201544C1B} = {2D0EED20-AFBF-43ED-ADF2-9A5323299DD0}
		{73F80553-539E-48F9-9123-CEE5C419C416} = {2D0EED20-AFBF-43ED-ADF2-9A5323299DD0}
		{0B62BAD9-02C7-4F0F-B8D1-F7DB4CF2AF05} = {2D0EED20-AFBF-43ED-ADF2-9A5323299DD0}
		{DDC8A324-390E-4C8F-ACA6-BD9143379DB8} = {2D0EED20-AFBF-43ED-ADF2-9A5323299DD0}
		{D4D55F20-ECAD-49CA-8160-3EF9516EC54B} = {3F713AF5-4667-41DF-A890-C62C81C74CBA}
		{8B419841-1910-49AA-9F52-E2161D8DDFE5} = {3F713AF5-4667-41DF-A890-C62C81C74CBA}
		{C0CE0AA5-88FD-4543-A4CD-2287FF19E8AC} = {3F713AF5-4667-41DF-A890-C62C81C74CBA}
		{7DBDED1D-6DC6-485E-9D3B-730B08479C3A} = {3F713AF5-4667-41DF-A890-C62C81C74CBA}
		{36994A8E-4974-4165-99CA-0F24FBEB2519} = {3F713AF5-4667-41DF-A890-C62C81C74CBA}
		{5EC7ACFD-5478-43EE-AF90-4B4FA09863C3} = {3F713AF5-4667-41DF-A890-C62C81C74CBA}
		{ED2721C5-8884-4E4D-990A-EEF8CE44D3FF} = {3F713AF5-4667-41DF-A890-C62C81C74CBA}
		{94E94EA4-0958-40BB-A77D-80426E09B290} = {3F713AF5-4667-41DF-A890-C62C81C74CBA}
		{7E0B785A-74E0-4392-A434-600C03825E57} = {3F713AF5-4667-41DF-A890-C62C81C74CBA}
		{322418C0-DD69-4F3B-A000-5EB45D87C952} = {3F713AF5-4667-41DF-A890-C62C81C74CBA}
		{BE27CB1F-873A-4971-9C84-A81C7DAD04CD} = {8A48B55B-B005-4349-86F3-D712C9910B92}
		{6EED55D5-BA9B-42FF-8B11-81DB7A02C4D9} = {8A48B55B-B005-4349-86F3-D712C9910B92}
		{9E4C2AF7-6AEA-451E-8FC6-8216282D2F29} = {8A48B55B-B005-4349-86F3-D712C9910B92}
		{12258988-89FC-4D79-BD81-51271A37D049} = {8A48B55B-B005-4349-86F3-D712C9910B92}
		{0A6A003C-1BEB-490A-B9E8-29AAB3C08DF6} = {8A48B55B-B005-4349-86F3-D712C9910B92}
	EndGlobalSection
	GlobalSection(MonoDevelopProperties) = preSolution
		StartupItem = OsmSharp.Tools.Core\OsmSharp.Tools.Core.Android.csproj
	EndGlobalSection
	GlobalSection(MonoDevelopProperties) = preSolution
		StartupItem = OsmSharp.Tools.Core\OsmSharp.Tools.Core.Android.csproj
	EndGlobalSection
EndGlobal
