
Microsoft Visual Studio Solution File, Format Version 11.00
# Visual Studio 2010
Project("{2150E333-8FDC-42A3-9474-1A3956D46DE8}") = "Solution Items", "Solution Items", "{EE9DED81-D411-4369-9CA5-B212E64A5C1C}"
	ProjectSection(SolutionItems) = preProject
		Local.testsettings = Local.testsettings
		OsmSharp.vsmdi = OsmSharp.vsmdi
		TraceAndTestImpact.testsettings = TraceAndTestImpact.testsettings
	EndProjectSection
EndProject
Project("{FAE04EC0-301F-11D3-BF4B-00C04F79EFBC}") = "OsmSharp.UnitTests", "OsmSharp.UnitTests\OsmSharp.UnitTests.csproj", "{73BE366F-133A-4C7B-8775-6FA3E7C8452F}"
EndProject
Project("{FAE04EC0-301F-11D3-BF4B-00C04F79EFBC}") = "OsmSharp.Osm.Data.Oracle", "OsmSharp.Osm.Data.Oracle\OsmSharp.Osm.Data.Oracle.csproj", "{060B01E7-9314-41DD-BC17-65ED9E6A54FE}"
EndProject
Project("{FAE04EC0-301F-11D3-BF4B-00C04F79EFBC}") = "OsmSharp.Osm.Data.PostgreSQL", "OsmSharp.Osm.Data.PostgreSQL\OsmSharp.Osm.Data.PostgreSQL.csproj", "{A4D2E373-A9BD-4872-99A0-904E2E90C96E}"
EndProject
Project("{FAE04EC0-301F-11D3-BF4B-00C04F79EFBC}") = "OsmSharp.Osm.Data.Processor.Main", "OsmSharp.Osm.Data.Processor.Main\OsmSharp.Osm.Data.Processor.Main.csproj", "{8CCA7694-C52E-40EE-8750-A5FDB240FDBF}"
EndProject
Project("{FAE04EC0-301F-11D3-BF4B-00C04F79EFBC}") = "OsmSharp.Osm.Data.Redis", "OsmSharp.Osm.Data.Redis\OsmSharp.Osm.Data.Redis.csproj", "{9152A85F-61AC-486F-B5F6-E2C969132738}"
EndProject
Project("{FAE04EC0-301F-11D3-BF4B-00C04F79EFBC}") = "OsmSharp.Osm.Data.SQLite", "OsmSharp.Osm.Data.SQLite\OsmSharp.Osm.Data.SQLite.csproj", "{5C4BCE30-FBB8-408A-B702-33DFF5CC4A36}"
EndProject
Project("{FAE04EC0-301F-11D3-BF4B-00C04F79EFBC}") = "OsmSharp.Tools.Benchmark.TSPLIB", "OsmSharp.Tools.Benchmark.TSPLIB\OsmSharp.Tools.Benchmark.TSPLIB.csproj", "{700FC076-57EA-4DA8-ABCD-6CB6C8B012AF}"
EndProject
Project("{FAE04EC0-301F-11D3-BF4B-00C04F79EFBC}") = "OsmSharp.Osm.Routing.Test", "OsmSharp.Osm.Routing.Test\OsmSharp.Osm.Routing.Test.csproj", "{BB016754-882F-49EB-8965-561E5F413498}"
EndProject
Project("{FAE04EC0-301F-11D3-BF4B-00C04F79EFBC}") = "OsmSharp.Tools", "OsmSharp.Tools\OsmSharp.Tools.csproj", "{95C32F29-5537-4FB7-8C85-B754BC9903A9}"
EndProject
Project("{FAE04EC0-301F-11D3-BF4B-00C04F79EFBC}") = "OsmSharp.Osm", "OsmSharp.Osm\OsmSharp.Osm.csproj", "{249DCEC1-615D-40AA-93FF-BCE2178DFF83}"
EndProject
Project("{FAE04EC0-301F-11D3-BF4B-00C04F79EFBC}") = "OsmSharp.Routing", "OsmSharp.Routing\OsmSharp.Routing.csproj", "{87A55F64-1162-4DF3-8B68-800E66D019EC}"
EndProject
Project("{2150E333-8FDC-42A3-9474-1A3956D46DE8}") = "Data", "Data", "{942E2AF8-7192-4D17-8146-36A7250B9854}"
EndProject
Project("{FAE04EC0-301F-11D3-BF4B-00C04F79EFBC}") = "OsmSharp.Osm.Data.SQLServer", "OsmSharp.Osm.Data.SQLServer\OsmSharp.Osm.Data.SQLServer.csproj", "{269551D7-97AC-464B-930E-1CD338DF790B}"
EndProject
Global
	GlobalSection(TeamFoundationVersionControl) = preSolution
		SccNumberOfProjects = 13
		SccEnterpriseProvider = {4CA58AB2-18FA-4F8D-95D4-32DDF27D184C}
		SccTeamFoundationServer = https://tfs.codeplex.com/tfs/tfs22
		SccLocalPath0 = .
		SccProjectUniqueName1 = OsmSharp.Osm.Data.Oracle\\OsmSharp.Osm.Data.Oracle.csproj
		SccProjectTopLevelParentUniqueName1 = OsmSharp.All.sln
		SccProjectName1 = OsmSharp.Osm.Data.Oracle
		SccLocalPath1 = OsmSharp.Osm.Data.Oracle
		SccProjectUniqueName2 = OsmSharp.Osm.Data.PostgreSQL\\OsmSharp.Osm.Data.PostgreSQL.csproj
		SccProjectTopLevelParentUniqueName2 = OsmSharp.All.sln
		SccProjectName2 = OsmSharp.Osm.Data.PostgreSQL
		SccLocalPath2 = OsmSharp.Osm.Data.PostgreSQL
		SccProjectUniqueName3 = OsmSharp.Osm.Data.Processor.Main\\OsmSharp.Osm.Data.Processor.Main.csproj
		SccProjectTopLevelParentUniqueName3 = OsmSharp.All.sln
		SccProjectName3 = OsmSharp.Osm.Data.Processor.Main
		SccLocalPath3 = OsmSharp.Osm.Data.Processor.Main
		SccProjectUniqueName4 = OsmSharp.Osm.Data.Redis\\OsmSharp.Osm.Data.Redis.csproj
		SccProjectTopLevelParentUniqueName4 = OsmSharp.All.sln
		SccProjectName4 = OsmSharp.Osm.Data.Redis
		SccLocalPath4 = OsmSharp.Osm.Data.Redis
		SccProjectUniqueName5 = OsmSharp.Osm.Data.SQLite\\OsmSharp.Osm.Data.SQLite.csproj
		SccProjectTopLevelParentUniqueName5 = OsmSharp.All.sln
		SccProjectName5 = OsmSharp.Osm.Data.SQLite
		SccLocalPath5 = OsmSharp.Osm.Data.SQLite
		SccProjectUniqueName6 = OsmSharp.Osm.Routing.Test\\OsmSharp.Osm.Routing.Test.csproj
		SccProjectName6 = OsmSharp.Osm.Routing.Test
		SccLocalPath6 = OsmSharp.Osm.Routing.Test
		SccProjectUniqueName7 = OsmSharp.Tools.Benchmark.TSPLIB\\OsmSharp.Tools.Benchmark.TSPLIB.csproj
		SccProjectName7 = OsmSharp.Tools.Benchmark.TSPLIB
		SccLocalPath7 = OsmSharp.Tools.Benchmark.TSPLIB
		SccProjectUniqueName8 = OsmSharp.UnitTests\\OsmSharp.UnitTests.csproj
		SccProjectName8 = OsmSharp.UnitTests
		SccLocalPath8 = OsmSharp.UnitTests
		SccProjectUniqueName9 = OsmSharp.Tools\\OsmSharp.Tools.csproj
		SccProjectName9 = OsmSharp.Tools
		SccLocalPath9 = OsmSharp.Tools
		SccProjectUniqueName10 = OsmSharp.Osm\\OsmSharp.Osm.csproj
		SccProjectName10 = OsmSharp.Osm
		SccLocalPath10 = OsmSharp.Osm
		SccProjectUniqueName11 = OsmSharp.Routing\\OsmSharp.Routing.csproj
		SccProjectName11 = OsmSharp.Routing
		SccLocalPath11 = OsmSharp.Routing
		SccProjectUniqueName12 = OsmSharp.Osm.Data.SQLServer\\OsmSharp.Osm.Data.SQLServer.csproj
		SccProjectTopLevelParentUniqueName12 = OsmSharp.All.sln
		SccProjectName12 = OsmSharp.Osm.Data.SQLServer
		SccLocalPath12 = OsmSharp.Osm.Data.SQLServer
	EndGlobalSection
	GlobalSection(TestCaseManagementSettings) = postSolution
		CategoryFile = OsmSharp.vsmdi
	EndGlobalSection
	GlobalSection(SolutionConfigurationPlatforms) = preSolution
		Debug|Any CPU = Debug|Any CPU
		Debug|x64 = Debug|x64
		Debug|x86 = Debug|x86
		Release x64|Any CPU = Release x64|Any CPU
		Release x64|x64 = Release x64|x64
		Release x64|x86 = Release x64|x86
		Release|Any CPU = Release|Any CPU
		Release|x64 = Release|x64
		Release|x86 = Release|x86
	EndGlobalSection
	GlobalSection(ProjectConfigurationPlatforms) = postSolution
		{73BE366F-133A-4C7B-8775-6FA3E7C8452F}.Debug|Any CPU.ActiveCfg = Debug|Any CPU
		{73BE366F-133A-4C7B-8775-6FA3E7C8452F}.Debug|Any CPU.Build.0 = Debug|Any CPU
		{73BE366F-133A-4C7B-8775-6FA3E7C8452F}.Debug|x64.ActiveCfg = Debug|x64
		{73BE366F-133A-4C7B-8775-6FA3E7C8452F}.Debug|x64.Build.0 = Debug|x64
		{73BE366F-133A-4C7B-8775-6FA3E7C8452F}.Debug|x86.ActiveCfg = Debug|x86
		{73BE366F-133A-4C7B-8775-6FA3E7C8452F}.Debug|x86.Build.0 = Debug|x86
		{73BE366F-133A-4C7B-8775-6FA3E7C8452F}.Release x64|Any CPU.ActiveCfg = Release|x86
		{73BE366F-133A-4C7B-8775-6FA3E7C8452F}.Release x64|x64.ActiveCfg = Release|x86
		{73BE366F-133A-4C7B-8775-6FA3E7C8452F}.Release x64|x86.ActiveCfg = Release|x86
		{73BE366F-133A-4C7B-8775-6FA3E7C8452F}.Release x64|x86.Build.0 = Release|x86
		{73BE366F-133A-4C7B-8775-6FA3E7C8452F}.Release|Any CPU.ActiveCfg = Release|Any CPU
		{73BE366F-133A-4C7B-8775-6FA3E7C8452F}.Release|Any CPU.Build.0 = Release|Any CPU
		{73BE366F-133A-4C7B-8775-6FA3E7C8452F}.Release|x64.ActiveCfg = Release|x64
		{73BE366F-133A-4C7B-8775-6FA3E7C8452F}.Release|x64.Build.0 = Release|x64
		{73BE366F-133A-4C7B-8775-6FA3E7C8452F}.Release|x86.ActiveCfg = Release|x86
		{73BE366F-133A-4C7B-8775-6FA3E7C8452F}.Release|x86.Build.0 = Release|x86
		{060B01E7-9314-41DD-BC17-65ED9E6A54FE}.Debug|Any CPU.ActiveCfg = Debug|Any CPU
		{060B01E7-9314-41DD-BC17-65ED9E6A54FE}.Debug|Any CPU.Build.0 = Debug|Any CPU
		{060B01E7-9314-41DD-BC17-65ED9E6A54FE}.Debug|x64.ActiveCfg = Debug|x64
		{060B01E7-9314-41DD-BC17-65ED9E6A54FE}.Debug|x64.Build.0 = Debug|x64
		{060B01E7-9314-41DD-BC17-65ED9E6A54FE}.Debug|x86.ActiveCfg = Debug|x86
		{060B01E7-9314-41DD-BC17-65ED9E6A54FE}.Debug|x86.Build.0 = Debug|x86
		{060B01E7-9314-41DD-BC17-65ED9E6A54FE}.Release x64|Any CPU.ActiveCfg = Release x64|Any CPU
		{060B01E7-9314-41DD-BC17-65ED9E6A54FE}.Release x64|Any CPU.Build.0 = Release x64|Any CPU
		{060B01E7-9314-41DD-BC17-65ED9E6A54FE}.Release x64|x64.ActiveCfg = Release x64|x64
		{060B01E7-9314-41DD-BC17-65ED9E6A54FE}.Release x64|x64.Build.0 = Release x64|x64
		{060B01E7-9314-41DD-BC17-65ED9E6A54FE}.Release x64|x86.ActiveCfg = Release x64|x86
		{060B01E7-9314-41DD-BC17-65ED9E6A54FE}.Release x64|x86.Build.0 = Release x64|x86
		{060B01E7-9314-41DD-BC17-65ED9E6A54FE}.Release|Any CPU.ActiveCfg = Release|Any CPU
		{060B01E7-9314-41DD-BC17-65ED9E6A54FE}.Release|Any CPU.Build.0 = Release|Any CPU
		{060B01E7-9314-41DD-BC17-65ED9E6A54FE}.Release|x64.ActiveCfg = Release|x64
		{060B01E7-9314-41DD-BC17-65ED9E6A54FE}.Release|x64.Build.0 = Release|x64
		{060B01E7-9314-41DD-BC17-65ED9E6A54FE}.Release|x86.ActiveCfg = Release|x86
		{060B01E7-9314-41DD-BC17-65ED9E6A54FE}.Release|x86.Build.0 = Release|x86
		{A4D2E373-A9BD-4872-99A0-904E2E90C96E}.Debug|Any CPU.ActiveCfg = Debug|Any CPU
		{A4D2E373-A9BD-4872-99A0-904E2E90C96E}.Debug|Any CPU.Build.0 = Debug|Any CPU
		{A4D2E373-A9BD-4872-99A0-904E2E90C96E}.Debug|x64.ActiveCfg = Debug|x64
		{A4D2E373-A9BD-4872-99A0-904E2E90C96E}.Debug|x64.Build.0 = Debug|x64
		{A4D2E373-A9BD-4872-99A0-904E2E90C96E}.Debug|x86.ActiveCfg = Debug|x86
		{A4D2E373-A9BD-4872-99A0-904E2E90C96E}.Debug|x86.Build.0 = Debug|x86
		{A4D2E373-A9BD-4872-99A0-904E2E90C96E}.Release x64|Any CPU.ActiveCfg = Release x64|Any CPU
		{A4D2E373-A9BD-4872-99A0-904E2E90C96E}.Release x64|Any CPU.Build.0 = Release x64|Any CPU
		{A4D2E373-A9BD-4872-99A0-904E2E90C96E}.Release x64|x64.ActiveCfg = Release x64|x64
		{A4D2E373-A9BD-4872-99A0-904E2E90C96E}.Release x64|x64.Build.0 = Release x64|x64
		{A4D2E373-A9BD-4872-99A0-904E2E90C96E}.Release x64|x86.ActiveCfg = Release x64|x86
		{A4D2E373-A9BD-4872-99A0-904E2E90C96E}.Release x64|x86.Build.0 = Release x64|x86
		{A4D2E373-A9BD-4872-99A0-904E2E90C96E}.Release|Any CPU.ActiveCfg = Release|Any CPU
		{A4D2E373-A9BD-4872-99A0-904E2E90C96E}.Release|Any CPU.Build.0 = Release|Any CPU
		{A4D2E373-A9BD-4872-99A0-904E2E90C96E}.Release|x64.ActiveCfg = Release|x64
		{A4D2E373-A9BD-4872-99A0-904E2E90C96E}.Release|x64.Build.0 = Release|x64
		{A4D2E373-A9BD-4872-99A0-904E2E90C96E}.Release|x86.ActiveCfg = Release|x86
		{A4D2E373-A9BD-4872-99A0-904E2E90C96E}.Release|x86.Build.0 = Release|x86
		{8CCA7694-C52E-40EE-8750-A5FDB240FDBF}.Debug|Any CPU.ActiveCfg = Debug|Any CPU
		{8CCA7694-C52E-40EE-8750-A5FDB240FDBF}.Debug|Any CPU.Build.0 = Debug|Any CPU
		{8CCA7694-C52E-40EE-8750-A5FDB240FDBF}.Debug|x64.ActiveCfg = Debug|x64
		{8CCA7694-C52E-40EE-8750-A5FDB240FDBF}.Debug|x64.Build.0 = Debug|x64
		{8CCA7694-C52E-40EE-8750-A5FDB240FDBF}.Debug|x86.ActiveCfg = Debug|x86
		{8CCA7694-C52E-40EE-8750-A5FDB240FDBF}.Debug|x86.Build.0 = Debug|x86
		{8CCA7694-C52E-40EE-8750-A5FDB240FDBF}.Release x64|Any CPU.ActiveCfg = Release x64|Any CPU
		{8CCA7694-C52E-40EE-8750-A5FDB240FDBF}.Release x64|Any CPU.Build.0 = Release x64|Any CPU
		{8CCA7694-C52E-40EE-8750-A5FDB240FDBF}.Release x64|x64.ActiveCfg = Release x64|x64
		{8CCA7694-C52E-40EE-8750-A5FDB240FDBF}.Release x64|x64.Build.0 = Release x64|x64
		{8CCA7694-C52E-40EE-8750-A5FDB240FDBF}.Release x64|x86.ActiveCfg = Release x64|x86
		{8CCA7694-C52E-40EE-8750-A5FDB240FDBF}.Release x64|x86.Build.0 = Release x64|x86
		{8CCA7694-C52E-40EE-8750-A5FDB240FDBF}.Release|Any CPU.ActiveCfg = Release|Any CPU
		{8CCA7694-C52E-40EE-8750-A5FDB240FDBF}.Release|Any CPU.Build.0 = Release|Any CPU
		{8CCA7694-C52E-40EE-8750-A5FDB240FDBF}.Release|x64.ActiveCfg = Release|x64
		{8CCA7694-C52E-40EE-8750-A5FDB240FDBF}.Release|x64.Build.0 = Release|x64
		{8CCA7694-C52E-40EE-8750-A5FDB240FDBF}.Release|x86.ActiveCfg = Release|x86
		{8CCA7694-C52E-40EE-8750-A5FDB240FDBF}.Release|x86.Build.0 = Release|x86
		{9152A85F-61AC-486F-B5F6-E2C969132738}.Debug|Any CPU.ActiveCfg = Debug|Any CPU
		{9152A85F-61AC-486F-B5F6-E2C969132738}.Debug|Any CPU.Build.0 = Debug|Any CPU
		{9152A85F-61AC-486F-B5F6-E2C969132738}.Debug|x64.ActiveCfg = Debug|x64
		{9152A85F-61AC-486F-B5F6-E2C969132738}.Debug|x64.Build.0 = Debug|x64
		{9152A85F-61AC-486F-B5F6-E2C969132738}.Debug|x86.ActiveCfg = Debug|x86
		{9152A85F-61AC-486F-B5F6-E2C969132738}.Debug|x86.Build.0 = Debug|x86
		{9152A85F-61AC-486F-B5F6-E2C969132738}.Release x64|Any CPU.ActiveCfg = Release x64|Any CPU
		{9152A85F-61AC-486F-B5F6-E2C969132738}.Release x64|Any CPU.Build.0 = Release x64|Any CPU
		{9152A85F-61AC-486F-B5F6-E2C969132738}.Release x64|x64.ActiveCfg = Release x64|x64
		{9152A85F-61AC-486F-B5F6-E2C969132738}.Release x64|x64.Build.0 = Release x64|x64
		{9152A85F-61AC-486F-B5F6-E2C969132738}.Release x64|x86.ActiveCfg = Release x64|x86
		{9152A85F-61AC-486F-B5F6-E2C969132738}.Release x64|x86.Build.0 = Release x64|x86
		{9152A85F-61AC-486F-B5F6-E2C969132738}.Release|Any CPU.ActiveCfg = Release|Any CPU
		{9152A85F-61AC-486F-B5F6-E2C969132738}.Release|Any CPU.Build.0 = Release|Any CPU
		{9152A85F-61AC-486F-B5F6-E2C969132738}.Release|x64.ActiveCfg = Release|x64
		{9152A85F-61AC-486F-B5F6-E2C969132738}.Release|x64.Build.0 = Release|x64
		{9152A85F-61AC-486F-B5F6-E2C969132738}.Release|x86.ActiveCfg = Release|x86
		{9152A85F-61AC-486F-B5F6-E2C969132738}.Release|x86.Build.0 = Release|x86
		{5C4BCE30-FBB8-408A-B702-33DFF5CC4A36}.Debug|Any CPU.ActiveCfg = Debug|Any CPU
		{5C4BCE30-FBB8-408A-B702-33DFF5CC4A36}.Debug|Any CPU.Build.0 = Debug|Any CPU
		{5C4BCE30-FBB8-408A-B702-33DFF5CC4A36}.Debug|x64.ActiveCfg = Debug|x64
		{5C4BCE30-FBB8-408A-B702-33DFF5CC4A36}.Debug|x64.Build.0 = Debug|x64
		{5C4BCE30-FBB8-408A-B702-33DFF5CC4A36}.Debug|x86.ActiveCfg = Debug|x86
		{5C4BCE30-FBB8-408A-B702-33DFF5CC4A36}.Debug|x86.Build.0 = Debug|x86
		{5C4BCE30-FBB8-408A-B702-33DFF5CC4A36}.Release x64|Any CPU.ActiveCfg = Release|x86
		{5C4BCE30-FBB8-408A-B702-33DFF5CC4A36}.Release x64|x64.ActiveCfg = Release|x86
		{5C4BCE30-FBB8-408A-B702-33DFF5CC4A36}.Release x64|x86.ActiveCfg = Release|x86
		{5C4BCE30-FBB8-408A-B702-33DFF5CC4A36}.Release x64|x86.Build.0 = Release|x86
		{5C4BCE30-FBB8-408A-B702-33DFF5CC4A36}.Release|Any CPU.ActiveCfg = Release|Any CPU
		{5C4BCE30-FBB8-408A-B702-33DFF5CC4A36}.Release|Any CPU.Build.0 = Release|Any CPU
		{5C4BCE30-FBB8-408A-B702-33DFF5CC4A36}.Release|x64.ActiveCfg = Release|x64
		{5C4BCE30-FBB8-408A-B702-33DFF5CC4A36}.Release|x64.Build.0 = Release|x64
		{5C4BCE30-FBB8-408A-B702-33DFF5CC4A36}.Release|x86.ActiveCfg = Release|x86
		{5C4BCE30-FBB8-408A-B702-33DFF5CC4A36}.Release|x86.Build.0 = Release|x86
		{700FC076-57EA-4DA8-ABCD-6CB6C8B012AF}.Debug|Any CPU.ActiveCfg = Debug|Any CPU
		{700FC076-57EA-4DA8-ABCD-6CB6C8B012AF}.Debug|Any CPU.Build.0 = Debug|Any CPU
		{700FC076-57EA-4DA8-ABCD-6CB6C8B012AF}.Debug|x64.ActiveCfg = Debug|x64
		{700FC076-57EA-4DA8-ABCD-6CB6C8B012AF}.Debug|x64.Build.0 = Debug|x64
		{700FC076-57EA-4DA8-ABCD-6CB6C8B012AF}.Debug|x86.ActiveCfg = Debug|x86
		{700FC076-57EA-4DA8-ABCD-6CB6C8B012AF}.Debug|x86.Build.0 = Debug|x86
		{700FC076-57EA-4DA8-ABCD-6CB6C8B012AF}.Release x64|Any CPU.ActiveCfg = Release x64|Any CPU
		{700FC076-57EA-4DA8-ABCD-6CB6C8B012AF}.Release x64|Any CPU.Build.0 = Release x64|Any CPU
		{700FC076-57EA-4DA8-ABCD-6CB6C8B012AF}.Release x64|x64.ActiveCfg = Release x64|x64
		{700FC076-57EA-4DA8-ABCD-6CB6C8B012AF}.Release x64|x64.Build.0 = Release x64|x64
		{700FC076-57EA-4DA8-ABCD-6CB6C8B012AF}.Release x64|x86.ActiveCfg = Release x64|x86
		{700FC076-57EA-4DA8-ABCD-6CB6C8B012AF}.Release x64|x86.Build.0 = Release x64|x86
		{700FC076-57EA-4DA8-ABCD-6CB6C8B012AF}.Release|Any CPU.ActiveCfg = Release|Any CPU
		{700FC076-57EA-4DA8-ABCD-6CB6C8B012AF}.Release|Any CPU.Build.0 = Release|Any CPU
		{700FC076-57EA-4DA8-ABCD-6CB6C8B012AF}.Release|x64.ActiveCfg = Release|x64
		{700FC076-57EA-4DA8-ABCD-6CB6C8B012AF}.Release|x64.Build.0 = Release|x64
		{700FC076-57EA-4DA8-ABCD-6CB6C8B012AF}.Release|x86.ActiveCfg = Release|x86
		{700FC076-57EA-4DA8-ABCD-6CB6C8B012AF}.Release|x86.Build.0 = Release|x86
		{BB016754-882F-49EB-8965-561E5F413498}.Debug|Any CPU.ActiveCfg = Debug|Any CPU
		{BB016754-882F-49EB-8965-561E5F413498}.Debug|Any CPU.Build.0 = Debug|Any CPU
		{BB016754-882F-49EB-8965-561E5F413498}.Debug|x64.ActiveCfg = Debug|x64
		{BB016754-882F-49EB-8965-561E5F413498}.Debug|x64.Build.0 = Debug|x64
		{BB016754-882F-49EB-8965-561E5F413498}.Debug|x86.ActiveCfg = Debug|x86
		{BB016754-882F-49EB-8965-561E5F413498}.Debug|x86.Build.0 = Debug|x86
		{BB016754-882F-49EB-8965-561E5F413498}.Release x64|Any CPU.ActiveCfg = Release x64|Any CPU
		{BB016754-882F-49EB-8965-561E5F413498}.Release x64|Any CPU.Build.0 = Release x64|Any CPU
		{BB016754-882F-49EB-8965-561E5F413498}.Release x64|x64.ActiveCfg = Release x64|x64
		{BB016754-882F-49EB-8965-561E5F413498}.Release x64|x64.Build.0 = Release x64|x64
		{BB016754-882F-49EB-8965-561E5F413498}.Release x64|x86.ActiveCfg = Release x64|x86
		{BB016754-882F-49EB-8965-561E5F413498}.Release x64|x86.Build.0 = Release x64|x86
		{BB016754-882F-49EB-8965-561E5F413498}.Release|Any CPU.ActiveCfg = Release|Any CPU
		{BB016754-882F-49EB-8965-561E5F413498}.Release|Any CPU.Build.0 = Release|Any CPU
		{BB016754-882F-49EB-8965-561E5F413498}.Release|x64.ActiveCfg = Release|x64
		{BB016754-882F-49EB-8965-561E5F413498}.Release|x64.Build.0 = Release|x64
		{BB016754-882F-49EB-8965-561E5F413498}.Release|x86.ActiveCfg = Release|x86
		{BB016754-882F-49EB-8965-561E5F413498}.Release|x86.Build.0 = Release|x86
		{95C32F29-5537-4FB7-8C85-B754BC9903A9}.Debug|Any CPU.ActiveCfg = Debug|Any CPU
		{95C32F29-5537-4FB7-8C85-B754BC9903A9}.Debug|Any CPU.Build.0 = Debug|Any CPU
		{95C32F29-5537-4FB7-8C85-B754BC9903A9}.Debug|x64.ActiveCfg = Debug|x64
		{95C32F29-5537-4FB7-8C85-B754BC9903A9}.Debug|x64.Build.0 = Debug|x64
		{95C32F29-5537-4FB7-8C85-B754BC9903A9}.Debug|x86.ActiveCfg = Debug|x86
		{95C32F29-5537-4FB7-8C85-B754BC9903A9}.Debug|x86.Build.0 = Debug|x86
		{95C32F29-5537-4FB7-8C85-B754BC9903A9}.Release x64|Any CPU.ActiveCfg = Release x64|Any CPU
		{95C32F29-5537-4FB7-8C85-B754BC9903A9}.Release x64|Any CPU.Build.0 = Release x64|Any CPU
		{95C32F29-5537-4FB7-8C85-B754BC9903A9}.Release x64|x64.ActiveCfg = Release x64|x64
		{95C32F29-5537-4FB7-8C85-B754BC9903A9}.Release x64|x64.Build.0 = Release x64|x64
		{95C32F29-5537-4FB7-8C85-B754BC9903A9}.Release x64|x86.ActiveCfg = Release x64|x86
		{95C32F29-5537-4FB7-8C85-B754BC9903A9}.Release x64|x86.Build.0 = Release x64|x86
		{95C32F29-5537-4FB7-8C85-B754BC9903A9}.Release|Any CPU.ActiveCfg = Release|Any CPU
		{95C32F29-5537-4FB7-8C85-B754BC9903A9}.Release|Any CPU.Build.0 = Release|Any CPU
		{95C32F29-5537-4FB7-8C85-B754BC9903A9}.Release|x64.ActiveCfg = Release|x64
		{95C32F29-5537-4FB7-8C85-B754BC9903A9}.Release|x64.Build.0 = Release|x64
		{95C32F29-5537-4FB7-8C85-B754BC9903A9}.Release|x86.ActiveCfg = Release|x86
		{95C32F29-5537-4FB7-8C85-B754BC9903A9}.Release|x86.Build.0 = Release|x86
		{249DCEC1-615D-40AA-93FF-BCE2178DFF83}.Debug|Any CPU.ActiveCfg = Debug|Any CPU
		{249DCEC1-615D-40AA-93FF-BCE2178DFF83}.Debug|Any CPU.Build.0 = Debug|Any CPU
		{249DCEC1-615D-40AA-93FF-BCE2178DFF83}.Debug|x64.ActiveCfg = Debug|x64
		{249DCEC1-615D-40AA-93FF-BCE2178DFF83}.Debug|x64.Build.0 = Debug|x64
		{249DCEC1-615D-40AA-93FF-BCE2178DFF83}.Debug|x86.ActiveCfg = Debug|x86
		{249DCEC1-615D-40AA-93FF-BCE2178DFF83}.Debug|x86.Build.0 = Debug|x86
		{249DCEC1-615D-40AA-93FF-BCE2178DFF83}.Release x64|Any CPU.ActiveCfg = Release x64|Any CPU
		{249DCEC1-615D-40AA-93FF-BCE2178DFF83}.Release x64|Any CPU.Build.0 = Release x64|Any CPU
		{249DCEC1-615D-40AA-93FF-BCE2178DFF83}.Release x64|x64.ActiveCfg = Release x64|x64
		{249DCEC1-615D-40AA-93FF-BCE2178DFF83}.Release x64|x64.Build.0 = Release x64|x64
		{249DCEC1-615D-40AA-93FF-BCE2178DFF83}.Release x64|x86.ActiveCfg = Release x64|x86
		{249DCEC1-615D-40AA-93FF-BCE2178DFF83}.Release x64|x86.Build.0 = Release x64|x86
		{249DCEC1-615D-40AA-93FF-BCE2178DFF83}.Release|Any CPU.ActiveCfg = Release|Any CPU
		{249DCEC1-615D-40AA-93FF-BCE2178DFF83}.Release|Any CPU.Build.0 = Release|Any CPU
		{249DCEC1-615D-40AA-93FF-BCE2178DFF83}.Release|x64.ActiveCfg = Release|x64
		{249DCEC1-615D-40AA-93FF-BCE2178DFF83}.Release|x64.Build.0 = Release|x64
		{249DCEC1-615D-40AA-93FF-BCE2178DFF83}.Release|x86.ActiveCfg = Release|x86
		{249DCEC1-615D-40AA-93FF-BCE2178DFF83}.Release|x86.Build.0 = Release|x86
		{87A55F64-1162-4DF3-8B68-800E66D019EC}.Debug|Any CPU.ActiveCfg = Debug|Any CPU
		{87A55F64-1162-4DF3-8B68-800E66D019EC}.Debug|Any CPU.Build.0 = Debug|Any CPU
		{87A55F64-1162-4DF3-8B68-800E66D019EC}.Debug|x64.ActiveCfg = Debug|x64
		{87A55F64-1162-4DF3-8B68-800E66D019EC}.Debug|x64.Build.0 = Debug|x64
		{87A55F64-1162-4DF3-8B68-800E66D019EC}.Debug|x86.ActiveCfg = Debug|x86
		{87A55F64-1162-4DF3-8B68-800E66D019EC}.Debug|x86.Build.0 = Debug|x86
		{87A55F64-1162-4DF3-8B68-800E66D019EC}.Release x64|Any CPU.ActiveCfg = Release x64|Any CPU
		{87A55F64-1162-4DF3-8B68-800E66D019EC}.Release x64|Any CPU.Build.0 = Release x64|Any CPU
		{87A55F64-1162-4DF3-8B68-800E66D019EC}.Release x64|x64.ActiveCfg = Release x64|x64
		{87A55F64-1162-4DF3-8B68-800E66D019EC}.Release x64|x64.Build.0 = Release x64|x64
		{87A55F64-1162-4DF3-8B68-800E66D019EC}.Release x64|x86.ActiveCfg = Release x64|x86
		{87A55F64-1162-4DF3-8B68-800E66D019EC}.Release x64|x86.Build.0 = Release x64|x86
		{87A55F64-1162-4DF3-8B68-800E66D019EC}.Release|Any CPU.ActiveCfg = Release|Any CPU
		{87A55F64-1162-4DF3-8B68-800E66D019EC}.Release|Any CPU.Build.0 = Release|Any CPU
		{87A55F64-1162-4DF3-8B68-800E66D019EC}.Release|x64.ActiveCfg = Release|x64
		{87A55F64-1162-4DF3-8B68-800E66D019EC}.Release|x64.Build.0 = Release|x64
		{87A55F64-1162-4DF3-8B68-800E66D019EC}.Release|x86.ActiveCfg = Release|x86
		{87A55F64-1162-4DF3-8B68-800E66D019EC}.Release|x86.Build.0 = Release|x86
		{269551D7-97AC-464B-930E-1CD338DF790B}.Debug|Any CPU.ActiveCfg = Debug|Any CPU
		{269551D7-97AC-464B-930E-1CD338DF790B}.Debug|Any CPU.Build.0 = Debug|Any CPU
		{269551D7-97AC-464B-930E-1CD338DF790B}.Debug|x64.ActiveCfg = Debug|Any CPU
		{269551D7-97AC-464B-930E-1CD338DF790B}.Debug|x86.ActiveCfg = Debug|Any CPU
		{269551D7-97AC-464B-930E-1CD338DF790B}.Release x64|Any CPU.ActiveCfg = Release|Any CPU
		{269551D7-97AC-464B-930E-1CD338DF790B}.Release x64|Any CPU.Build.0 = Release|Any CPU
		{269551D7-97AC-464B-930E-1CD338DF790B}.Release x64|x64.ActiveCfg = Release|Any CPU
		{269551D7-97AC-464B-930E-1CD338DF790B}.Release x64|x86.ActiveCfg = Release|Any CPU
		{269551D7-97AC-464B-930E-1CD338DF790B}.Release|Any CPU.ActiveCfg = Release|Any CPU
		{269551D7-97AC-464B-930E-1CD338DF790B}.Release|Any CPU.Build.0 = Release|Any CPU
		{269551D7-97AC-464B-930E-1CD338DF790B}.Release|x64.ActiveCfg = Release|Any CPU
		{269551D7-97AC-464B-930E-1CD338DF790B}.Release|x86.ActiveCfg = Release|Any CPU
	EndGlobalSection
	GlobalSection(SolutionProperties) = preSolution
		HideSolutionNode = FALSE
	EndGlobalSection
	GlobalSection(NestedProjects) = preSolution
		{A4D2E373-A9BD-4872-99A0-904E2E90C96E} = {942E2AF8-7192-4D17-8146-36A7250B9854}
		{8CCA7694-C52E-40EE-8750-A5FDB240FDBF} = {942E2AF8-7192-4D17-8146-36A7250B9854}
		{9152A85F-61AC-486F-B5F6-E2C969132738} = {942E2AF8-7192-4D17-8146-36A7250B9854}
		{5C4BCE30-FBB8-408A-B702-33DFF5CC4A36} = {942E2AF8-7192-4D17-8146-36A7250B9854}
		{060B01E7-9314-41DD-BC17-65ED9E6A54FE} = {942E2AF8-7192-4D17-8146-36A7250B9854}
		{269551D7-97AC-464B-930E-1CD338DF790B} = {942E2AF8-7192-4D17-8146-36A7250B9854}
	EndGlobalSection
	GlobalSection(MonoDevelopProperties) = preSolution
		StartupItem = Osm.Routing.Test\Osm.Routing.Test.csproj
		Policies = $0
		$0.DotNetNamingPolicy = $1
		$1.DirectoryNamespaceAssociation = None
		$1.ResourceNamePolicy = FileFormatDefault
	EndGlobalSection
EndGlobal
