
Microsoft Visual Studio Solution File, Format Version 11.00
# Visual Studio 2010
Project("{FAE04EC0-301F-11D3-BF4B-00C04F79EFBC}") = "OsmSharp.Tools.Android", "OsmSharp.Tools\OsmSharp.Tools.Android.csproj", "{D3B6EFCE-9B3C-428E-BAE7-135897887070}"
EndProject
Project("{FAE04EC0-301F-11D3-BF4B-00C04F79EFBC}") = "OsmSharp.Osm.Android", "OsmSharp.Osm\OsmSharp.Osm.Android.csproj", "{E881DC2A-6738-4F9D-A047-0DF201544C1B}"
EndProject
Project("{FAE04EC0-301F-11D3-BF4B-00C04F79EFBC}") = "OsmSharp.Routing.Android", "OsmSharp.Routing\OsmSharp.Routing.Android.csproj", "{BE27CB1F-873A-4971-9C84-A81C7DAD04CD}"
EndProject
Global
	GlobalSection(SolutionConfigurationPlatforms) = preSolution
		Debug|Any CPU = Debug|Any CPU
		Release|Any CPU = Release|Any CPU
	EndGlobalSection
	GlobalSection(ProjectConfigurationPlatforms) = postSolution
		{D3B6EFCE-9B3C-428E-BAE7-135897887070}.Debug|Any CPU.ActiveCfg = Debug|Any CPU
		{D3B6EFCE-9B3C-428E-BAE7-135897887070}.Debug|Any CPU.Build.0 = Debug|Any CPU
		{D3B6EFCE-9B3C-428E-BAE7-135897887070}.Release|Any CPU.ActiveCfg = Release|Any CPU
		{D3B6EFCE-9B3C-428E-BAE7-135897887070}.Release|Any CPU.Build.0 = Release|Any CPU
		{E881DC2A-6738-4F9D-A047-0DF201544C1B}.Debug|Any CPU.ActiveCfg = Debug|Any CPU
		{E881DC2A-6738-4F9D-A047-0DF201544C1B}.Debug|Any CPU.Build.0 = Debug|Any CPU
		{E881DC2A-6738-4F9D-A047-0DF201544C1B}.Release|Any CPU.ActiveCfg = Release|Any CPU
		{E881DC2A-6738-4F9D-A047-0DF201544C1B}.Release|Any CPU.Build.0 = Release|Any CPU
		{BE27CB1F-873A-4971-9C84-A81C7DAD04CD}.Debug|Any CPU.ActiveCfg = Debug|Any CPU
		{BE27CB1F-873A-4971-9C84-A81C7DAD04CD}.Debug|Any CPU.Build.0 = Debug|Any CPU
		{BE27CB1F-873A-4971-9C84-A81C7DAD04CD}.Release|Any CPU.ActiveCfg = Release|Any CPU
		{BE27CB1F-873A-4971-9C84-A81C7DAD04CD}.Release|Any CPU.Build.0 = Release|Any CPU
	EndGlobalSection
	GlobalSection(SolutionProperties) = preSolution
		HideSolutionNode = FALSE
	EndGlobalSection
	GlobalSection(MonoDevelopProperties) = preSolution
		StartupItem = OsmSharp.Tools.Core\OsmSharp.Tools.Core.Android.csproj
	EndGlobalSection
	GlobalSection(MonoDevelopProperties) = preSolution
		StartupItem = OsmSharp.Tools.Core\OsmSharp.Tools.Core.Android.csproj
	EndGlobalSection
	GlobalSection(MonoDevelopProperties) = preSolution
		StartupItem = OsmSharp.Tools.Core\OsmSharp.Tools.Core.Android.csproj
	EndGlobalSection
	GlobalSection(MonoDevelopProperties) = preSolution
		StartupItem = OsmSharp.Tools.Core\OsmSharp.Tools.Core.Android.csproj
	EndGlobalSection
EndGlobal
